{
  "version": 4,
  "terraform_version": "1.3.0",
  "serial": 791,
  "lineage": "a1b1f60c-cb14-6fd4-43b7-38fd5738bd15",
  "outputs": {
    "hello-world": {
      "value": "Hello World",
      "type": "string"
    },
    "vpc_id": {
      "value": "vpc-007caabbb71f6f8f2",
      "type": "string"
    },
    "vpc_information": {
      "value": "Your demo_environment VPC has an ID of vpc-007caabbb71f6f8f2",
      "type": "string"
    }
  },
  "resources": [
    {
      "mode": "data",
      "type": "aws_ami",
      "name": "ubuntu_22_04",
      "provider": "provider[\"registry.terraform.io/hashicorp/aws\"]",
      "instances": [
        {
          "schema_version": 0,
          "attributes": {
            "architecture": "x86_64",
            "arn": "arn:aws:ec2:us-east-1::image/ami-0e001c9271cf7f3b9",
            "block_device_mappings": [
              {
                "device_name": "/dev/sda1",
                "ebs": {
                  "delete_on_termination": "true",
                  "encrypted": "false",
                  "iops": "0",
                  "snapshot_id": "snap-0380f0f1767077d42",
                  "throughput": "0",
                  "volume_size": "8",
                  "volume_type": "gp2"
                },
                "no_device": "",
                "virtual_name": ""
              },
              {
                "device_name": "/dev/sdb",
                "ebs": {},
                "no_device": "",
                "virtual_name": "ephemeral0"
              },
              {
                "device_name": "/dev/sdc",
                "ebs": {},
                "no_device": "",
                "virtual_name": "ephemeral1"
              }
            ],
            "creation_date": "2024-04-11T02:44:52.000Z",
            "description": "Canonical, Ubuntu, 22.04 LTS, amd64 jammy image build on 2024-04-11",
            "ena_support": true,
            "executable_users": null,
            "filter": [
              {
                "name": "name",
                "values": [
                  "ubuntu/images/hvm-ssd/ubuntu-jammy-22.04-amd64-server-*"
                ]
              }
            ],
            "hypervisor": "xen",
            "id": "ami-0e001c9271cf7f3b9",
            "image_id": "ami-0e001c9271cf7f3b9",
            "image_location": "amazon/ubuntu/images/hvm-ssd/ubuntu-jammy-22.04-amd64-server-20240411",
            "image_owner_alias": "amazon",
            "image_type": "machine",
            "kernel_id": null,
            "most_recent": true,
            "name": "ubuntu/images/hvm-ssd/ubuntu-jammy-22.04-amd64-server-20240411",
            "name_regex": null,
            "owner_id": "099720109477",
            "owners": [
              "099720109477"
            ],
            "platform": null,
            "platform_details": "Linux/UNIX",
            "product_codes": [],
            "public": true,
            "ramdisk_id": null,
            "root_device_name": "/dev/sda1",
            "root_device_type": "ebs",
            "root_snapshot_id": "snap-0380f0f1767077d42",
            "sriov_net_support": "simple",
            "state": "available",
            "state_reason": {
              "code": "UNSET",
              "message": "UNSET"
            },
            "tags": {},
            "usage_operation": "RunInstances",
            "virtualization_type": "hvm"
          },
          "sensitive_attributes": []
        }
      ]
    },
    {
      "mode": "data",
      "type": "aws_availability_zones",
      "name": "available",
      "provider": "provider[\"registry.terraform.io/hashicorp/aws\"]",
      "instances": [
        {
          "schema_version": 0,
          "attributes": {
            "all_availability_zones": null,
            "exclude_names": null,
            "exclude_zone_ids": null,
            "filter": null,
            "group_names": [
              "us-east-1"
            ],
            "id": "us-east-1",
            "names": [
              "us-east-1a",
              "us-east-1b",
              "us-east-1c",
              "us-east-1d",
              "us-east-1e",
              "us-east-1f"
            ],
            "state": null,
            "zone_ids": [
              "use1-az1",
              "use1-az2",
              "use1-az4",
              "use1-az6",
              "use1-az3",
              "use1-az5"
            ]
          },
          "sensitive_attributes": []
        }
      ]
    },
    {
      "mode": "data",
      "type": "aws_region",
      "name": "current",
      "provider": "provider[\"registry.terraform.io/hashicorp/aws\"]",
      "instances": [
        {
          "schema_version": 0,
          "attributes": {
            "description": "US East (N. Virginia)",
            "endpoint": "ec2.us-east-1.amazonaws.com",
            "id": "us-east-1",
            "name": "us-east-1"
          },
          "sensitive_attributes": []
        }
      ]
    },
    {
      "mode": "managed",
      "type": "aws_eip",
      "name": "nat_gateway_eip",
      "provider": "provider[\"registry.terraform.io/hashicorp/aws\"]",
      "instances": [
        {
          "schema_version": 0,
          "attributes": {
            "address": null,
            "allocation_id": "eipalloc-080f54ec4075a8ebf",
            "associate_with_private_ip": null,
            "association_id": "",
            "carrier_ip": "",
            "customer_owned_ip": "",
            "customer_owned_ipv4_pool": "",
            "domain": "vpc",
            "id": "eipalloc-080f54ec4075a8ebf",
            "instance": "",
            "network_border_group": "us-east-1",
            "network_interface": "",
            "private_dns": null,
            "private_ip": "",
            "public_dns": "ec2-44-215-241-175.compute-1.amazonaws.com",
            "public_ip": "44.215.241.175",
            "public_ipv4_pool": "amazon",
            "tags": {
              "Name": "demo_igw_eip"
            },
            "tags_all": {
              "Name": "demo_igw_eip"
            },
            "timeouts": null,
            "vpc": true
          },
          "sensitive_attributes": [],
          "private": "eyJlMmJmYjczMC1lY2FhLTExZTYtOGY4OC0zNDM2M2JjN2M0YzAiOnsiZGVsZXRlIjoxODAwMDAwMDAwMDAsInJlYWQiOjkwMDAwMDAwMDAwMCwidXBkYXRlIjozMDAwMDAwMDAwMDB9fQ==",
          "dependencies": [
            "aws_internet_gateway.internet_gateway",
            "aws_vpc.vpc",
            "data.aws_region.current"
          ]
        }
      ]
    },
    {
      "mode": "managed",
      "type": "aws_instance",
      "name": "ubuntu_server",
      "provider": "provider[\"registry.terraform.io/hashicorp/aws\"]",
      "instances": [
        {
          "status": "tainted",
          "schema_version": 1,
          "attributes": {
            "ami": "ami-0e001c9271cf7f3b9",
            "arn": "arn:aws:ec2:us-east-1:815619730776:instance/i-079666677edf9daff",
            "associate_public_ip_address": true,
            "availability_zone": "us-east-1b",
            "capacity_reservation_specification": [
              {
                "capacity_reservation_preference": "open",
                "capacity_reservation_target": []
              }
            ],
            "cpu_core_count": 1,
            "cpu_threads_per_core": 1,
            "credit_specification": [
              {
                "cpu_credits": "standard"
              }
            ],
            "disable_api_termination": false,
            "ebs_block_device": [],
            "ebs_optimized": false,
            "enclave_options": [
              {
                "enabled": false
              }
            ],
            "ephemeral_block_device": [],
            "get_password_data": false,
            "hibernation": false,
            "host_id": null,
            "iam_instance_profile": "",
            "id": "i-079666677edf9daff",
            "instance_initiated_shutdown_behavior": "stop",
            "instance_state": "running",
            "instance_type": "t2.micro",
            "ipv6_address_count": 0,
            "ipv6_addresses": [],
            "key_name": "MyAWSKey",
            "launch_template": [],
            "metadata_options": [
              {
                "http_endpoint": "enabled",
                "http_put_response_hop_limit": 1,
                "http_tokens": "optional",
                "instance_metadata_tags": "disabled"
              }
            ],
            "monitoring": false,
            "network_interface": [],
            "outpost_arn": "",
            "password_data": "",
            "placement_group": "",
            "placement_partition_number": null,
            "primary_network_interface_id": "eni-0ac0c4b81b46f4dd4",
            "private_dns": "ip-10-0-101-140.ec2.internal",
            "private_ip": "10.0.101.140",
            "public_dns": "",
            "public_ip": "52.23.247.210",
            "root_block_device": [
              {
                "delete_on_termination": true,
                "device_name": "/dev/sda1",
                "encrypted": false,
                "iops": 100,
                "kms_key_id": "",
                "tags": {},
                "throughput": 0,
                "volume_id": "vol-0ab4050a68995df45",
                "volume_size": 8,
                "volume_type": "gp2"
              }
            ],
            "secondary_private_ips": [],
            "security_groups": [
              "sg-02a1dce476da162fc",
              "sg-069a427cd207538db",
              "sg-075e00a72e5fa6e96"
            ],
            "source_dest_check": true,
            "subnet_id": "subnet-05e909bbfdf209e4d",
            "tags": {
              "App": "corp_api",
              "Name": "ec2-prod-api-us-east-1c",
              "Owner": "api_mgmt_dev"
            },
            "tags_all": {
              "App": "corp_api",
              "Name": "ec2-prod-api-us-east-1c",
              "Owner": "api_mgmt_dev"
            },
            "tenancy": "default",
            "timeouts": null,
            "user_data": null,
            "user_data_base64": null,
            "volume_tags": null,
            "vpc_security_group_ids": [
              "sg-02a1dce476da162fc",
              "sg-069a427cd207538db",
              "sg-075e00a72e5fa6e96"
            ]
          },
          "sensitive_attributes": [],
          "private": "eyJlMmJmYjczMC1lY2FhLTExZTYtOGY4OC0zNDM2M2JjN2M0YzAiOnsiY3JlYXRlIjo2MDAwMDAwMDAwMDAsImRlbGV0ZSI6MTIwMDAwMDAwMDAwMCwidXBkYXRlIjo2MDAwMDAwMDAwMDB9LCJzY2hlbWFfdmVyc2lvbiI6IjEifQ==",
          "dependencies": [
            "aws_key_pair.generated",
            "aws_security_group.ingress-ssh",
            "aws_security_group.vpc-ping",
            "aws_security_group.vpc-web",
            "aws_subnet.public_subnets",
            "aws_vpc.vpc",
            "data.aws_ami.ubuntu_22_04",
            "data.aws_availability_zones.available",
            "data.aws_region.current",
            "local_file.private_key_pem",
            "tls_private_key.generated"
          ]
        }
      ]
    },
    {
      "mode": "managed",
      "type": "aws_internet_gateway",
      "name": "internet_gateway",
      "provider": "provider[\"registry.terraform.io/hashicorp/aws\"]",
      "instances": [
        {
          "schema_version": 0,
          "attributes": {
            "arn": "arn:aws:ec2:us-east-1:815619730776:internet-gateway/igw-020a8396cd0f79431",
            "id": "igw-020a8396cd0f79431",
            "owner_id": "815619730776",
            "tags": {
              "Name": "demo_igw"
            },
            "tags_all": {
              "Name": "demo_igw"
            },
            "vpc_id": "vpc-007caabbb71f6f8f2"
          },
          "sensitive_attributes": [],
          "private": "bnVsbA==",
          "dependencies": [
            "aws_vpc.vpc",
            "data.aws_region.current"
          ]
        }
      ]
    },
    {
      "mode": "managed",
      "type": "aws_key_pair",
      "name": "generated",
      "provider": "provider[\"registry.terraform.io/hashicorp/aws\"]",
      "instances": [
        {
          "schema_version": 1,
          "attributes": {
            "arn": "arn:aws:ec2:us-east-1:815619730776:key-pair/MyAWSKey",
            "fingerprint": "d5:46:5e:db:c0:07:80:83:dc:9f:bb:b4:7f:38:0c:d4",
            "id": "MyAWSKey",
            "key_name": "MyAWSKey",
            "key_name_prefix": "",
            "key_pair_id": "key-0da4bd940968d5067",
            "public_key": "ssh-rsa AAAAB3NzaC1yc2EAAAADAQABAAABAQDj9VoUHLjr/jd9KvKx9cUitwiI+TsP36G+irEAzWD3mQtp0cz881hezE3SG7E+gndYbWNPguCDY3iZw4QbtTXnUdaDHrkvAlpzB+/6kO8AoS4/gSd4JDTVhva2GoKR6KwFmwOlC7WhjhqBcXMEGqlMA4jPmXgyC/DVmEckUXApnEHo2/P7B639lCxSvitf+QX0snQ0nxMPuCEZhgxhKjcc94M9jDN9PBQwvqumkweZ4+CDWx3wNs/Qkx6ZCJ4KsrppnChN5GEmMJTSHZbB4uccdaqSVVH7+AtLanlb6cM/4oC/6fTyA5XwjNrgJdzj9S3JfpiQCUygMhq6UlPoGXI5",
            "tags": null,
            "tags_all": {}
          },
          "sensitive_attributes": [],
          "private": "eyJzY2hlbWFfdmVyc2lvbiI6IjEifQ==",
          "dependencies": [
            "tls_private_key.generated"
          ]
        }
      ]
    },
    {
      "mode": "managed",
      "type": "aws_nat_gateway",
      "name": "nat_gateway",
      "provider": "provider[\"registry.terraform.io/hashicorp/aws\"]",
      "instances": [
        {
          "schema_version": 0,
          "attributes": {
            "allocation_id": "eipalloc-080f54ec4075a8ebf",
            "connectivity_type": "public",
            "id": "nat-01b519f56ea7f9766",
            "network_interface_id": "eni-046550c6a0d6ed8db",
            "private_ip": "10.0.101.92",
            "public_ip": "44.215.241.175",
            "subnet_id": "subnet-05e909bbfdf209e4d",
            "tags": {
              "Name": "demo_nat_gateway"
            },
            "tags_all": {
              "Name": "demo_nat_gateway"
            }
          },
          "sensitive_attributes": [],
          "private": "bnVsbA==",
          "dependencies": [
            "aws_eip.nat_gateway_eip",
            "aws_internet_gateway.internet_gateway",
            "aws_subnet.public_subnets",
            "aws_vpc.vpc",
            "data.aws_availability_zones.available",
            "data.aws_region.current"
          ]
        }
      ]
    },
    {
      "mode": "managed",
      "type": "aws_route_table",
      "name": "private_route_table",
      "provider": "provider[\"registry.terraform.io/hashicorp/aws\"]",
      "instances": [
        {
          "schema_version": 0,
          "attributes": {
            "arn": "arn:aws:ec2:us-east-1:815619730776:route-table/rtb-088978b65f6034358",
            "id": "rtb-088978b65f6034358",
            "owner_id": "815619730776",
            "propagating_vgws": [],
            "route": [
              {
                "carrier_gateway_id": "",
                "cidr_block": "0.0.0.0/0",
                "destination_prefix_list_id": "",
                "egress_only_gateway_id": "",
                "gateway_id": "",
                "instance_id": "",
                "ipv6_cidr_block": "",
                "local_gateway_id": "",
                "nat_gateway_id": "nat-01b519f56ea7f9766",
                "network_interface_id": "",
                "transit_gateway_id": "",
                "vpc_endpoint_id": "",
                "vpc_peering_connection_id": ""
              }
            ],
            "tags": {
              "Name": "demo_private_rtb",
              "Terraform": "true"
            },
            "tags_all": {
              "Name": "demo_private_rtb",
              "Terraform": "true"
            },
            "timeouts": null,
            "vpc_id": "vpc-007caabbb71f6f8f2"
          },
          "sensitive_attributes": [],
          "private": "eyJlMmJmYjczMC1lY2FhLTExZTYtOGY4OC0zNDM2M2JjN2M0YzAiOnsiY3JlYXRlIjozMDAwMDAwMDAwMDAsImRlbGV0ZSI6MzAwMDAwMDAwMDAwLCJ1cGRhdGUiOjEyMDAwMDAwMDAwMH19",
          "dependencies": [
            "aws_eip.nat_gateway_eip",
            "aws_internet_gateway.internet_gateway",
            "aws_nat_gateway.nat_gateway",
            "aws_subnet.public_subnets",
            "aws_vpc.vpc",
            "data.aws_availability_zones.available",
            "data.aws_region.current"
          ]
        }
      ]
    },
    {
      "mode": "managed",
      "type": "aws_route_table",
      "name": "public_route_table",
      "provider": "provider[\"registry.terraform.io/hashicorp/aws\"]",
      "instances": [
        {
          "schema_version": 0,
          "attributes": {
            "arn": "arn:aws:ec2:us-east-1:815619730776:route-table/rtb-059ee5cad7198711b",
            "id": "rtb-059ee5cad7198711b",
            "owner_id": "815619730776",
            "propagating_vgws": [],
            "route": [
              {
                "carrier_gateway_id": "",
                "cidr_block": "0.0.0.0/0",
                "destination_prefix_list_id": "",
                "egress_only_gateway_id": "",
                "gateway_id": "igw-020a8396cd0f79431",
                "instance_id": "",
                "ipv6_cidr_block": "",
                "local_gateway_id": "",
                "nat_gateway_id": "",
                "network_interface_id": "",
                "transit_gateway_id": "",
                "vpc_endpoint_id": "",
                "vpc_peering_connection_id": ""
              }
            ],
            "tags": {
              "Name": "demo_public_rtb",
              "Terraform": "true"
            },
            "tags_all": {
              "Name": "demo_public_rtb",
              "Terraform": "true"
            },
            "timeouts": null,
            "vpc_id": "vpc-007caabbb71f6f8f2"
          },
          "sensitive_attributes": [],
          "private": "eyJlMmJmYjczMC1lY2FhLTExZTYtOGY4OC0zNDM2M2JjN2M0YzAiOnsiY3JlYXRlIjozMDAwMDAwMDAwMDAsImRlbGV0ZSI6MzAwMDAwMDAwMDAwLCJ1cGRhdGUiOjEyMDAwMDAwMDAwMH19",
          "dependencies": [
            "aws_internet_gateway.internet_gateway",
            "aws_vpc.vpc",
            "data.aws_region.current"
          ]
        }
      ]
    },
    {
      "mode": "managed",
      "type": "aws_route_table_association",
      "name": "private",
      "provider": "provider[\"registry.terraform.io/hashicorp/aws\"]",
      "instances": [
        {
          "index_key": "private_subnet_1",
          "schema_version": 0,
          "attributes": {
            "gateway_id": "",
            "id": "rtbassoc-0e6301a7d0a3c44c6",
            "route_table_id": "rtb-088978b65f6034358",
            "subnet_id": "subnet-03b2b089d02cc666b"
          },
          "sensitive_attributes": [],
          "private": "bnVsbA==",
          "dependencies": [
            "aws_eip.nat_gateway_eip",
            "aws_internet_gateway.internet_gateway",
            "aws_nat_gateway.nat_gateway",
            "aws_route_table.private_route_table",
            "aws_subnet.private_subnets",
            "aws_subnet.public_subnets",
            "aws_vpc.vpc",
            "data.aws_availability_zones.available",
            "data.aws_region.current"
          ]
        },
        {
          "index_key": "private_subnet_2",
          "schema_version": 0,
          "attributes": {
            "gateway_id": "",
            "id": "rtbassoc-0e8bfb80befc1dfc1",
            "route_table_id": "rtb-088978b65f6034358",
            "subnet_id": "subnet-0ec2ae8d16effd92e"
          },
          "sensitive_attributes": [],
          "private": "bnVsbA==",
          "dependencies": [
            "aws_eip.nat_gateway_eip",
            "aws_internet_gateway.internet_gateway",
            "aws_nat_gateway.nat_gateway",
            "aws_route_table.private_route_table",
            "aws_subnet.private_subnets",
            "aws_subnet.public_subnets",
            "aws_vpc.vpc",
            "data.aws_availability_zones.available",
            "data.aws_region.current"
          ]
        },
        {
          "index_key": "private_subnet_3",
          "schema_version": 0,
          "attributes": {
            "gateway_id": "",
            "id": "rtbassoc-0d400641cf558793a",
            "route_table_id": "rtb-088978b65f6034358",
            "subnet_id": "subnet-0de43156a0d5100b3"
          },
          "sensitive_attributes": [],
          "private": "bnVsbA==",
          "dependencies": [
            "aws_eip.nat_gateway_eip",
            "aws_internet_gateway.internet_gateway",
            "aws_nat_gateway.nat_gateway",
            "aws_route_table.private_route_table",
            "aws_subnet.private_subnets",
            "aws_subnet.public_subnets",
            "aws_vpc.vpc",
            "data.aws_availability_zones.available",
            "data.aws_region.current"
          ]
        }
      ]
    },
    {
      "mode": "managed",
      "type": "aws_route_table_association",
      "name": "public",
      "provider": "provider[\"registry.terraform.io/hashicorp/aws\"]",
      "instances": [
        {
          "index_key": "public_subnet_1",
          "schema_version": 0,
          "attributes": {
            "gateway_id": "",
            "id": "rtbassoc-0b6fac36b156952db",
            "route_table_id": "rtb-059ee5cad7198711b",
            "subnet_id": "subnet-05e909bbfdf209e4d"
          },
          "sensitive_attributes": [],
          "private": "bnVsbA==",
          "dependencies": [
            "aws_internet_gateway.internet_gateway",
            "aws_route_table.public_route_table",
            "aws_subnet.public_subnets",
            "aws_vpc.vpc",
            "data.aws_availability_zones.available",
            "data.aws_region.current"
          ]
        },
        {
          "index_key": "public_subnet_2",
          "schema_version": 0,
          "attributes": {
            "gateway_id": "",
            "id": "rtbassoc-0fb99bbdec166e126",
            "route_table_id": "rtb-059ee5cad7198711b",
            "subnet_id": "subnet-01bd1594b9fd2bfa9"
          },
          "sensitive_attributes": [],
          "private": "bnVsbA==",
          "dependencies": [
            "aws_internet_gateway.internet_gateway",
            "aws_route_table.public_route_table",
            "aws_subnet.public_subnets",
            "aws_vpc.vpc",
            "data.aws_availability_zones.available",
            "data.aws_region.current"
          ]
        },
        {
          "index_key": "public_subnet_3",
          "schema_version": 0,
          "attributes": {
            "gateway_id": "",
            "id": "rtbassoc-0b10601de7e232cc0",
            "route_table_id": "rtb-059ee5cad7198711b",
            "subnet_id": "subnet-0bea44a898fa7855a"
          },
          "sensitive_attributes": [],
          "private": "bnVsbA==",
          "dependencies": [
            "aws_internet_gateway.internet_gateway",
            "aws_route_table.public_route_table",
            "aws_subnet.public_subnets",
            "aws_vpc.vpc",
            "data.aws_availability_zones.available",
            "data.aws_region.current"
          ]
        }
      ]
    },
    {
      "mode": "managed",
      "type": "aws_s3_bucket",
      "name": "my-new-S3-bucket",
      "provider": "provider[\"registry.terraform.io/hashicorp/aws\"]",
      "instances": [
        {
          "schema_version": 0,
          "attributes": {
            "acceleration_status": "",
            "acl": "private",
            "arn": "arn:aws:s3:::my-new-tf-test-bucket-d16ba9de7115043312e7e4b1b8570d92",
            "bucket": "my-new-tf-test-bucket-d16ba9de7115043312e7e4b1b8570d92",
            "bucket_domain_name": "my-new-tf-test-bucket-d16ba9de7115043312e7e4b1b8570d92.s3.amazonaws.com",
            "bucket_prefix": null,
            "bucket_regional_domain_name": "my-new-tf-test-bucket-d16ba9de7115043312e7e4b1b8570d92.s3.amazonaws.com",
            "cors_rule": [],
            "force_destroy": false,
            "grant": [],
            "hosted_zone_id": "Z3AQBSTGFYJSTF",
            "id": "my-new-tf-test-bucket-d16ba9de7115043312e7e4b1b8570d92",
            "lifecycle_rule": [],
            "logging": [],
            "object_lock_configuration": [],
            "object_lock_enabled": false,
            "policy": null,
            "region": "us-east-1",
            "replication_configuration": [],
            "request_payer": "BucketOwner",
            "server_side_encryption_configuration": [
              {
                "rule": [
                  {
                    "apply_server_side_encryption_by_default": [
                      {
                        "kms_master_key_id": "",
                        "sse_algorithm": "AES256"
                      }
                    ],
                    "bucket_key_enabled": false
                  }
                ]
              }
            ],
            "tags": {
              "Name": "My S3 Bucket",
              "Purpose": "Intro to Resource Blocks Lab"
            },
            "tags_all": {
              "Name": "My S3 Bucket",
              "Purpose": "Intro to Resource Blocks Lab"
            },
            "versioning": [
              {
                "enabled": false,
                "mfa_delete": false
              }
            ],
            "website": [],
            "website_domain": null,
            "website_endpoint": null
          },
          "sensitive_attributes": [],
          "private": "bnVsbA==",
          "dependencies": [
            "random_id.randomness"
          ]
        }
      ]
    },
    {
      "mode": "managed",
      "type": "aws_s3_bucket_ownership_controls",
      "name": "my_new_bucket_acl",
      "provider": "provider[\"registry.terraform.io/hashicorp/aws\"]",
      "instances": [
        {
          "schema_version": 0,
          "attributes": {
            "bucket": "my-new-tf-test-bucket-d16ba9de7115043312e7e4b1b8570d92",
            "id": "my-new-tf-test-bucket-d16ba9de7115043312e7e4b1b8570d92",
            "rule": [
              {
                "object_ownership": "BucketOwnerPreferred"
              }
            ]
          },
          "sensitive_attributes": [],
          "private": "bnVsbA==",
          "dependencies": [
            "aws_s3_bucket.my-new-S3-bucket",
            "random_id.randomness"
          ]
        }
      ]
    },
    {
      "mode": "managed",
      "type": "aws_security_group",
      "name": "ingress-ssh",
      "provider": "provider[\"registry.terraform.io/hashicorp/aws\"]",
      "instances": [
        {
          "schema_version": 1,
          "attributes": {
            "arn": "arn:aws:ec2:us-east-1:815619730776:security-group/sg-02a1dce476da162fc",
            "description": "Managed by Terraform",
            "egress": [
              {
                "cidr_blocks": [
                  "0.0.0.0/0"
                ],
                "description": "",
                "from_port": 0,
                "ipv6_cidr_blocks": [],
                "prefix_list_ids": [],
                "protocol": "-1",
                "security_groups": [],
                "self": false,
                "to_port": 0
              }
            ],
            "id": "sg-02a1dce476da162fc",
            "ingress": [
              {
                "cidr_blocks": [
                  "0.0.0.0/0"
                ],
                "description": "",
                "from_port": 22,
                "ipv6_cidr_blocks": [],
                "prefix_list_ids": [],
                "protocol": "tcp",
                "security_groups": [],
                "self": false,
                "to_port": 22
              }
            ],
            "name": "allow-all-ssh-for-terraform-provioners",
            "name_prefix": "",
            "owner_id": "815619730776",
            "revoke_rules_on_delete": false,
            "tags": null,
            "tags_all": {},
            "timeouts": null,
            "vpc_id": "vpc-007caabbb71f6f8f2"
          },
          "sensitive_attributes": [],
          "private": "eyJlMmJmYjczMC1lY2FhLTExZTYtOGY4OC0zNDM2M2JjN2M0YzAiOnsiY3JlYXRlIjo2MDAwMDAwMDAwMDAsImRlbGV0ZSI6OTAwMDAwMDAwMDAwfSwic2NoZW1hX3ZlcnNpb24iOiIxIn0=",
          "dependencies": [
            "aws_vpc.vpc",
            "data.aws_region.current"
          ]
        }
      ]
    },
    {
      "mode": "managed",
      "type": "aws_security_group",
      "name": "my-new-security-group",
      "provider": "provider[\"registry.terraform.io/hashicorp/aws\"]",
      "instances": [
        {
          "schema_version": 1,
          "attributes": {
            "arn": "arn:aws:ec2:us-east-1:815619730776:security-group/sg-01606c44d38afe06d",
            "description": "Allow inbound traffic on tcp/443",
            "egress": [],
            "id": "sg-01606c44d38afe06d",
            "ingress": [
              {
                "cidr_blocks": [
                  "0.0.0.0/0"
                ],
                "description": "Allow 443 from the Internet",
                "from_port": 443,
                "ipv6_cidr_blocks": [],
                "prefix_list_ids": [],
                "protocol": "tcp",
                "security_groups": [],
                "self": false,
                "to_port": 443
              }
            ],
            "name": "web_server_inbound",
            "name_prefix": "",
            "owner_id": "815619730776",
            "revoke_rules_on_delete": false,
            "tags": {
              "Name": "web_server_inbound",
              "Purpose": "Intro to Resource Blocks Lab"
            },
            "tags_all": {
              "Name": "web_server_inbound",
              "Purpose": "Intro to Resource Blocks Lab"
            },
            "timeouts": null,
            "vpc_id": "vpc-007caabbb71f6f8f2"
          },
          "sensitive_attributes": [],
          "private": "eyJlMmJmYjczMC1lY2FhLTExZTYtOGY4OC0zNDM2M2JjN2M0YzAiOnsiY3JlYXRlIjo2MDAwMDAwMDAwMDAsImRlbGV0ZSI6OTAwMDAwMDAwMDAwfSwic2NoZW1hX3ZlcnNpb24iOiIxIn0=",
          "dependencies": [
            "aws_vpc.vpc",
            "data.aws_region.current"
          ]
        }
      ]
    },
    {
      "mode": "managed",
      "type": "aws_security_group",
      "name": "vpc-ping",
      "provider": "provider[\"registry.terraform.io/hashicorp/aws\"]",
      "instances": [
        {
          "schema_version": 1,
          "attributes": {
            "arn": "arn:aws:ec2:us-east-1:815619730776:security-group/sg-075e00a72e5fa6e96",
            "description": "ICMP for Ping Access",
            "egress": [
              {
                "cidr_blocks": [
                  "0.0.0.0/0"
                ],
                "description": "Allow all ip and ports outboun",
                "from_port": 0,
                "ipv6_cidr_blocks": [],
                "prefix_list_ids": [],
                "protocol": "-1",
                "security_groups": [],
                "self": false,
                "to_port": 0
              }
            ],
            "id": "sg-075e00a72e5fa6e96",
            "ingress": [
              {
                "cidr_blocks": [
                  "0.0.0.0/0"
                ],
                "description": "Allow ICMP Traffic",
                "from_port": -1,
                "ipv6_cidr_blocks": [],
                "prefix_list_ids": [],
                "protocol": "icmp",
                "security_groups": [],
                "self": false,
                "to_port": -1
              }
            ],
            "name": "vpc-ping",
            "name_prefix": "",
            "owner_id": "815619730776",
            "revoke_rules_on_delete": false,
            "tags": null,
            "tags_all": {},
            "timeouts": null,
            "vpc_id": "vpc-007caabbb71f6f8f2"
          },
          "sensitive_attributes": [],
          "private": "eyJlMmJmYjczMC1lY2FhLTExZTYtOGY4OC0zNDM2M2JjN2M0YzAiOnsiY3JlYXRlIjo2MDAwMDAwMDAwMDAsImRlbGV0ZSI6OTAwMDAwMDAwMDAwfSwic2NoZW1hX3ZlcnNpb24iOiIxIn0=",
          "dependencies": [
            "aws_vpc.vpc",
            "data.aws_region.current"
          ]
        }
      ]
    },
    {
      "mode": "managed",
      "type": "aws_security_group",
      "name": "vpc-web",
      "provider": "provider[\"registry.terraform.io/hashicorp/aws\"]",
      "instances": [
        {
          "schema_version": 1,
          "attributes": {
            "arn": "arn:aws:ec2:us-east-1:815619730776:security-group/sg-069a427cd207538db",
            "description": "Web Traffic",
            "egress": [
              {
                "cidr_blocks": [
                  "0.0.0.0/0"
                ],
                "description": "Allow all ip and ports outbound",
                "from_port": 0,
                "ipv6_cidr_blocks": [],
                "prefix_list_ids": [],
                "protocol": "-1",
                "security_groups": [],
                "self": false,
                "to_port": 0
              }
            ],
            "id": "sg-069a427cd207538db",
            "ingress": [
              {
                "cidr_blocks": [
                  "0.0.0.0/0"
                ],
                "description": "Allow Port 443",
                "from_port": 443,
                "ipv6_cidr_blocks": [],
                "prefix_list_ids": [],
                "protocol": "tcp",
                "security_groups": [],
                "self": false,
                "to_port": 443
              },
              {
                "cidr_blocks": [
                  "0.0.0.0/0"
                ],
                "description": "Allow Port 80",
                "from_port": 80,
                "ipv6_cidr_blocks": [],
                "prefix_list_ids": [],
                "protocol": "tcp",
                "security_groups": [],
                "self": false,
                "to_port": 80
              }
            ],
            "name": "vpc-web-default",
            "name_prefix": "",
            "owner_id": "815619730776",
            "revoke_rules_on_delete": false,
            "tags": null,
            "tags_all": {},
            "timeouts": null,
            "vpc_id": "vpc-007caabbb71f6f8f2"
          },
          "sensitive_attributes": [],
          "private": "eyJlMmJmYjczMC1lY2FhLTExZTYtOGY4OC0zNDM2M2JjN2M0YzAiOnsiY3JlYXRlIjo2MDAwMDAwMDAwMDAsImRlbGV0ZSI6OTAwMDAwMDAwMDAwfSwic2NoZW1hX3ZlcnNpb24iOiIxIn0=",
          "dependencies": [
            "aws_vpc.vpc",
            "data.aws_region.current"
          ]
        }
      ]
    },
    {
      "mode": "managed",
      "type": "aws_subnet",
      "name": "private_subnets",
      "provider": "provider[\"registry.terraform.io/hashicorp/aws\"]",
      "instances": [
        {
          "index_key": "private_subnet_1",
          "schema_version": 1,
          "attributes": {
            "arn": "arn:aws:ec2:us-east-1:815619730776:subnet/subnet-03b2b089d02cc666b",
            "assign_ipv6_address_on_creation": false,
            "availability_zone": "us-east-1b",
            "availability_zone_id": "use1-az2",
            "cidr_block": "10.0.1.0/24",
            "customer_owned_ipv4_pool": "",
            "enable_dns64": false,
            "enable_resource_name_dns_a_record_on_launch": false,
            "enable_resource_name_dns_aaaa_record_on_launch": false,
            "id": "subnet-03b2b089d02cc666b",
            "ipv6_cidr_block": "",
            "ipv6_cidr_block_association_id": "",
            "ipv6_native": false,
            "map_customer_owned_ip_on_launch": false,
            "map_public_ip_on_launch": false,
            "outpost_arn": "",
            "owner_id": "815619730776",
            "private_dns_hostname_type_on_launch": "ip-name",
            "tags": {
              "Name": "private_subnet_1",
              "Terraform": "true"
            },
            "tags_all": {
              "Name": "private_subnet_1",
              "Terraform": "true"
            },
            "timeouts": null,
            "vpc_id": "vpc-007caabbb71f6f8f2"
          },
          "sensitive_attributes": [],
          "private": "eyJlMmJmYjczMC1lY2FhLTExZTYtOGY4OC0zNDM2M2JjN2M0YzAiOnsiY3JlYXRlIjo2MDAwMDAwMDAwMDAsImRlbGV0ZSI6MTIwMDAwMDAwMDAwMH0sInNjaGVtYV92ZXJzaW9uIjoiMSJ9",
          "dependencies": [
            "aws_vpc.vpc",
            "data.aws_availability_zones.available",
            "data.aws_region.current"
          ]
        },
        {
          "index_key": "private_subnet_2",
          "schema_version": 1,
          "attributes": {
            "arn": "arn:aws:ec2:us-east-1:815619730776:subnet/subnet-0ec2ae8d16effd92e",
            "assign_ipv6_address_on_creation": false,
            "availability_zone": "us-east-1c",
            "availability_zone_id": "use1-az4",
            "cidr_block": "10.0.2.0/24",
            "customer_owned_ipv4_pool": "",
            "enable_dns64": false,
            "enable_resource_name_dns_a_record_on_launch": false,
            "enable_resource_name_dns_aaaa_record_on_launch": false,
            "id": "subnet-0ec2ae8d16effd92e",
            "ipv6_cidr_block": "",
            "ipv6_cidr_block_association_id": "",
            "ipv6_native": false,
            "map_customer_owned_ip_on_launch": false,
            "map_public_ip_on_launch": false,
            "outpost_arn": "",
            "owner_id": "815619730776",
            "private_dns_hostname_type_on_launch": "ip-name",
            "tags": {
              "Name": "private_subnet_2",
              "Terraform": "true"
            },
            "tags_all": {
              "Name": "private_subnet_2",
              "Terraform": "true"
            },
            "timeouts": null,
            "vpc_id": "vpc-007caabbb71f6f8f2"
          },
          "sensitive_attributes": [],
          "private": "eyJlMmJmYjczMC1lY2FhLTExZTYtOGY4OC0zNDM2M2JjN2M0YzAiOnsiY3JlYXRlIjo2MDAwMDAwMDAwMDAsImRlbGV0ZSI6MTIwMDAwMDAwMDAwMH0sInNjaGVtYV92ZXJzaW9uIjoiMSJ9",
          "dependencies": [
            "aws_vpc.vpc",
            "data.aws_availability_zones.available",
            "data.aws_region.current"
          ]
        },
        {
          "index_key": "private_subnet_3",
          "schema_version": 1,
          "attributes": {
            "arn": "arn:aws:ec2:us-east-1:815619730776:subnet/subnet-0de43156a0d5100b3",
            "assign_ipv6_address_on_creation": false,
            "availability_zone": "us-east-1d",
            "availability_zone_id": "use1-az6",
            "cidr_block": "10.0.3.0/24",
            "customer_owned_ipv4_pool": "",
            "enable_dns64": false,
            "enable_resource_name_dns_a_record_on_launch": false,
            "enable_resource_name_dns_aaaa_record_on_launch": false,
            "id": "subnet-0de43156a0d5100b3",
            "ipv6_cidr_block": "",
            "ipv6_cidr_block_association_id": "",
            "ipv6_native": false,
            "map_customer_owned_ip_on_launch": false,
            "map_public_ip_on_launch": false,
            "outpost_arn": "",
            "owner_id": "815619730776",
            "private_dns_hostname_type_on_launch": "ip-name",
            "tags": {
              "Name": "private_subnet_3",
              "Terraform": "true"
            },
            "tags_all": {
              "Name": "private_subnet_3",
              "Terraform": "true"
            },
            "timeouts": null,
            "vpc_id": "vpc-007caabbb71f6f8f2"
          },
          "sensitive_attributes": [],
          "private": "eyJlMmJmYjczMC1lY2FhLTExZTYtOGY4OC0zNDM2M2JjN2M0YzAiOnsiY3JlYXRlIjo2MDAwMDAwMDAwMDAsImRlbGV0ZSI6MTIwMDAwMDAwMDAwMH0sInNjaGVtYV92ZXJzaW9uIjoiMSJ9",
          "dependencies": [
            "aws_vpc.vpc",
            "data.aws_availability_zones.available",
            "data.aws_region.current"
          ]
        }
      ]
    },
    {
      "mode": "managed",
      "type": "aws_subnet",
      "name": "public_subnets",
      "provider": "provider[\"registry.terraform.io/hashicorp/aws\"]",
      "instances": [
        {
          "index_key": "public_subnet_1",
          "schema_version": 1,
          "attributes": {
            "arn": "arn:aws:ec2:us-east-1:815619730776:subnet/subnet-05e909bbfdf209e4d",
            "assign_ipv6_address_on_creation": false,
            "availability_zone": "us-east-1b",
            "availability_zone_id": "use1-az2",
            "cidr_block": "10.0.101.0/24",
            "customer_owned_ipv4_pool": "",
            "enable_dns64": false,
            "enable_resource_name_dns_a_record_on_launch": false,
            "enable_resource_name_dns_aaaa_record_on_launch": false,
            "id": "subnet-05e909bbfdf209e4d",
            "ipv6_cidr_block": "",
            "ipv6_cidr_block_association_id": "",
            "ipv6_native": false,
            "map_customer_owned_ip_on_launch": false,
            "map_public_ip_on_launch": true,
            "outpost_arn": "",
            "owner_id": "815619730776",
            "private_dns_hostname_type_on_launch": "ip-name",
            "tags": {
              "Name": "public_subnet_1",
              "Terraform": "true"
            },
            "tags_all": {
              "Name": "public_subnet_1",
              "Terraform": "true"
            },
            "timeouts": null,
            "vpc_id": "vpc-007caabbb71f6f8f2"
          },
          "sensitive_attributes": [],
          "private": "eyJlMmJmYjczMC1lY2FhLTExZTYtOGY4OC0zNDM2M2JjN2M0YzAiOnsiY3JlYXRlIjo2MDAwMDAwMDAwMDAsImRlbGV0ZSI6MTIwMDAwMDAwMDAwMH0sInNjaGVtYV92ZXJzaW9uIjoiMSJ9",
          "dependencies": [
            "aws_vpc.vpc",
            "data.aws_availability_zones.available",
            "data.aws_region.current"
          ]
        },
        {
          "index_key": "public_subnet_2",
          "schema_version": 1,
          "attributes": {
            "arn": "arn:aws:ec2:us-east-1:815619730776:subnet/subnet-01bd1594b9fd2bfa9",
            "assign_ipv6_address_on_creation": false,
            "availability_zone": "us-east-1c",
            "availability_zone_id": "use1-az4",
            "cidr_block": "10.0.102.0/24",
            "customer_owned_ipv4_pool": "",
            "enable_dns64": false,
            "enable_resource_name_dns_a_record_on_launch": false,
            "enable_resource_name_dns_aaaa_record_on_launch": false,
            "id": "subnet-01bd1594b9fd2bfa9",
            "ipv6_cidr_block": "",
            "ipv6_cidr_block_association_id": "",
            "ipv6_native": false,
            "map_customer_owned_ip_on_launch": false,
            "map_public_ip_on_launch": true,
            "outpost_arn": "",
            "owner_id": "815619730776",
            "private_dns_hostname_type_on_launch": "ip-name",
            "tags": {
              "Name": "public_subnet_2",
              "Terraform": "true"
            },
            "tags_all": {
              "Name": "public_subnet_2",
              "Terraform": "true"
            },
            "timeouts": null,
            "vpc_id": "vpc-007caabbb71f6f8f2"
          },
          "sensitive_attributes": [],
          "private": "eyJlMmJmYjczMC1lY2FhLTExZTYtOGY4OC0zNDM2M2JjN2M0YzAiOnsiY3JlYXRlIjo2MDAwMDAwMDAwMDAsImRlbGV0ZSI6MTIwMDAwMDAwMDAwMH0sInNjaGVtYV92ZXJzaW9uIjoiMSJ9",
          "dependencies": [
            "aws_vpc.vpc",
            "data.aws_availability_zones.available",
            "data.aws_region.current"
          ]
        },
        {
          "index_key": "public_subnet_3",
          "schema_version": 1,
          "attributes": {
            "arn": "arn:aws:ec2:us-east-1:815619730776:subnet/subnet-0bea44a898fa7855a",
            "assign_ipv6_address_on_creation": false,
            "availability_zone": "us-east-1d",
            "availability_zone_id": "use1-az6",
            "cidr_block": "10.0.103.0/24",
            "customer_owned_ipv4_pool": "",
            "enable_dns64": false,
            "enable_resource_name_dns_a_record_on_launch": false,
            "enable_resource_name_dns_aaaa_record_on_launch": false,
            "id": "subnet-0bea44a898fa7855a",
            "ipv6_cidr_block": "",
            "ipv6_cidr_block_association_id": "",
            "ipv6_native": false,
            "map_customer_owned_ip_on_launch": false,
            "map_public_ip_on_launch": true,
            "outpost_arn": "",
            "owner_id": "815619730776",
            "private_dns_hostname_type_on_launch": "ip-name",
            "tags": {
              "Name": "public_subnet_3",
              "Terraform": "true"
            },
            "tags_all": {
              "Name": "public_subnet_3",
              "Terraform": "true"
            },
            "timeouts": null,
            "vpc_id": "vpc-007caabbb71f6f8f2"
          },
          "sensitive_attributes": [],
          "private": "eyJlMmJmYjczMC1lY2FhLTExZTYtOGY4OC0zNDM2M2JjN2M0YzAiOnsiY3JlYXRlIjo2MDAwMDAwMDAwMDAsImRlbGV0ZSI6MTIwMDAwMDAwMDAwMH0sInNjaGVtYV92ZXJzaW9uIjoiMSJ9",
          "dependencies": [
            "aws_vpc.vpc",
            "data.aws_availability_zones.available",
            "data.aws_region.current"
          ]
        }
      ]
    },
    {
      "mode": "managed",
      "type": "aws_subnet",
      "name": "variables-subnet",
      "provider": "provider[\"registry.terraform.io/hashicorp/aws\"]",
      "instances": [
        {
          "schema_version": 1,
          "attributes": {
            "arn": "arn:aws:ec2:us-east-1:815619730776:subnet/subnet-0fd4e6761c09e6a2f",
            "assign_ipv6_address_on_creation": false,
            "availability_zone": "us-east-1c",
            "availability_zone_id": "use1-az4",
            "cidr_block": "10.0.201.0/24",
            "customer_owned_ipv4_pool": "",
            "enable_dns64": false,
            "enable_resource_name_dns_a_record_on_launch": false,
            "enable_resource_name_dns_aaaa_record_on_launch": false,
            "id": "subnet-0fd4e6761c09e6a2f",
            "ipv6_cidr_block": "",
            "ipv6_cidr_block_association_id": "",
            "ipv6_native": false,
            "map_customer_owned_ip_on_launch": false,
            "map_public_ip_on_launch": true,
            "outpost_arn": "",
            "owner_id": "815619730776",
            "private_dns_hostname_type_on_launch": "ip-name",
            "tags": {
              "Name": "sub-variables-us-east-1c",
              "Terraform": "true"
            },
            "tags_all": {
              "Name": "sub-variables-us-east-1c",
              "Terraform": "true"
            },
            "timeouts": null,
            "vpc_id": "vpc-007caabbb71f6f8f2"
          },
          "sensitive_attributes": [],
          "private": "eyJlMmJmYjczMC1lY2FhLTExZTYtOGY4OC0zNDM2M2JjN2M0YzAiOnsiY3JlYXRlIjo2MDAwMDAwMDAwMDAsImRlbGV0ZSI6MTIwMDAwMDAwMDAwMH0sInNjaGVtYV92ZXJzaW9uIjoiMSJ9",
          "dependencies": [
            "aws_vpc.vpc",
            "data.aws_region.current"
          ]
        }
      ]
    },
    {
      "mode": "managed",
      "type": "aws_vpc",
      "name": "vpc",
      "provider": "provider[\"registry.terraform.io/hashicorp/aws\"]",
      "instances": [
        {
          "schema_version": 1,
          "attributes": {
            "arn": "arn:aws:ec2:us-east-1:815619730776:vpc/vpc-007caabbb71f6f8f2",
            "assign_generated_ipv6_cidr_block": false,
            "cidr_block": "10.0.0.0/16",
            "default_network_acl_id": "acl-0a4b3a353b9efdf0e",
            "default_route_table_id": "rtb-032ead65ec0cc4ccf",
            "default_security_group_id": "sg-0fcebd2cec3db9fe4",
            "dhcp_options_id": "dopt-0cf9d7257b76953f7",
            "enable_classiclink": false,
            "enable_classiclink_dns_support": false,
            "enable_dns_hostnames": false,
            "enable_dns_support": true,
            "id": "vpc-007caabbb71f6f8f2",
            "instance_tenancy": "default",
            "ipv4_ipam_pool_id": null,
            "ipv4_netmask_length": null,
            "ipv6_association_id": "",
            "ipv6_cidr_block": "",
            "ipv6_cidr_block_network_border_group": "",
            "ipv6_ipam_pool_id": "",
            "ipv6_netmask_length": 0,
            "main_route_table_id": "rtb-032ead65ec0cc4ccf",
            "owner_id": "815619730776",
            "tags": {
              "Environment": "demo_environment",
              "Name": "demo_vpc",
              "Region": "us-east-1",
              "RegionDescription": "US East (N. Virginia)",
              "Terraform": "true"
            },
            "tags_all": {
              "Environment": "demo_environment",
              "Name": "demo_vpc",
              "Region": "us-east-1",
              "RegionDescription": "US East (N. Virginia)",
              "Terraform": "true"
            }
          },
          "sensitive_attributes": [],
          "private": "eyJzY2hlbWFfdmVyc2lvbiI6IjEifQ==",
          "dependencies": [
            "data.aws_region.current"
          ]
        }
      ]
    },
    {
      "mode": "managed",
      "type": "local_file",
      "name": "private_key_pem",
      "provider": "provider[\"registry.terraform.io/hashicorp/local\"]",
      "instances": [
        {
          "schema_version": 0,
          "attributes": {
            "content": "-----BEGIN RSA PRIVATE KEY-----\nMIIEpAIBAAKCAQEA4/VaFBy46/43fSrysfXFIrcIiPk7D9+hvoqxAM1g95kLadHM\n/PNYXsxN0huxPoJ3WG1jT4Lgg2N4mcOEG7U151HWgx65LwJacwfv+pDvAKEuP4En\neCQ01Yb2thqCkeisBZsDpQu1oY4agXFzBBqpTAOIz5l4Mgvw1ZhHJFFwKZxB6Nvz\n+wet/ZQsUr4rX/kF9LJ0NJ8TD7ghGYYMYSo3HPeDPYwzfTwUML6rppMHmePgg1sd\n8DbP0JMemQieCrK6aZwoTeRhJjCU0h2WweLnHHWqklVR+/gLS2p5W+nDP+KAv+n0\n8gOV8Iza4CXc4/UtyX6YkAlMoDIaulJT6BlyOQIDAQABAoIBAQCsZjYF1+MSt2QH\nyZ9ab2Dz7DEMRlEgpCSTEhjjXm/jUV+MXBsHgpJmv2Rrbn4RpGHWAoSE8ZoSQ/xF\nbdRPkDCADSiKaYXrw3/cVzhq64mVlFCBvo+3EMrUYgnblxkAeFMAukd7XuuyjuIE\n22P8yp0W2+Vv+8UnNFijcVL8aIrHK/Q35LDWKJGS/3UnhKvtLgPV9vmk/AaD6zs8\nBMjVMQHCQgvULoVekO01iq0/fiRrvzFzyjnNmDn5LcHTd6WNNwqvq9Vna9+cAT1Z\nl3j3PTWyW44u8NIpsqr80KhCY2oNRyX5jRMv8lAIRlc+KQkvqT8iQedIw4NCCu2K\n8U4QgDrxAoGBAOtktfQf5IYdcFAOEVPPzKQt+N/1SfFyGFySFBXws7n8Fkv7hO6n\nh8ybffG0fdlnrWFv6Gh4X+QeyE5Z5TRDZV/WOfOVUOUdDUKn/09gPMqrY/akt/2/\ndC5vf5zkF2Lf2ur//sir2VhQs/5qx9C1lCDZb27IWpX548OyMq2Uz6xbAoGBAPfq\nBNtVtO9p4EJ1bHfF68sE6wqhWzqIO1fRt+SUJ3LNWgvcLq4yKs7fppEG/nRpBrlS\ne9+tgQ8ub7USe+/L6AQpMrPjW1CGqimtOS+RIqVL+krGl7l1SO+5dUdZFMajqi8r\nG8MGpd8HYjEUcvrNaI5wKuGUY7eM9yK15vP6QG/7AoGAVzNpzFP8PkqtjpqHhLrY\nHoIBTkX57H3N1I0w76fJjL58LA2zAw4A2qVHlMC+Vkl4Cz5/pCPjsghNP+lBZYkK\nBuS/dyL7YsTOYsEFbYxDOPkhAP+oQVIpYgJgDejZWQGAgcnvwrsWuwa6hydbek+p\n3jludGW4WRLHc3mSGIemHz0CgYAN0ZCFvUhBlBA5BByQrIqRHWwQgp/4KkHMilcK\nuatdPc8IHDTJ5uf18gdxzAcA7B3A1LUs6ZnpA7icSjR4UFBVcwptdn3PhkIT4qDu\nYtOgjRSdeGZaowv2uMqtuGxtChBhYrDAdS1nuhyiCbbC/hIW5m+tdTz9rTDVUXhX\nHxraYwKBgQCXZk5auW7J0iFGa6wVJpvdjtDNNmAFtgTFhm/r7Sryfp3xC6pRmMoC\nWv1qY5KkriyV3Jw2Jty/6FBl9NxfW50v+3JTj8sWEdgax7Rdg3fkKvxWqBc21rYf\npKrE1muCC78Uxg6ligcQHjkshZ8VGYHiRxgK1Rp4RiIixB1hQ6m/Eg==\n-----END RSA PRIVATE KEY-----\n",
            "content_base64": null,
            "content_base64sha256": "C50Sp4QxNfg7gfmLL9GiHZ9hh/67/+OFm4i6Ps+YjU4=",
            "content_base64sha512": "rD5KJ/JcLFXux+NjgBQZ3xzbQbYIVf6d9FvuAI/17uVMiewHoGZfG3UcUQGNl8A7GaYsfv4z1wbeocvESO4leQ==",
            "content_md5": "af48948e75ba5a098ccf0bba4d329bfe",
            "content_sha1": "9915a11228b501c7f4a8fcb370ec4a007bbaffb0",
            "content_sha256": "0b9d12a7843135f83b81f98b2fd1a21d9f6187febbffe3859b88ba3ecf988d4e",
            "content_sha512": "ac3e4a27f25c2c55eec7e363801419df1cdb41b60855fe9df45bee008ff5eee54c89ec07a0665f1b751c51018d97c03b19a62c7efe33d706dea1cbc448ee2579",
            "directory_permission": "0777",
            "file_permission": "0777",
            "filename": "MyAWSKey.pem",
            "id": "9915a11228b501c7f4a8fcb370ec4a007bbaffb0",
            "sensitive_content": null,
            "source": null
          },
          "sensitive_attributes": [
            [
              {
                "type": "get_attr",
                "value": "content"
              }
            ]
          ],
          "dependencies": [
            "tls_private_key.generated"
          ]
        }
      ]
    },
    {
      "mode": "managed",
      "type": "random_id",
      "name": "randomness",
      "provider": "provider[\"registry.terraform.io/hashicorp/random\"]",
      "instances": [
        {
          "schema_version": 0,
          "attributes": {
            "b64_std": "0Wup3nEVBDMS5+SxuFcNkg==",
            "b64_url": "0Wup3nEVBDMS5-SxuFcNkg",
            "byte_length": 16,
            "dec": "278367672233782952675769119638635875730",
            "hex": "d16ba9de7115043312e7e4b1b8570d92",
            "id": "0Wup3nEVBDMS5-SxuFcNkg",
            "keepers": null,
            "prefix": null
          },
          "sensitive_attributes": []
        }
      ]
    },
    {
      "mode": "managed",
      "type": "tls_private_key",
      "name": "generated",
      "provider": "provider[\"registry.terraform.io/hashicorp/tls\"]",
      "instances": [
        {
          "schema_version": 1,
          "attributes": {
            "algorithm": "RSA",
            "ecdsa_curve": "P224",
            "id": "463e0b5b6fe89b9a90dc97ee7e326ba9751ea348",
            "private_key_openssh": "-----BEGIN OPENSSH PRIVATE KEY-----\nb3BlbnNzaC1rZXktdjEAAAAABG5vbmUAAAAEbm9uZQAAAAAAAAABAAABFwAAAAdz\nc2gtcnNhAAAAAwEAAQAAAQEA4/VaFBy46/43fSrysfXFIrcIiPk7D9+hvoqxAM1g\n95kLadHM/PNYXsxN0huxPoJ3WG1jT4Lgg2N4mcOEG7U151HWgx65LwJacwfv+pDv\nAKEuP4EneCQ01Yb2thqCkeisBZsDpQu1oY4agXFzBBqpTAOIz5l4Mgvw1ZhHJFFw\nKZxB6Nvz+wet/ZQsUr4rX/kF9LJ0NJ8TD7ghGYYMYSo3HPeDPYwzfTwUML6rppMH\nmePgg1sd8DbP0JMemQieCrK6aZwoTeRhJjCU0h2WweLnHHWqklVR+/gLS2p5W+nD\nP+KAv+n08gOV8Iza4CXc4/UtyX6YkAlMoDIaulJT6BlyOQAAA7hNm597TZufewAA\nAAdzc2gtcnNhAAABAQDj9VoUHLjr/jd9KvKx9cUitwiI+TsP36G+irEAzWD3mQtp\n0cz881hezE3SG7E+gndYbWNPguCDY3iZw4QbtTXnUdaDHrkvAlpzB+/6kO8AoS4/\ngSd4JDTVhva2GoKR6KwFmwOlC7WhjhqBcXMEGqlMA4jPmXgyC/DVmEckUXApnEHo\n2/P7B639lCxSvitf+QX0snQ0nxMPuCEZhgxhKjcc94M9jDN9PBQwvqumkweZ4+CD\nWx3wNs/Qkx6ZCJ4KsrppnChN5GEmMJTSHZbB4uccdaqSVVH7+AtLanlb6cM/4oC/\n6fTyA5XwjNrgJdzj9S3JfpiQCUygMhq6UlPoGXI5AAAAAwEAAQAAAQEArGY2Bdfj\nErdkB8mfWm9g8+wxDEZRIKQkkxIY415v41FfjFwbB4KSZr9ka25+EaRh1gKEhPGa\nEkP8RW3UT5AwgA0oimmF68N/3Fc4auuJlZRQgb6PtxDK1GIJ25cZAHhTALpHe17r\nso7iBNtj/MqdFtvlb/vFJzRYo3FS/GiKxyv0N+Sw1iiRkv91J4Sr7S4D1fb5pPwG\ng+s7PATI1TEBwkIL1C6FXpDtNYqtP34ka78xc8o5zZg5+S3B03eljTcKr6vVZ2vf\nnAE9WZd49z01sluOLvDSKbKq/NCoQmNqDUcl+Y0TL/JQCEZXPikJL6k/IkHnSMOD\nQgrtivFOEIA68QAAAIEAl2ZOWrluydIhRmusFSab3Y7QzTZgBbYExYZv6+0q8n6d\n8QuqUZjKAlr9amOSpK4sldycNibcv+hQZfTcX1udL/tyU4/LFhHYGse0XYN35Cr8\nVqgXNta2H6SqxNZrggu/FMYOpYoHEB45LIWfFRmB4kcYCtUaeEYiIsQdYUOpvxIA\nAACBAOtktfQf5IYdcFAOEVPPzKQt+N/1SfFyGFySFBXws7n8Fkv7hO6nh8ybffG0\nfdlnrWFv6Gh4X+QeyE5Z5TRDZV/WOfOVUOUdDUKn/09gPMqrY/akt/2/dC5vf5zk\nF2Lf2ur//sir2VhQs/5qx9C1lCDZb27IWpX548OyMq2Uz6xbAAAAgQD36gTbVbTv\naeBCdWx3xevLBOsKoVs6iDtX0bfklCdyzVoL3C6uMirO36aRBv50aQa5UnvfrYEP\nLm+1Envvy+gEKTKz41tQhqoprTkvkSKlS/pKxpe5dUjvuXVHWRTGo6ovKxvDBqXf\nB2IxFHL6zWiOcCrhlGO3jPcitebz+kBv+wAAAAAB\n-----END OPENSSH PRIVATE KEY-----\n",
            "private_key_pem": "-----BEGIN RSA PRIVATE KEY-----\nMIIEpAIBAAKCAQEA4/VaFBy46/43fSrysfXFIrcIiPk7D9+hvoqxAM1g95kLadHM\n/PNYXsxN0huxPoJ3WG1jT4Lgg2N4mcOEG7U151HWgx65LwJacwfv+pDvAKEuP4En\neCQ01Yb2thqCkeisBZsDpQu1oY4agXFzBBqpTAOIz5l4Mgvw1ZhHJFFwKZxB6Nvz\n+wet/ZQsUr4rX/kF9LJ0NJ8TD7ghGYYMYSo3HPeDPYwzfTwUML6rppMHmePgg1sd\n8DbP0JMemQieCrK6aZwoTeRhJjCU0h2WweLnHHWqklVR+/gLS2p5W+nDP+KAv+n0\n8gOV8Iza4CXc4/UtyX6YkAlMoDIaulJT6BlyOQIDAQABAoIBAQCsZjYF1+MSt2QH\nyZ9ab2Dz7DEMRlEgpCSTEhjjXm/jUV+MXBsHgpJmv2Rrbn4RpGHWAoSE8ZoSQ/xF\nbdRPkDCADSiKaYXrw3/cVzhq64mVlFCBvo+3EMrUYgnblxkAeFMAukd7XuuyjuIE\n22P8yp0W2+Vv+8UnNFijcVL8aIrHK/Q35LDWKJGS/3UnhKvtLgPV9vmk/AaD6zs8\nBMjVMQHCQgvULoVekO01iq0/fiRrvzFzyjnNmDn5LcHTd6WNNwqvq9Vna9+cAT1Z\nl3j3PTWyW44u8NIpsqr80KhCY2oNRyX5jRMv8lAIRlc+KQkvqT8iQedIw4NCCu2K\n8U4QgDrxAoGBAOtktfQf5IYdcFAOEVPPzKQt+N/1SfFyGFySFBXws7n8Fkv7hO6n\nh8ybffG0fdlnrWFv6Gh4X+QeyE5Z5TRDZV/WOfOVUOUdDUKn/09gPMqrY/akt/2/\ndC5vf5zkF2Lf2ur//sir2VhQs/5qx9C1lCDZb27IWpX548OyMq2Uz6xbAoGBAPfq\nBNtVtO9p4EJ1bHfF68sE6wqhWzqIO1fRt+SUJ3LNWgvcLq4yKs7fppEG/nRpBrlS\ne9+tgQ8ub7USe+/L6AQpMrPjW1CGqimtOS+RIqVL+krGl7l1SO+5dUdZFMajqi8r\nG8MGpd8HYjEUcvrNaI5wKuGUY7eM9yK15vP6QG/7AoGAVzNpzFP8PkqtjpqHhLrY\nHoIBTkX57H3N1I0w76fJjL58LA2zAw4A2qVHlMC+Vkl4Cz5/pCPjsghNP+lBZYkK\nBuS/dyL7YsTOYsEFbYxDOPkhAP+oQVIpYgJgDejZWQGAgcnvwrsWuwa6hydbek+p\n3jludGW4WRLHc3mSGIemHz0CgYAN0ZCFvUhBlBA5BByQrIqRHWwQgp/4KkHMilcK\nuatdPc8IHDTJ5uf18gdxzAcA7B3A1LUs6ZnpA7icSjR4UFBVcwptdn3PhkIT4qDu\nYtOgjRSdeGZaowv2uMqtuGxtChBhYrDAdS1nuhyiCbbC/hIW5m+tdTz9rTDVUXhX\nHxraYwKBgQCXZk5auW7J0iFGa6wVJpvdjtDNNmAFtgTFhm/r7Sryfp3xC6pRmMoC\nWv1qY5KkriyV3Jw2Jty/6FBl9NxfW50v+3JTj8sWEdgax7Rdg3fkKvxWqBc21rYf\npKrE1muCC78Uxg6ligcQHjkshZ8VGYHiRxgK1Rp4RiIixB1hQ6m/Eg==\n-----END RSA PRIVATE KEY-----\n",
            "private_key_pem_pkcs8": "-----BEGIN PRIVATE KEY-----\nMIIEvgIBADANBgkqhkiG9w0BAQEFAASCBKgwggSkAgEAAoIBAQDj9VoUHLjr/jd9\nKvKx9cUitwiI+TsP36G+irEAzWD3mQtp0cz881hezE3SG7E+gndYbWNPguCDY3iZ\nw4QbtTXnUdaDHrkvAlpzB+/6kO8AoS4/gSd4JDTVhva2GoKR6KwFmwOlC7WhjhqB\ncXMEGqlMA4jPmXgyC/DVmEckUXApnEHo2/P7B639lCxSvitf+QX0snQ0nxMPuCEZ\nhgxhKjcc94M9jDN9PBQwvqumkweZ4+CDWx3wNs/Qkx6ZCJ4KsrppnChN5GEmMJTS\nHZbB4uccdaqSVVH7+AtLanlb6cM/4oC/6fTyA5XwjNrgJdzj9S3JfpiQCUygMhq6\nUlPoGXI5AgMBAAECggEBAKxmNgXX4xK3ZAfJn1pvYPPsMQxGUSCkJJMSGONeb+NR\nX4xcGweCkma/ZGtufhGkYdYChITxmhJD/EVt1E+QMIANKIpphevDf9xXOGrriZWU\nUIG+j7cQytRiCduXGQB4UwC6R3te67KO4gTbY/zKnRbb5W/7xSc0WKNxUvxoiscr\n9DfksNYokZL/dSeEq+0uA9X2+aT8BoPrOzwEyNUxAcJCC9QuhV6Q7TWKrT9+JGu/\nMXPKOc2YOfktwdN3pY03Cq+r1Wdr35wBPVmXePc9NbJbji7w0imyqvzQqEJjag1H\nJfmNEy/yUAhGVz4pCS+pPyJB50jDg0IK7YrxThCAOvECgYEA62S19B/khh1wUA4R\nU8/MpC343/VJ8XIYXJIUFfCzufwWS/uE7qeHzJt98bR92WetYW/oaHhf5B7ITlnl\nNENlX9Y585VQ5R0NQqf/T2A8yqtj9qS3/b90Lm9/nOQXYt/a6v/+yKvZWFCz/mrH\n0LWUINlvbshalfnjw7IyrZTPrFsCgYEA9+oE21W072ngQnVsd8XrywTrCqFbOog7\nV9G35JQncs1aC9wurjIqzt+mkQb+dGkGuVJ7362BDy5vtRJ778voBCkys+NbUIaq\nKa05L5EipUv6SsaXuXVI77l1R1kUxqOqLysbwwal3wdiMRRy+s1ojnAq4ZRjt4z3\nIrXm8/pAb/sCgYBXM2nMU/w+Sq2OmoeEutgeggFORfnsfc3UjTDvp8mMvnwsDbMD\nDgDapUeUwL5WSXgLPn+kI+OyCE0/6UFliQoG5L93IvtixM5iwQVtjEM4+SEA/6hB\nUiliAmAN6NlZAYCBye/Cuxa7BrqHJ1t6T6neOW50ZbhZEsdzeZIYh6YfPQKBgA3R\nkIW9SEGUEDkEHJCsipEdbBCCn/gqQcyKVwq5q109zwgcNMnm5/XyB3HMBwDsHcDU\ntSzpmekDuJxKNHhQUFVzCm12fc+GQhPioO5i06CNFJ14ZlqjC/a4yq24bG0KEGFi\nsMB1LWe6HKIJtsL+Ehbmb611PP2tMNVReFcfGtpjAoGBAJdmTlq5bsnSIUZrrBUm\nm92O0M02YAW2BMWGb+vtKvJ+nfELqlGYygJa/WpjkqSuLJXcnDYm3L/oUGX03F9b\nnS/7clOPyxYR2BrHtF2Dd+Qq/FaoFzbWth+kqsTWa4ILvxTGDqWKBxAeOSyFnxUZ\ngeJHGArVGnhGIiLEHWFDqb8S\n-----END PRIVATE KEY-----\n",
            "public_key_fingerprint_md5": "30:10:af:43:2b:82:9a:2b:7b:23:61:5d:0d:3d:65:58",
            "public_key_fingerprint_sha256": "SHA256:1y3IXN0Gg4QazE1TZi+VDrBRBiTHDpo2OImHZV5MUwA",
            "public_key_openssh": "ssh-rsa AAAAB3NzaC1yc2EAAAADAQABAAABAQDj9VoUHLjr/jd9KvKx9cUitwiI+TsP36G+irEAzWD3mQtp0cz881hezE3SG7E+gndYbWNPguCDY3iZw4QbtTXnUdaDHrkvAlpzB+/6kO8AoS4/gSd4JDTVhva2GoKR6KwFmwOlC7WhjhqBcXMEGqlMA4jPmXgyC/DVmEckUXApnEHo2/P7B639lCxSvitf+QX0snQ0nxMPuCEZhgxhKjcc94M9jDN9PBQwvqumkweZ4+CDWx3wNs/Qkx6ZCJ4KsrppnChN5GEmMJTSHZbB4uccdaqSVVH7+AtLanlb6cM/4oC/6fTyA5XwjNrgJdzj9S3JfpiQCUygMhq6UlPoGXI5\n",
            "public_key_pem": "-----BEGIN PUBLIC KEY-----\nMIIBIjANBgkqhkiG9w0BAQEFAAOCAQ8AMIIBCgKCAQEA4/VaFBy46/43fSrysfXF\nIrcIiPk7D9+hvoqxAM1g95kLadHM/PNYXsxN0huxPoJ3WG1jT4Lgg2N4mcOEG7U1\n51HWgx65LwJacwfv+pDvAKEuP4EneCQ01Yb2thqCkeisBZsDpQu1oY4agXFzBBqp\nTAOIz5l4Mgvw1ZhHJFFwKZxB6Nvz+wet/ZQsUr4rX/kF9LJ0NJ8TD7ghGYYMYSo3\nHPeDPYwzfTwUML6rppMHmePgg1sd8DbP0JMemQieCrK6aZwoTeRhJjCU0h2WweLn\nHHWqklVR+/gLS2p5W+nDP+KAv+n08gOV8Iza4CXc4/UtyX6YkAlMoDIaulJT6Bly\nOQIDAQAB\n-----END PUBLIC KEY-----\n",
            "rsa_bits": 2048
          },
          "sensitive_attributes": []
        }
      ]
    }
  ],
  "check_results": []
}
