{
  "version": 4,
  "terraform_version": "1.3.0",
  "serial": 1667,
  "lineage": "a1b1f60c-cb14-6fd4-43b7-38fd5738bd15",
  "outputs": {
    "asg_max_size": {
      "value": 1,
      "type": "number"
    },
    "hello-world": {
      "value": "Hello World",
      "type": "string"
    },
    "public_ip": {
      "value": "3.89.202.5",
      "type": "string"
    },
    "public_ip_server_subnet_1": {
      "value": "54.89.142.158",
      "type": "string"
    },
    "public_url": {
      "value": "https://3.86.219.234:8080/index.html",
      "type": "string"
    },
    "s3_bucket_name": {
      "value": "terraform-20240501152311015700000003.s3.amazonaws.com",
      "type": "string"
    },
    "size": {
      "value": "t2.micro",
      "type": "string"
    },
    "vpc_id": {
      "value": "vpc-063d15b3b873fdb47",
      "type": "string"
    },
    "vpc_information": {
      "value": "Your demo_environment VPC has an ID of vpc-063d15b3b873fdb47",
      "type": "string"
    }
  },
  "resources": [
    {
      "mode": "data",
      "type": "aws_ami",
      "name": "ubuntu_22_04",
      "provider": "provider[\"registry.terraform.io/hashicorp/aws\"]",
      "instances": [
        {
          "schema_version": 0,
          "attributes": {
            "architecture": "x86_64",
            "arn": "arn:aws:ec2:us-east-1::image/ami-0cfa2ad4242c3168d",
            "block_device_mappings": [
              {
                "device_name": "/dev/sda1",
                "ebs": {
                  "delete_on_termination": "true",
                  "encrypted": "false",
                  "iops": "0",
                  "snapshot_id": "snap-0559e22f4dac42b32",
                  "throughput": "0",
                  "volume_size": "8",
                  "volume_type": "gp2"
                },
                "no_device": "",
                "virtual_name": ""
              },
              {
                "device_name": "/dev/sdb",
                "ebs": {},
                "no_device": "",
                "virtual_name": "ephemeral0"
              },
              {
                "device_name": "/dev/sdc",
                "ebs": {},
                "no_device": "",
                "virtual_name": "ephemeral1"
              }
            ],
            "creation_date": "2024-05-01T02:43:50.000Z",
            "description": "Canonical, Ubuntu, 22.04 LTS, amd64 jammy image build on 2024-05-01",
            "ena_support": true,
            "executable_users": null,
            "filter": [
              {
                "name": "name",
                "values": [
                  "ubuntu/images/hvm-ssd/ubuntu-jammy-22.04-amd64-server-*"
                ]
              }
            ],
            "hypervisor": "xen",
            "id": "ami-0cfa2ad4242c3168d",
            "image_id": "ami-0cfa2ad4242c3168d",
            "image_location": "amazon/ubuntu/images/hvm-ssd/ubuntu-jammy-22.04-amd64-server-20240501",
            "image_owner_alias": "amazon",
            "image_type": "machine",
            "kernel_id": null,
            "most_recent": true,
            "name": "ubuntu/images/hvm-ssd/ubuntu-jammy-22.04-amd64-server-20240501",
            "name_regex": null,
            "owner_id": "099720109477",
            "owners": [
              "099720109477"
            ],
            "platform": null,
            "platform_details": "Linux/UNIX",
            "product_codes": [],
            "public": true,
            "ramdisk_id": null,
            "root_device_name": "/dev/sda1",
            "root_device_type": "ebs",
            "root_snapshot_id": "snap-0559e22f4dac42b32",
            "sriov_net_support": "simple",
            "state": "available",
            "state_reason": {
              "code": "UNSET",
              "message": "UNSET"
            },
            "tags": {},
            "usage_operation": "RunInstances",
            "virtualization_type": "hvm"
          },
          "sensitive_attributes": []
        }
      ]
    },
    {
      "mode": "data",
      "type": "aws_availability_zones",
      "name": "available",
      "provider": "provider[\"registry.terraform.io/hashicorp/aws\"]",
      "instances": [
        {
          "schema_version": 0,
          "attributes": {
            "all_availability_zones": null,
            "exclude_names": null,
            "exclude_zone_ids": null,
            "filter": null,
            "group_names": [
              "us-east-1"
            ],
            "id": "us-east-1",
            "names": [
              "us-east-1a",
              "us-east-1b",
              "us-east-1c",
              "us-east-1d",
              "us-east-1e",
              "us-east-1f"
            ],
            "state": null,
            "zone_ids": [
              "use1-az1",
              "use1-az2",
              "use1-az4",
              "use1-az6",
              "use1-az3",
              "use1-az5"
            ]
          },
          "sensitive_attributes": []
        }
      ]
    },
    {
      "mode": "data",
      "type": "aws_region",
      "name": "current",
      "provider": "provider[\"registry.terraform.io/hashicorp/aws\"]",
      "instances": [
        {
          "schema_version": 0,
          "attributes": {
            "description": "US East (N. Virginia)",
            "endpoint": "ec2.us-east-1.amazonaws.com",
            "id": "us-east-1",
            "name": "us-east-1"
          },
          "sensitive_attributes": []
        }
      ]
    },
    {
      "mode": "managed",
      "type": "aws_eip",
      "name": "nat_gateway_eip",
      "provider": "provider[\"registry.terraform.io/hashicorp/aws\"]",
      "instances": [
        {
          "schema_version": 0,
          "attributes": {
            "address": null,
            "allocation_id": "eipalloc-02f939d6778c5172d",
            "associate_with_private_ip": null,
            "association_id": "eipassoc-08e99083037bcf440",
            "carrier_ip": "",
            "customer_owned_ip": "",
            "customer_owned_ipv4_pool": "",
            "domain": "vpc",
            "id": "eipalloc-02f939d6778c5172d",
            "instance": "",
            "network_border_group": "us-east-1",
            "network_interface": "eni-068f2b0ac4cb9c4be",
            "private_dns": "ip-10-0-101-39.ec2.internal",
            "private_ip": "10.0.101.39",
            "public_dns": "ec2-3-217-22-205.compute-1.amazonaws.com",
            "public_ip": "3.217.22.205",
            "public_ipv4_pool": "amazon",
            "tags": {
              "Name": "demo_igw_eip"
            },
            "tags_all": {
              "Environment": "default",
              "Name": "demo_igw_eip",
              "Owner": "Chedjou",
              "Provisioned": "Terraform"
            },
            "timeouts": null,
            "vpc": true
          },
          "sensitive_attributes": [],
          "private": "eyJlMmJmYjczMC1lY2FhLTExZTYtOGY4OC0zNDM2M2JjN2M0YzAiOnsiZGVsZXRlIjoxODAwMDAwMDAwMDAsInJlYWQiOjkwMDAwMDAwMDAwMCwidXBkYXRlIjozMDAwMDAwMDAwMDB9fQ==",
          "dependencies": [
            "aws_internet_gateway.internet_gateway",
            "aws_vpc.vpc",
            "data.aws_region.current"
          ]
        }
      ]
    },
    {
      "mode": "managed",
      "type": "aws_instance",
      "name": "ubuntu_server",
      "provider": "provider[\"registry.terraform.io/hashicorp/aws\"]",
      "instances": [
        {
          "schema_version": 1,
          "attributes": {
            "ami": "ami-0cfa2ad4242c3168d",
            "arn": "arn:aws:ec2:us-east-1:815619730776:instance/i-003777abd98fb838f",
            "associate_public_ip_address": true,
            "availability_zone": "us-east-1b",
            "capacity_reservation_specification": [
              {
                "capacity_reservation_preference": "open",
                "capacity_reservation_target": []
              }
            ],
            "cpu_core_count": 1,
            "cpu_threads_per_core": 1,
            "credit_specification": [
              {
                "cpu_credits": "standard"
              }
            ],
            "disable_api_termination": false,
            "ebs_block_device": [],
            "ebs_optimized": false,
            "enclave_options": [
              {
                "enabled": false
              }
            ],
            "ephemeral_block_device": [],
            "get_password_data": false,
            "hibernation": false,
            "host_id": null,
            "iam_instance_profile": "",
            "id": "i-003777abd98fb838f",
            "instance_initiated_shutdown_behavior": "stop",
            "instance_state": "running",
            "instance_type": "t2.micro",
            "ipv6_address_count": 0,
            "ipv6_addresses": [],
            "key_name": "MyAWSKey",
            "launch_template": [],
            "metadata_options": [
              {
                "http_endpoint": "enabled",
                "http_put_response_hop_limit": 1,
                "http_tokens": "optional",
                "instance_metadata_tags": "disabled"
              }
            ],
            "monitoring": false,
            "network_interface": [],
            "outpost_arn": "",
            "password_data": "",
            "placement_group": "",
            "placement_partition_number": null,
            "primary_network_interface_id": "eni-000c8170bc1956b60",
            "private_dns": "ip-10-0-101-161.ec2.internal",
            "private_ip": "10.0.101.161",
            "public_dns": "",
            "public_ip": "3.86.219.234",
            "root_block_device": [
              {
                "delete_on_termination": true,
                "device_name": "/dev/sda1",
                "encrypted": false,
                "iops": 100,
                "kms_key_id": "",
                "tags": {},
                "throughput": 0,
                "volume_id": "vol-0529aee7a6486e9bd",
                "volume_size": 8,
                "volume_type": "gp2"
              }
            ],
            "secondary_private_ips": [],
            "security_groups": [],
            "source_dest_check": true,
            "subnet_id": "subnet-0a39ac0ace84c6876",
            "tags": {
              "App": "corp_api",
              "Name": "ec2-prod-api-us-east-1c",
              "Owner": "api_mgmt_dev"
            },
            "tags_all": {
              "App": "corp_api",
              "Environment": "default",
              "Name": "ec2-prod-api-us-east-1c",
              "Owner": "api_mgmt_dev",
              "Provisioned": "Terraform"
            },
            "tenancy": "default",
            "timeouts": null,
            "user_data": null,
            "user_data_base64": null,
            "volume_tags": null,
            "vpc_security_group_ids": [
              "sg-05ea71dbb73565f8f",
              "sg-086b731604e2f254b",
              "sg-0a593602362e3c02d"
            ]
          },
          "sensitive_attributes": [],
          "private": "eyJlMmJmYjczMC1lY2FhLTExZTYtOGY4OC0zNDM2M2JjN2M0YzAiOnsiY3JlYXRlIjo2MDAwMDAwMDAwMDAsImRlbGV0ZSI6MTIwMDAwMDAwMDAwMCwidXBkYXRlIjo2MDAwMDAwMDAwMDB9LCJzY2hlbWFfdmVyc2lvbiI6IjEifQ==",
          "dependencies": [
            "aws_key_pair.generated",
            "aws_security_group.ingress-ssh",
            "aws_security_group.vpc-ping",
            "aws_security_group.vpc-web",
            "aws_subnet.public_subnets",
            "aws_vpc.vpc",
            "data.aws_ami.ubuntu_22_04",
            "data.aws_availability_zones.available",
            "data.aws_region.current",
            "local_file.private_key_pem",
            "tls_private_key.generated"
          ]
        }
      ]
    },
    {
      "mode": "managed",
      "type": "aws_instance",
      "name": "web_server",
      "provider": "provider[\"registry.terraform.io/hashicorp/aws\"]",
      "instances": [
        {
          "schema_version": 1,
          "attributes": {
            "ami": "ami-0cfa2ad4242c3168d",
            "arn": "arn:aws:ec2:us-east-1:815619730776:instance/i-03e770538e346a080",
            "associate_public_ip_address": true,
            "availability_zone": "us-east-1b",
            "capacity_reservation_specification": [
              {
                "capacity_reservation_preference": "open",
                "capacity_reservation_target": []
              }
            ],
            "cpu_core_count": 1,
            "cpu_threads_per_core": 1,
            "credit_specification": [
              {
                "cpu_credits": "standard"
              }
            ],
            "disable_api_termination": false,
            "ebs_block_device": [],
            "ebs_optimized": false,
            "enclave_options": [
              {
                "enabled": false
              }
            ],
            "ephemeral_block_device": [],
            "get_password_data": false,
            "hibernation": false,
            "host_id": null,
            "iam_instance_profile": "",
            "id": "i-03e770538e346a080",
            "instance_initiated_shutdown_behavior": "stop",
            "instance_state": "running",
            "instance_type": "t2.micro",
            "ipv6_address_count": 0,
            "ipv6_addresses": [],
            "key_name": "MyAWSKey",
            "launch_template": [],
            "metadata_options": [
              {
                "http_endpoint": "enabled",
                "http_put_response_hop_limit": 1,
                "http_tokens": "optional",
                "instance_metadata_tags": "disabled"
              }
            ],
            "monitoring": false,
            "network_interface": [],
            "outpost_arn": "",
            "password_data": "",
            "placement_group": "",
            "placement_partition_number": null,
            "primary_network_interface_id": "eni-088186eee4225b9d7",
            "private_dns": "ip-10-0-101-23.ec2.internal",
            "private_ip": "10.0.101.23",
            "public_dns": "",
            "public_ip": "3.82.122.183",
            "root_block_device": [
              {
                "delete_on_termination": true,
                "device_name": "/dev/sda1",
                "encrypted": false,
                "iops": 100,
                "kms_key_id": "",
                "tags": {},
                "throughput": 0,
                "volume_id": "vol-0752452c672bc1bda",
                "volume_size": 8,
                "volume_type": "gp2"
              }
            ],
            "secondary_private_ips": [],
            "security_groups": [],
            "source_dest_check": true,
            "subnet_id": "subnet-0a39ac0ace84c6876",
            "tags": {
              "Name": "Web EC2 Server"
            },
            "tags_all": {
              "Environment": "default",
              "Name": "Web EC2 Server",
              "Owner": "Chedjou",
              "Provisioned": "Terraform"
            },
            "tenancy": "default",
            "timeouts": null,
            "user_data": null,
            "user_data_base64": null,
            "volume_tags": null,
            "vpc_security_group_ids": [
              "sg-05ea71dbb73565f8f",
              "sg-086b731604e2f254b",
              "sg-0a593602362e3c02d"
            ]
          },
          "sensitive_attributes": [],
          "private": "eyJlMmJmYjczMC1lY2FhLTExZTYtOGY4OC0zNDM2M2JjN2M0YzAiOnsiY3JlYXRlIjo2MDAwMDAwMDAwMDAsImRlbGV0ZSI6MTIwMDAwMDAwMDAwMCwidXBkYXRlIjo2MDAwMDAwMDAwMDB9LCJzY2hlbWFfdmVyc2lvbiI6IjEifQ==",
          "dependencies": [
            "aws_key_pair.generated",
            "aws_security_group.ingress-ssh",
            "aws_security_group.vpc-ping",
            "aws_security_group.vpc-web",
            "aws_subnet.public_subnets",
            "aws_vpc.vpc",
            "data.aws_ami.ubuntu_22_04",
            "data.aws_availability_zones.available",
            "data.aws_region.current",
            "local_file.private_key_pem",
            "tls_private_key.generated"
          ]
        }
      ]
    },
    {
      "mode": "managed",
      "type": "aws_instance",
      "name": "web_server_2",
      "provider": "provider[\"registry.terraform.io/hashicorp/aws\"]",
      "instances": [
        {
          "schema_version": 1,
          "attributes": {
            "ami": "ami-0cfa2ad4242c3168d",
            "arn": "arn:aws:ec2:us-east-1:815619730776:instance/i-05653f462a6990705",
            "associate_public_ip_address": true,
            "availability_zone": "us-east-1c",
            "capacity_reservation_specification": [
              {
                "capacity_reservation_preference": "open",
                "capacity_reservation_target": []
              }
            ],
            "cpu_core_count": 1,
            "cpu_threads_per_core": 1,
            "credit_specification": [
              {
                "cpu_credits": "standard"
              }
            ],
            "disable_api_termination": false,
            "ebs_block_device": [],
            "ebs_optimized": false,
            "enclave_options": [
              {
                "enabled": false
              }
            ],
            "ephemeral_block_device": [],
            "get_password_data": false,
            "hibernation": false,
            "host_id": null,
            "iam_instance_profile": "",
            "id": "i-05653f462a6990705",
            "instance_initiated_shutdown_behavior": "stop",
            "instance_state": "running",
            "instance_type": "t2.micro",
            "ipv6_address_count": 0,
            "ipv6_addresses": [],
            "key_name": "",
            "launch_template": [],
            "metadata_options": [
              {
                "http_endpoint": "enabled",
                "http_put_response_hop_limit": 1,
                "http_tokens": "optional",
                "instance_metadata_tags": "disabled"
              }
            ],
            "monitoring": false,
            "network_interface": [],
            "outpost_arn": "",
            "password_data": "",
            "placement_group": "",
            "placement_partition_number": null,
            "primary_network_interface_id": "eni-0f2d5379c1a0137e2",
            "private_dns": "ip-10-0-102-153.ec2.internal",
            "private_ip": "10.0.102.153",
            "public_dns": "",
            "public_ip": "35.173.136.44",
            "root_block_device": [
              {
                "delete_on_termination": true,
                "device_name": "/dev/sda1",
                "encrypted": false,
                "iops": 100,
                "kms_key_id": "",
                "tags": {},
                "throughput": 0,
                "volume_id": "vol-03a9c15907b1e3203",
                "volume_size": 8,
                "volume_type": "gp2"
              }
            ],
            "secondary_private_ips": [],
            "security_groups": [],
            "source_dest_check": true,
            "subnet_id": "subnet-007e28671c5455474",
            "tags": {
              "Name": "Web EC2 Server 3"
            },
            "tags_all": {
              "Environment": "default",
              "Name": "Web EC2 Server 3",
              "Owner": "Chedjou",
              "Provisioned": "Terraform"
            },
            "tenancy": "default",
            "timeouts": null,
            "user_data": null,
            "user_data_base64": null,
            "volume_tags": null,
            "vpc_security_group_ids": [
              "sg-08f594f5f9acb14ff"
            ]
          },
          "sensitive_attributes": [],
          "private": "eyJlMmJmYjczMC1lY2FhLTExZTYtOGY4OC0zNDM2M2JjN2M0YzAiOnsiY3JlYXRlIjo2MDAwMDAwMDAwMDAsImRlbGV0ZSI6MTIwMDAwMDAwMDAwMCwidXBkYXRlIjo2MDAwMDAwMDAwMDB9LCJzY2hlbWFfdmVyc2lvbiI6IjEifQ==",
          "dependencies": [
            "aws_subnet.public_subnets",
            "aws_vpc.vpc",
            "data.aws_ami.ubuntu_22_04",
            "data.aws_availability_zones.available",
            "data.aws_region.current"
          ]
        }
      ]
    },
    {
      "mode": "managed",
      "type": "aws_internet_gateway",
      "name": "internet_gateway",
      "provider": "provider[\"registry.terraform.io/hashicorp/aws\"]",
      "instances": [
        {
          "schema_version": 0,
          "attributes": {
            "arn": "arn:aws:ec2:us-east-1:815619730776:internet-gateway/igw-0af2bcdd8e8c8c1c4",
            "id": "igw-0af2bcdd8e8c8c1c4",
            "owner_id": "815619730776",
            "tags": {
              "Name": "demo_igw"
            },
            "tags_all": {
              "Environment": "default",
              "Name": "demo_igw",
              "Owner": "Chedjou",
              "Provisioned": "Terraform"
            },
            "vpc_id": "vpc-063d15b3b873fdb47"
          },
          "sensitive_attributes": [],
          "private": "bnVsbA==",
          "dependencies": [
            "aws_vpc.vpc",
            "data.aws_region.current"
          ]
        }
      ]
    },
    {
      "mode": "managed",
      "type": "aws_key_pair",
      "name": "generated",
      "provider": "provider[\"registry.terraform.io/hashicorp/aws\"]",
      "instances": [
        {
          "schema_version": 1,
          "attributes": {
            "arn": "arn:aws:ec2:us-east-1:815619730776:key-pair/MyAWSKey",
            "fingerprint": "05:b3:d4:91:1d:65:5a:17:86:da:84:b2:22:c6:7a:29",
            "id": "MyAWSKey",
            "key_name": "MyAWSKey",
            "key_name_prefix": "",
            "key_pair_id": "key-06b9d06caf67d23e1",
            "public_key": "ssh-rsa AAAAB3NzaC1yc2EAAAADAQABAAABAQCj/Um9AyhOznaV1sWACAL8BjZBWE6EmoYuE3PCJFoUScvROVJGKEcrzMugaatBv40REOM+nTQvZmmezyP7nYrtM7H+OMMcqCjS1gROG/QIqXTGcNriPQvAl63711SpaFR3gNIn5sv3f+hfbfC4NVUldvUrx34C4Y4cjvK3CvFgM3tcPsUE3wYRNXXmxzXIKha9wdVpdw+H5I1fzjmx8O4G/+88+WyuzQpLY1ZTpqZI4DUKmK1nv5vD/SEGQCs3FnagJqeGTcpZuNI8GBbdbikenDXLgnThUAkoW034WS5sRO8tx0iDAJa5GXm7KtHkVeleGgodK7Q+JTNOpZq4YJ+9",
            "tags": {},
            "tags_all": {
              "Environment": "default",
              "Owner": "Chedjou",
              "Provisioned": "Terraform"
            }
          },
          "sensitive_attributes": [],
          "private": "eyJzY2hlbWFfdmVyc2lvbiI6IjEifQ==",
          "dependencies": [
            "tls_private_key.generated"
          ]
        }
      ]
    },
    {
      "mode": "managed",
      "type": "aws_nat_gateway",
      "name": "nat_gateway",
      "provider": "provider[\"registry.terraform.io/hashicorp/aws\"]",
      "instances": [
        {
          "schema_version": 0,
          "attributes": {
            "allocation_id": "eipalloc-02f939d6778c5172d",
            "connectivity_type": "public",
            "id": "nat-0a7cd910d62e82de3",
            "network_interface_id": "eni-068f2b0ac4cb9c4be",
            "private_ip": "10.0.101.39",
            "public_ip": "3.217.22.205",
            "subnet_id": "subnet-0a39ac0ace84c6876",
            "tags": {
              "Name": "demo_nat_gateway"
            },
            "tags_all": {
              "Environment": "default",
              "Name": "demo_nat_gateway",
              "Owner": "Chedjou",
              "Provisioned": "Terraform"
            }
          },
          "sensitive_attributes": [],
          "private": "bnVsbA==",
          "dependencies": [
            "aws_eip.nat_gateway_eip",
            "aws_internet_gateway.internet_gateway",
            "aws_subnet.public_subnets",
            "aws_vpc.vpc",
            "data.aws_availability_zones.available",
            "data.aws_region.current"
          ]
        }
      ]
    },
    {
      "mode": "managed",
      "type": "aws_route_table",
      "name": "private_route_table",
      "provider": "provider[\"registry.terraform.io/hashicorp/aws\"]",
      "instances": [
        {
          "schema_version": 0,
          "attributes": {
            "arn": "arn:aws:ec2:us-east-1:815619730776:route-table/rtb-0ca1a85f2e2c44b8d",
            "id": "rtb-0ca1a85f2e2c44b8d",
            "owner_id": "815619730776",
            "propagating_vgws": [],
            "route": [
              {
                "carrier_gateway_id": "",
                "cidr_block": "0.0.0.0/0",
                "destination_prefix_list_id": "",
                "egress_only_gateway_id": "",
                "gateway_id": "",
                "instance_id": "",
                "ipv6_cidr_block": "",
                "local_gateway_id": "",
                "nat_gateway_id": "nat-0a7cd910d62e82de3",
                "network_interface_id": "",
                "transit_gateway_id": "",
                "vpc_endpoint_id": "",
                "vpc_peering_connection_id": ""
              }
            ],
            "tags": {
              "Name": "demo_private_rtb",
              "Terraform": "true"
            },
            "tags_all": {
              "Environment": "default",
              "Name": "demo_private_rtb",
              "Owner": "Chedjou",
              "Provisioned": "Terraform",
              "Terraform": "true"
            },
            "timeouts": null,
            "vpc_id": "vpc-063d15b3b873fdb47"
          },
          "sensitive_attributes": [],
          "private": "eyJlMmJmYjczMC1lY2FhLTExZTYtOGY4OC0zNDM2M2JjN2M0YzAiOnsiY3JlYXRlIjozMDAwMDAwMDAwMDAsImRlbGV0ZSI6MzAwMDAwMDAwMDAwLCJ1cGRhdGUiOjEyMDAwMDAwMDAwMH19",
          "dependencies": [
            "aws_eip.nat_gateway_eip",
            "aws_internet_gateway.internet_gateway",
            "aws_nat_gateway.nat_gateway",
            "aws_subnet.public_subnets",
            "aws_vpc.vpc",
            "data.aws_availability_zones.available",
            "data.aws_region.current"
          ]
        }
      ]
    },
    {
      "mode": "managed",
      "type": "aws_route_table",
      "name": "public_route_table",
      "provider": "provider[\"registry.terraform.io/hashicorp/aws\"]",
      "instances": [
        {
          "schema_version": 0,
          "attributes": {
            "arn": "arn:aws:ec2:us-east-1:815619730776:route-table/rtb-03ed683a69e2ed761",
            "id": "rtb-03ed683a69e2ed761",
            "owner_id": "815619730776",
            "propagating_vgws": [],
            "route": [
              {
                "carrier_gateway_id": "",
                "cidr_block": "0.0.0.0/0",
                "destination_prefix_list_id": "",
                "egress_only_gateway_id": "",
                "gateway_id": "igw-0af2bcdd8e8c8c1c4",
                "instance_id": "",
                "ipv6_cidr_block": "",
                "local_gateway_id": "",
                "nat_gateway_id": "",
                "network_interface_id": "",
                "transit_gateway_id": "",
                "vpc_endpoint_id": "",
                "vpc_peering_connection_id": ""
              }
            ],
            "tags": {
              "Name": "demo_public_rtb",
              "Terraform": "true"
            },
            "tags_all": {
              "Environment": "default",
              "Name": "demo_public_rtb",
              "Owner": "Chedjou",
              "Provisioned": "Terraform",
              "Terraform": "true"
            },
            "timeouts": null,
            "vpc_id": "vpc-063d15b3b873fdb47"
          },
          "sensitive_attributes": [],
          "private": "eyJlMmJmYjczMC1lY2FhLTExZTYtOGY4OC0zNDM2M2JjN2M0YzAiOnsiY3JlYXRlIjozMDAwMDAwMDAwMDAsImRlbGV0ZSI6MzAwMDAwMDAwMDAwLCJ1cGRhdGUiOjEyMDAwMDAwMDAwMH19",
          "dependencies": [
            "aws_internet_gateway.internet_gateway",
            "aws_vpc.vpc",
            "data.aws_region.current"
          ]
        }
      ]
    },
    {
      "mode": "managed",
      "type": "aws_route_table_association",
      "name": "private",
      "provider": "provider[\"registry.terraform.io/hashicorp/aws\"]",
      "instances": [
        {
          "index_key": "private_subnet_1",
          "schema_version": 0,
          "attributes": {
            "gateway_id": "",
            "id": "rtbassoc-0b70c405a375ac977",
            "route_table_id": "rtb-0ca1a85f2e2c44b8d",
            "subnet_id": "subnet-02091ebe9566ec4d8"
          },
          "sensitive_attributes": [],
          "private": "bnVsbA==",
          "dependencies": [
            "aws_eip.nat_gateway_eip",
            "aws_internet_gateway.internet_gateway",
            "aws_nat_gateway.nat_gateway",
            "aws_route_table.private_route_table",
            "aws_subnet.private_subnets",
            "aws_subnet.public_subnets",
            "aws_vpc.vpc",
            "data.aws_availability_zones.available",
            "data.aws_region.current"
          ]
        },
        {
          "index_key": "private_subnet_2",
          "schema_version": 0,
          "attributes": {
            "gateway_id": "",
            "id": "rtbassoc-007e6ce7cfd4286a3",
            "route_table_id": "rtb-0ca1a85f2e2c44b8d",
            "subnet_id": "subnet-069d8b98db7c5592f"
          },
          "sensitive_attributes": [],
          "private": "bnVsbA==",
          "dependencies": [
            "aws_eip.nat_gateway_eip",
            "aws_internet_gateway.internet_gateway",
            "aws_nat_gateway.nat_gateway",
            "aws_route_table.private_route_table",
            "aws_subnet.private_subnets",
            "aws_subnet.public_subnets",
            "aws_vpc.vpc",
            "data.aws_availability_zones.available",
            "data.aws_region.current"
          ]
        },
        {
          "index_key": "private_subnet_3",
          "schema_version": 0,
          "attributes": {
            "gateway_id": "",
            "id": "rtbassoc-08b903392fefceea5",
            "route_table_id": "rtb-0ca1a85f2e2c44b8d",
            "subnet_id": "subnet-0ff410fc767f5d176"
          },
          "sensitive_attributes": [],
          "private": "bnVsbA==",
          "dependencies": [
            "aws_eip.nat_gateway_eip",
            "aws_internet_gateway.internet_gateway",
            "aws_nat_gateway.nat_gateway",
            "aws_route_table.private_route_table",
            "aws_subnet.private_subnets",
            "aws_subnet.public_subnets",
            "aws_vpc.vpc",
            "data.aws_availability_zones.available",
            "data.aws_region.current"
          ]
        }
      ]
    },
    {
      "mode": "managed",
      "type": "aws_route_table_association",
      "name": "public",
      "provider": "provider[\"registry.terraform.io/hashicorp/aws\"]",
      "instances": [
        {
          "index_key": "public_subnet_1",
          "schema_version": 0,
          "attributes": {
            "gateway_id": "",
            "id": "rtbassoc-0e4a1a2525c58bebc",
            "route_table_id": "rtb-03ed683a69e2ed761",
            "subnet_id": "subnet-0a39ac0ace84c6876"
          },
          "sensitive_attributes": [],
          "private": "bnVsbA==",
          "dependencies": [
            "aws_internet_gateway.internet_gateway",
            "aws_route_table.public_route_table",
            "aws_subnet.public_subnets",
            "aws_vpc.vpc",
            "data.aws_availability_zones.available",
            "data.aws_region.current"
          ]
        },
        {
          "index_key": "public_subnet_2",
          "schema_version": 0,
          "attributes": {
            "gateway_id": "",
            "id": "rtbassoc-0b2f0e728101392a7",
            "route_table_id": "rtb-03ed683a69e2ed761",
            "subnet_id": "subnet-007e28671c5455474"
          },
          "sensitive_attributes": [],
          "private": "bnVsbA==",
          "dependencies": [
            "aws_internet_gateway.internet_gateway",
            "aws_route_table.public_route_table",
            "aws_subnet.public_subnets",
            "aws_vpc.vpc",
            "data.aws_availability_zones.available",
            "data.aws_region.current"
          ]
        },
        {
          "index_key": "public_subnet_3",
          "schema_version": 0,
          "attributes": {
            "gateway_id": "",
            "id": "rtbassoc-0d61789ffd9093cf4",
            "route_table_id": "rtb-03ed683a69e2ed761",
            "subnet_id": "subnet-0d46b50382a28d6a6"
          },
          "sensitive_attributes": [],
          "private": "bnVsbA==",
          "dependencies": [
            "aws_internet_gateway.internet_gateway",
            "aws_route_table.public_route_table",
            "aws_subnet.public_subnets",
            "aws_vpc.vpc",
            "data.aws_availability_zones.available",
            "data.aws_region.current"
          ]
        }
      ]
    },
    {
      "mode": "managed",
      "type": "aws_s3_bucket",
      "name": "my-new-S3-bucket",
      "provider": "provider[\"registry.terraform.io/hashicorp/aws\"]",
      "instances": [
        {
          "schema_version": 0,
          "attributes": {
            "acceleration_status": "",
            "acl": "private",
            "arn": "arn:aws:s3:::my-new-tf-test-bucket-a70f3e217a302d13002412b1eb62e981",
            "bucket": "my-new-tf-test-bucket-a70f3e217a302d13002412b1eb62e981",
            "bucket_domain_name": "my-new-tf-test-bucket-a70f3e217a302d13002412b1eb62e981.s3.amazonaws.com",
            "bucket_prefix": null,
            "bucket_regional_domain_name": "my-new-tf-test-bucket-a70f3e217a302d13002412b1eb62e981.s3.amazonaws.com",
            "cors_rule": [],
            "force_destroy": false,
            "grant": [],
            "hosted_zone_id": "Z3AQBSTGFYJSTF",
            "id": "my-new-tf-test-bucket-a70f3e217a302d13002412b1eb62e981",
            "lifecycle_rule": [],
            "logging": [],
            "object_lock_configuration": [],
            "object_lock_enabled": false,
            "policy": null,
            "region": "us-east-1",
            "replication_configuration": [],
            "request_payer": "BucketOwner",
            "server_side_encryption_configuration": [
              {
                "rule": [
                  {
                    "apply_server_side_encryption_by_default": [
                      {
                        "kms_master_key_id": "",
                        "sse_algorithm": "AES256"
                      }
                    ],
                    "bucket_key_enabled": false
                  }
                ]
              }
            ],
            "tags": {
              "Name": "My S3 Bucket",
              "Purpose": "Intro to Resource Blocks Lab"
            },
            "tags_all": {
              "Environment": "default",
              "Name": "My S3 Bucket",
              "Owner": "Chedjou",
              "Provisioned": "Terraform",
              "Purpose": "Intro to Resource Blocks Lab"
            },
            "versioning": [
              {
                "enabled": false,
                "mfa_delete": false
              }
            ],
            "website": [],
            "website_domain": null,
            "website_endpoint": null
          },
          "sensitive_attributes": [],
          "private": "bnVsbA==",
          "dependencies": [
            "random_id.randomness"
          ]
        }
      ]
    },
    {
      "mode": "managed",
      "type": "aws_s3_bucket_ownership_controls",
      "name": "my_new_bucket_acl",
      "provider": "provider[\"registry.terraform.io/hashicorp/aws\"]",
      "instances": [
        {
          "schema_version": 0,
          "attributes": {
            "bucket": "my-new-tf-test-bucket-a70f3e217a302d13002412b1eb62e981",
            "id": "my-new-tf-test-bucket-a70f3e217a302d13002412b1eb62e981",
            "rule": [
              {
                "object_ownership": "BucketOwnerPreferred"
              }
            ]
          },
          "sensitive_attributes": [],
          "private": "bnVsbA==",
          "dependencies": [
            "aws_s3_bucket.my-new-S3-bucket",
            "random_id.randomness"
          ]
        }
      ]
    },
    {
      "mode": "managed",
      "type": "aws_security_group",
      "name": "ingress-ssh",
      "provider": "provider[\"registry.terraform.io/hashicorp/aws\"]",
      "instances": [
        {
          "schema_version": 1,
          "attributes": {
            "arn": "arn:aws:ec2:us-east-1:815619730776:security-group/sg-0a593602362e3c02d",
            "description": "Managed by Terraform",
            "egress": [
              {
                "cidr_blocks": [
                  "0.0.0.0/0"
                ],
                "description": "",
                "from_port": 0,
                "ipv6_cidr_blocks": [],
                "prefix_list_ids": [],
                "protocol": "-1",
                "security_groups": [],
                "self": false,
                "to_port": 0
              }
            ],
            "id": "sg-0a593602362e3c02d",
            "ingress": [
              {
                "cidr_blocks": [
                  "0.0.0.0/0"
                ],
                "description": "",
                "from_port": 22,
                "ipv6_cidr_blocks": [],
                "prefix_list_ids": [],
                "protocol": "tcp",
                "security_groups": [],
                "self": false,
                "to_port": 22
              }
            ],
            "name": "allow-all-ssh-for-terraform-provioners",
            "name_prefix": "",
            "owner_id": "815619730776",
            "revoke_rules_on_delete": false,
            "tags": {},
            "tags_all": {
              "Environment": "default",
              "Owner": "Chedjou",
              "Provisioned": "Terraform"
            },
            "timeouts": null,
            "vpc_id": "vpc-063d15b3b873fdb47"
          },
          "sensitive_attributes": [],
          "private": "eyJlMmJmYjczMC1lY2FhLTExZTYtOGY4OC0zNDM2M2JjN2M0YzAiOnsiY3JlYXRlIjo2MDAwMDAwMDAwMDAsImRlbGV0ZSI6OTAwMDAwMDAwMDAwfSwic2NoZW1hX3ZlcnNpb24iOiIxIn0=",
          "dependencies": [
            "aws_vpc.vpc",
            "data.aws_region.current"
          ]
        }
      ]
    },
    {
      "mode": "managed",
      "type": "aws_security_group",
      "name": "my-new-security-group",
      "provider": "provider[\"registry.terraform.io/hashicorp/aws\"]",
      "instances": [
        {
          "schema_version": 1,
          "attributes": {
            "arn": "arn:aws:ec2:us-east-1:815619730776:security-group/sg-0e7cb5a8a6fe81744",
            "description": "Allow inbound traffic on tcp/443",
            "egress": [],
            "id": "sg-0e7cb5a8a6fe81744",
            "ingress": [
              {
                "cidr_blocks": [
                  "0.0.0.0/0"
                ],
                "description": "Allow 443 from the Internet",
                "from_port": 443,
                "ipv6_cidr_blocks": [],
                "prefix_list_ids": [],
                "protocol": "tcp",
                "security_groups": [],
                "self": false,
                "to_port": 443
              }
            ],
            "name": "web_server_inbound",
            "name_prefix": "",
            "owner_id": "815619730776",
            "revoke_rules_on_delete": false,
            "tags": {
              "Name": "web_server_inbound",
              "Purpose": "Intro to Resource Blocks Lab"
            },
            "tags_all": {
              "Environment": "default",
              "Name": "web_server_inbound",
              "Owner": "Chedjou",
              "Provisioned": "Terraform",
              "Purpose": "Intro to Resource Blocks Lab"
            },
            "timeouts": null,
            "vpc_id": "vpc-063d15b3b873fdb47"
          },
          "sensitive_attributes": [],
          "private": "eyJlMmJmYjczMC1lY2FhLTExZTYtOGY4OC0zNDM2M2JjN2M0YzAiOnsiY3JlYXRlIjo2MDAwMDAwMDAwMDAsImRlbGV0ZSI6OTAwMDAwMDAwMDAwfSwic2NoZW1hX3ZlcnNpb24iOiIxIn0=",
          "dependencies": [
            "aws_vpc.vpc",
            "data.aws_region.current"
          ]
        }
      ]
    },
    {
      "mode": "managed",
      "type": "aws_security_group",
      "name": "vpc-ping",
      "provider": "provider[\"registry.terraform.io/hashicorp/aws\"]",
      "instances": [
        {
          "schema_version": 1,
          "attributes": {
            "arn": "arn:aws:ec2:us-east-1:815619730776:security-group/sg-086b731604e2f254b",
            "description": "ICMP for Ping Access",
            "egress": [
              {
                "cidr_blocks": [
                  "0.0.0.0/0"
                ],
                "description": "Allow all ip and ports outboun",
                "from_port": 0,
                "ipv6_cidr_blocks": [],
                "prefix_list_ids": [],
                "protocol": "-1",
                "security_groups": [],
                "self": false,
                "to_port": 0
              }
            ],
            "id": "sg-086b731604e2f254b",
            "ingress": [
              {
                "cidr_blocks": [
                  "0.0.0.0/0"
                ],
                "description": "Allow ICMP Traffic",
                "from_port": -1,
                "ipv6_cidr_blocks": [],
                "prefix_list_ids": [],
                "protocol": "icmp",
                "security_groups": [],
                "self": false,
                "to_port": -1
              }
            ],
            "name": "vpc-ping",
            "name_prefix": "",
            "owner_id": "815619730776",
            "revoke_rules_on_delete": false,
            "tags": {},
            "tags_all": {
              "Environment": "default",
              "Owner": "Chedjou",
              "Provisioned": "Terraform"
            },
            "timeouts": null,
            "vpc_id": "vpc-063d15b3b873fdb47"
          },
          "sensitive_attributes": [],
          "private": "eyJlMmJmYjczMC1lY2FhLTExZTYtOGY4OC0zNDM2M2JjN2M0YzAiOnsiY3JlYXRlIjo2MDAwMDAwMDAwMDAsImRlbGV0ZSI6OTAwMDAwMDAwMDAwfSwic2NoZW1hX3ZlcnNpb24iOiIxIn0=",
          "dependencies": [
            "aws_vpc.vpc",
            "data.aws_region.current"
          ]
        }
      ]
    },
    {
      "mode": "managed",
      "type": "aws_security_group",
      "name": "vpc-web",
      "provider": "provider[\"registry.terraform.io/hashicorp/aws\"]",
      "instances": [
        {
          "schema_version": 1,
          "attributes": {
            "arn": "arn:aws:ec2:us-east-1:815619730776:security-group/sg-05ea71dbb73565f8f",
            "description": "Web Traffic",
            "egress": [
              {
                "cidr_blocks": [
                  "0.0.0.0/0"
                ],
                "description": "Allow all ip and ports outbound",
                "from_port": 0,
                "ipv6_cidr_blocks": [],
                "prefix_list_ids": [],
                "protocol": "-1",
                "security_groups": [],
                "self": false,
                "to_port": 0
              }
            ],
            "id": "sg-05ea71dbb73565f8f",
            "ingress": [
              {
                "cidr_blocks": [
                  "0.0.0.0/0"
                ],
                "description": "Allow Port 443",
                "from_port": 443,
                "ipv6_cidr_blocks": [],
                "prefix_list_ids": [],
                "protocol": "tcp",
                "security_groups": [],
                "self": false,
                "to_port": 443
              },
              {
                "cidr_blocks": [
                  "0.0.0.0/0"
                ],
                "description": "Allow Port 80",
                "from_port": 80,
                "ipv6_cidr_blocks": [],
                "prefix_list_ids": [],
                "protocol": "tcp",
                "security_groups": [],
                "self": false,
                "to_port": 80
              }
            ],
            "name": "vpc-web-default",
            "name_prefix": "",
            "owner_id": "815619730776",
            "revoke_rules_on_delete": false,
            "tags": {},
            "tags_all": {
              "Environment": "default",
              "Owner": "Chedjou",
              "Provisioned": "Terraform"
            },
            "timeouts": null,
            "vpc_id": "vpc-063d15b3b873fdb47"
          },
          "sensitive_attributes": [],
          "private": "eyJlMmJmYjczMC1lY2FhLTExZTYtOGY4OC0zNDM2M2JjN2M0YzAiOnsiY3JlYXRlIjo2MDAwMDAwMDAwMDAsImRlbGV0ZSI6OTAwMDAwMDAwMDAwfSwic2NoZW1hX3ZlcnNpb24iOiIxIn0=",
          "dependencies": [
            "aws_vpc.vpc",
            "data.aws_region.current"
          ]
        }
      ]
    },
    {
      "mode": "managed",
      "type": "aws_subnet",
      "name": "private_subnets",
      "provider": "provider[\"registry.terraform.io/hashicorp/aws\"]",
      "instances": [
        {
          "index_key": "private_subnet_1",
          "schema_version": 1,
          "attributes": {
            "arn": "arn:aws:ec2:us-east-1:815619730776:subnet/subnet-02091ebe9566ec4d8",
            "assign_ipv6_address_on_creation": false,
            "availability_zone": "us-east-1b",
            "availability_zone_id": "use1-az2",
            "cidr_block": "10.0.1.0/24",
            "customer_owned_ipv4_pool": "",
            "enable_dns64": false,
            "enable_resource_name_dns_a_record_on_launch": false,
            "enable_resource_name_dns_aaaa_record_on_launch": false,
            "id": "subnet-02091ebe9566ec4d8",
            "ipv6_cidr_block": "",
            "ipv6_cidr_block_association_id": "",
            "ipv6_native": false,
            "map_customer_owned_ip_on_launch": false,
            "map_public_ip_on_launch": false,
            "outpost_arn": "",
            "owner_id": "815619730776",
            "private_dns_hostname_type_on_launch": "ip-name",
            "tags": {
              "Name": "private_subnet_1",
              "Terraform": "true"
            },
            "tags_all": {
              "Environment": "default",
              "Name": "private_subnet_1",
              "Owner": "Chedjou",
              "Provisioned": "Terraform",
              "Terraform": "true"
            },
            "timeouts": null,
            "vpc_id": "vpc-063d15b3b873fdb47"
          },
          "sensitive_attributes": [],
          "private": "eyJlMmJmYjczMC1lY2FhLTExZTYtOGY4OC0zNDM2M2JjN2M0YzAiOnsiY3JlYXRlIjo2MDAwMDAwMDAwMDAsImRlbGV0ZSI6MTIwMDAwMDAwMDAwMH0sInNjaGVtYV92ZXJzaW9uIjoiMSJ9",
          "dependencies": [
            "aws_vpc.vpc",
            "data.aws_availability_zones.available",
            "data.aws_region.current"
          ],
          "create_before_destroy": true
        },
        {
          "index_key": "private_subnet_2",
          "schema_version": 1,
          "attributes": {
            "arn": "arn:aws:ec2:us-east-1:815619730776:subnet/subnet-069d8b98db7c5592f",
            "assign_ipv6_address_on_creation": false,
            "availability_zone": "us-east-1c",
            "availability_zone_id": "use1-az4",
            "cidr_block": "10.0.2.0/24",
            "customer_owned_ipv4_pool": "",
            "enable_dns64": false,
            "enable_resource_name_dns_a_record_on_launch": false,
            "enable_resource_name_dns_aaaa_record_on_launch": false,
            "id": "subnet-069d8b98db7c5592f",
            "ipv6_cidr_block": "",
            "ipv6_cidr_block_association_id": "",
            "ipv6_native": false,
            "map_customer_owned_ip_on_launch": false,
            "map_public_ip_on_launch": false,
            "outpost_arn": "",
            "owner_id": "815619730776",
            "private_dns_hostname_type_on_launch": "ip-name",
            "tags": {
              "Name": "private_subnet_2",
              "Terraform": "true"
            },
            "tags_all": {
              "Environment": "default",
              "Name": "private_subnet_2",
              "Owner": "Chedjou",
              "Provisioned": "Terraform",
              "Terraform": "true"
            },
            "timeouts": null,
            "vpc_id": "vpc-063d15b3b873fdb47"
          },
          "sensitive_attributes": [],
          "private": "eyJlMmJmYjczMC1lY2FhLTExZTYtOGY4OC0zNDM2M2JjN2M0YzAiOnsiY3JlYXRlIjo2MDAwMDAwMDAwMDAsImRlbGV0ZSI6MTIwMDAwMDAwMDAwMH0sInNjaGVtYV92ZXJzaW9uIjoiMSJ9",
          "dependencies": [
            "aws_vpc.vpc",
            "data.aws_availability_zones.available",
            "data.aws_region.current"
          ],
          "create_before_destroy": true
        },
        {
          "index_key": "private_subnet_3",
          "schema_version": 1,
          "attributes": {
            "arn": "arn:aws:ec2:us-east-1:815619730776:subnet/subnet-0ff410fc767f5d176",
            "assign_ipv6_address_on_creation": false,
            "availability_zone": "us-east-1d",
            "availability_zone_id": "use1-az6",
            "cidr_block": "10.0.3.0/24",
            "customer_owned_ipv4_pool": "",
            "enable_dns64": false,
            "enable_resource_name_dns_a_record_on_launch": false,
            "enable_resource_name_dns_aaaa_record_on_launch": false,
            "id": "subnet-0ff410fc767f5d176",
            "ipv6_cidr_block": "",
            "ipv6_cidr_block_association_id": "",
            "ipv6_native": false,
            "map_customer_owned_ip_on_launch": false,
            "map_public_ip_on_launch": false,
            "outpost_arn": "",
            "owner_id": "815619730776",
            "private_dns_hostname_type_on_launch": "ip-name",
            "tags": {
              "Name": "private_subnet_3",
              "Terraform": "true"
            },
            "tags_all": {
              "Environment": "default",
              "Name": "private_subnet_3",
              "Owner": "Chedjou",
              "Provisioned": "Terraform",
              "Terraform": "true"
            },
            "timeouts": null,
            "vpc_id": "vpc-063d15b3b873fdb47"
          },
          "sensitive_attributes": [],
          "private": "eyJlMmJmYjczMC1lY2FhLTExZTYtOGY4OC0zNDM2M2JjN2M0YzAiOnsiY3JlYXRlIjo2MDAwMDAwMDAwMDAsImRlbGV0ZSI6MTIwMDAwMDAwMDAwMH0sInNjaGVtYV92ZXJzaW9uIjoiMSJ9",
          "dependencies": [
            "aws_vpc.vpc",
            "data.aws_availability_zones.available",
            "data.aws_region.current"
          ],
          "create_before_destroy": true
        }
      ]
    },
    {
      "mode": "managed",
      "type": "aws_subnet",
      "name": "public_subnets",
      "provider": "provider[\"registry.terraform.io/hashicorp/aws\"]",
      "instances": [
        {
          "index_key": "public_subnet_1",
          "schema_version": 1,
          "attributes": {
            "arn": "arn:aws:ec2:us-east-1:815619730776:subnet/subnet-0a39ac0ace84c6876",
            "assign_ipv6_address_on_creation": false,
            "availability_zone": "us-east-1b",
            "availability_zone_id": "use1-az2",
            "cidr_block": "10.0.101.0/24",
            "customer_owned_ipv4_pool": "",
            "enable_dns64": false,
            "enable_resource_name_dns_a_record_on_launch": false,
            "enable_resource_name_dns_aaaa_record_on_launch": false,
            "id": "subnet-0a39ac0ace84c6876",
            "ipv6_cidr_block": "",
            "ipv6_cidr_block_association_id": "",
            "ipv6_native": false,
            "map_customer_owned_ip_on_launch": false,
            "map_public_ip_on_launch": true,
            "outpost_arn": "",
            "owner_id": "815619730776",
            "private_dns_hostname_type_on_launch": "ip-name",
            "tags": {
              "Name": "public_subnet_1",
              "Terraform": "true"
            },
            "tags_all": {
              "Environment": "default",
              "Name": "public_subnet_1",
              "Owner": "Chedjou",
              "Provisioned": "Terraform",
              "Terraform": "true"
            },
            "timeouts": null,
            "vpc_id": "vpc-063d15b3b873fdb47"
          },
          "sensitive_attributes": [],
          "private": "eyJlMmJmYjczMC1lY2FhLTExZTYtOGY4OC0zNDM2M2JjN2M0YzAiOnsiY3JlYXRlIjo2MDAwMDAwMDAwMDAsImRlbGV0ZSI6MTIwMDAwMDAwMDAwMH0sInNjaGVtYV92ZXJzaW9uIjoiMSJ9",
          "dependencies": [
            "aws_vpc.vpc",
            "data.aws_availability_zones.available",
            "data.aws_region.current"
          ]
        },
        {
          "index_key": "public_subnet_2",
          "schema_version": 1,
          "attributes": {
            "arn": "arn:aws:ec2:us-east-1:815619730776:subnet/subnet-007e28671c5455474",
            "assign_ipv6_address_on_creation": false,
            "availability_zone": "us-east-1c",
            "availability_zone_id": "use1-az4",
            "cidr_block": "10.0.102.0/24",
            "customer_owned_ipv4_pool": "",
            "enable_dns64": false,
            "enable_resource_name_dns_a_record_on_launch": false,
            "enable_resource_name_dns_aaaa_record_on_launch": false,
            "id": "subnet-007e28671c5455474",
            "ipv6_cidr_block": "",
            "ipv6_cidr_block_association_id": "",
            "ipv6_native": false,
            "map_customer_owned_ip_on_launch": false,
            "map_public_ip_on_launch": true,
            "outpost_arn": "",
            "owner_id": "815619730776",
            "private_dns_hostname_type_on_launch": "ip-name",
            "tags": {
              "Name": "public_subnet_2",
              "Terraform": "true"
            },
            "tags_all": {
              "Environment": "default",
              "Name": "public_subnet_2",
              "Owner": "Chedjou",
              "Provisioned": "Terraform",
              "Terraform": "true"
            },
            "timeouts": null,
            "vpc_id": "vpc-063d15b3b873fdb47"
          },
          "sensitive_attributes": [],
          "private": "eyJlMmJmYjczMC1lY2FhLTExZTYtOGY4OC0zNDM2M2JjN2M0YzAiOnsiY3JlYXRlIjo2MDAwMDAwMDAwMDAsImRlbGV0ZSI6MTIwMDAwMDAwMDAwMH0sInNjaGVtYV92ZXJzaW9uIjoiMSJ9",
          "dependencies": [
            "aws_vpc.vpc",
            "data.aws_availability_zones.available",
            "data.aws_region.current"
          ]
        },
        {
          "index_key": "public_subnet_3",
          "schema_version": 1,
          "attributes": {
            "arn": "arn:aws:ec2:us-east-1:815619730776:subnet/subnet-0d46b50382a28d6a6",
            "assign_ipv6_address_on_creation": false,
            "availability_zone": "us-east-1d",
            "availability_zone_id": "use1-az6",
            "cidr_block": "10.0.103.0/24",
            "customer_owned_ipv4_pool": "",
            "enable_dns64": false,
            "enable_resource_name_dns_a_record_on_launch": false,
            "enable_resource_name_dns_aaaa_record_on_launch": false,
            "id": "subnet-0d46b50382a28d6a6",
            "ipv6_cidr_block": "",
            "ipv6_cidr_block_association_id": "",
            "ipv6_native": false,
            "map_customer_owned_ip_on_launch": false,
            "map_public_ip_on_launch": true,
            "outpost_arn": "",
            "owner_id": "815619730776",
            "private_dns_hostname_type_on_launch": "ip-name",
            "tags": {
              "Name": "public_subnet_3",
              "Terraform": "true"
            },
            "tags_all": {
              "Environment": "default",
              "Name": "public_subnet_3",
              "Owner": "Chedjou",
              "Provisioned": "Terraform",
              "Terraform": "true"
            },
            "timeouts": null,
            "vpc_id": "vpc-063d15b3b873fdb47"
          },
          "sensitive_attributes": [],
          "private": "eyJlMmJmYjczMC1lY2FhLTExZTYtOGY4OC0zNDM2M2JjN2M0YzAiOnsiY3JlYXRlIjo2MDAwMDAwMDAwMDAsImRlbGV0ZSI6MTIwMDAwMDAwMDAwMH0sInNjaGVtYV92ZXJzaW9uIjoiMSJ9",
          "dependencies": [
            "aws_vpc.vpc",
            "data.aws_availability_zones.available",
            "data.aws_region.current"
          ]
        }
      ]
    },
    {
      "mode": "managed",
      "type": "aws_subnet",
      "name": "variables-subnet",
      "provider": "provider[\"registry.terraform.io/hashicorp/aws\"]",
      "instances": [
        {
          "schema_version": 1,
          "attributes": {
            "arn": "arn:aws:ec2:us-east-1:815619730776:subnet/subnet-09a197534be443969",
            "assign_ipv6_address_on_creation": false,
            "availability_zone": "us-east-1c",
            "availability_zone_id": "use1-az4",
            "cidr_block": "10.0.201.0/24",
            "customer_owned_ipv4_pool": "",
            "enable_dns64": false,
            "enable_resource_name_dns_a_record_on_launch": false,
            "enable_resource_name_dns_aaaa_record_on_launch": false,
            "id": "subnet-09a197534be443969",
            "ipv6_cidr_block": "",
            "ipv6_cidr_block_association_id": "",
            "ipv6_native": false,
            "map_customer_owned_ip_on_launch": false,
            "map_public_ip_on_launch": true,
            "outpost_arn": "",
            "owner_id": "815619730776",
            "private_dns_hostname_type_on_launch": "ip-name",
            "tags": {
              "Name": "sub-variables-us-east-1c",
              "Terraform": "true"
            },
            "tags_all": {
              "Environment": "default",
              "Name": "sub-variables-us-east-1c",
              "Owner": "Chedjou",
              "Provisioned": "Terraform",
              "Terraform": "true"
            },
            "timeouts": null,
            "vpc_id": "vpc-063d15b3b873fdb47"
          },
          "sensitive_attributes": [],
          "private": "eyJlMmJmYjczMC1lY2FhLTExZTYtOGY4OC0zNDM2M2JjN2M0YzAiOnsiY3JlYXRlIjo2MDAwMDAwMDAwMDAsImRlbGV0ZSI6MTIwMDAwMDAwMDAwMH0sInNjaGVtYV92ZXJzaW9uIjoiMSJ9",
          "dependencies": [
            "aws_vpc.vpc",
            "data.aws_region.current"
          ]
        }
      ]
    },
    {
      "mode": "managed",
      "type": "aws_vpc",
      "name": "vpc",
      "provider": "provider[\"registry.terraform.io/hashicorp/aws\"]",
      "instances": [
        {
          "schema_version": 1,
          "attributes": {
            "arn": "arn:aws:ec2:us-east-1:815619730776:vpc/vpc-063d15b3b873fdb47",
            "assign_generated_ipv6_cidr_block": false,
            "cidr_block": "10.0.0.0/16",
            "default_network_acl_id": "acl-0e7a60e5ade47ca5d",
            "default_route_table_id": "rtb-03c01c6d77058217c",
            "default_security_group_id": "sg-08f594f5f9acb14ff",
            "dhcp_options_id": "dopt-0cf9d7257b76953f7",
            "enable_classiclink": false,
            "enable_classiclink_dns_support": false,
            "enable_dns_hostnames": false,
            "enable_dns_support": true,
            "id": "vpc-063d15b3b873fdb47",
            "instance_tenancy": "default",
            "ipv4_ipam_pool_id": null,
            "ipv4_netmask_length": null,
            "ipv6_association_id": "",
            "ipv6_cidr_block": "",
            "ipv6_cidr_block_network_border_group": "",
            "ipv6_ipam_pool_id": "",
            "ipv6_netmask_length": 0,
            "main_route_table_id": "rtb-03c01c6d77058217c",
            "owner_id": "815619730776",
            "tags": {
              "Environment": "demo_environment",
              "Name": "demo_vpc",
              "Region": "us-east-1",
              "RegionDescription": "US East (N. Virginia)",
              "Terraform": "true"
            },
            "tags_all": {
              "Environment": "demo_environment",
              "Name": "demo_vpc",
              "Owner": "Chedjou",
              "Provisioned": "Terraform",
              "Region": "us-east-1",
              "RegionDescription": "US East (N. Virginia)",
              "Terraform": "true"
            }
          },
          "sensitive_attributes": [],
          "private": "eyJzY2hlbWFfdmVyc2lvbiI6IjEifQ==",
          "dependencies": [
            "data.aws_region.current"
          ],
          "create_before_destroy": true
        }
      ]
    },
    {
      "mode": "managed",
      "type": "local_file",
      "name": "private_key_pem",
      "provider": "provider[\"registry.terraform.io/hashicorp/local\"]",
      "instances": [
        {
          "schema_version": 0,
          "attributes": {
            "content": "-----BEGIN RSA PRIVATE KEY-----\nMIIEpAIBAAKCAQEAo/1JvQMoTs52ldbFgAgC/AY2QVhOhJqGLhNzwiRaFEnL0TlS\nRihHK8zLoGmrQb+NERDjPp00L2Zpns8j+52K7TOx/jjDHKgo0tYEThv0CKl0xnDa\n4j0LwJet+9dUqWhUd4DSJ+bL93/oX23wuDVVJXb1K8d+AuGOHI7ytwrxYDN7XD7F\nBN8GETV15sc1yCoWvcHVaXcPh+SNX845sfDuBv/vPPlsrs0KS2NWU6amSOA1Cpit\nZ7+bw/0hBkArNxZ2oCanhk3KWbjSPBgW3W4pHpw1y4J04VAJKFtN+FkubETvLcdI\ngwCWuRl5uyrR5FXpXhoKHSu0PiUzTqWauGCfvQIDAQABAoIBAAtNeNibMBsGZev7\n6o7hfnsqXnDwijDfiaIBWzglU0QUtgSMo9wMCKO/MMW0osYcUre7Zz44jZE6yMrW\nUg+Uky+4IWt5NBF0kaO+dnt/t7klHNRUkPGI7ZdvnOE/vSkT9MZrzZBMewBrA3QY\nWsAHhP/ZDBrhXBEMxMO5Iod1LJ/JsFVNwLfrVUHlMwrZkmTLrSMXq90fJvYOfXGN\nnR0R5d3lUY0VuIpTWWJrFnkKWe4L1Kx7yqNu1lPs1u4ehTNTMdbY8PH9/U59WPTK\nhSk27VmTwcGKUiXmxO2CA3BpBLnTjMton8vZPFXYmcImbRCm52GdQhGCjcL6oejr\n5ESdJ+0CgYEAx/WURZeOOQQjjd9Fm+oI7R2ZpMggSRZJBV5Ajn4DaceEc6OxYqLh\nwVqrfLSjU/NgjsrXqm/bMnQMEAVt4oPlQmsXQfrKB1YS1jLVR+1UIPXEF6h5DO2Y\nf+G5VaHxS07uno2LR3L+HCm7cmo7QdyVic5I1gfi7WzA02k29thftoMCgYEA0fL8\n5tIGF/ZRRbW/FFIyDjVHeheszYQr2oWouLWZW6424YipB/Jr8/97x+5soAM4bNHV\nzehzIc1afV4jpp5tRRgOGtn0z6AlpcTw2/z2PPOtXbWJZTgSSEEU91mcPzhMeZqo\nEkPPAfOSayJzt00uCYAGfugxTEHBf2BB+DwwfL8CgYAHTq8zd91nsgIGnkEx+HSJ\nDcrenb2oThsvCgm761j+lZ7+ht3lp+QuJ70ampNZbwx5S2pkPSA6kMkcEMa6P22y\nZq176MlXSUr47vSiY0buyWx4HN0HnusyyTH3sipaQTExNCUB4G7u4ouKG928g24n\nkhVRVQpy+MV3NGIg1TlyNwKBgQCHhMBIQeNbDkzxoVpAxLm4wB1uKuAJHLqt6D67\nU8U1D6QvOmZZUdrq+cuthzIoq0t9uoi2y8edVw+FAwIiJ/tCcT+Rh4TljGsgsJoE\ndil/uI78gRS5+FKcvx3Id9hKWo3KpNC+UXTKvq2RaACnnjMMQM5wlnJT1dIP5VNP\n55IowwKBgQCIBjYO3O+UwcV2bT7Ox28RDi4SXFthLFNSmZPGqKH7eK5nOa5KB6kV\n/w7iqhhseImlBvJAYEl+uNFWgYlIU3gn2x3UMvmdOytJdB6GgBQcNL/ATRbRPMAi\n6NwpS1ihgE6tWbD60cy1w/5jm5agPAZXUMjz7cq+uROpA8xYyATm0g==\n-----END RSA PRIVATE KEY-----\n",
            "content_base64": null,
            "content_base64sha256": "+JmcQKpXHj3K/Jo90t/InwFaqeWJhM/Vy0upa0ip5dI=",
            "content_base64sha512": "IHgTYM6KQk3v6kQsNH2MEXvw/iPSRrPUnI6mroFOj0dW4LA/bqLbPZodQh1K3y2K9PbqbimN4kYTEPon9fUtvA==",
            "content_md5": "73758fde48e89e883643fd46e17bd440",
            "content_sha1": "3dab75740b6bc1202a51b270fda870890c2c3e1c",
            "content_sha256": "f8999c40aa571e3dcafc9a3dd2dfc89f015aa9e58984cfd5cb4ba96b48a9e5d2",
            "content_sha512": "20781360ce8a424defea442c347d8c117bf0fe23d246b3d49c8ea6ae814e8f4756e0b03f6ea2db3d9a1d421d4adf2d8af4f6ea6e298de2461310fa27f5f52dbc",
            "directory_permission": "0777",
            "file_permission": "0777",
            "filename": "MyAWSKey.pem",
            "id": "3dab75740b6bc1202a51b270fda870890c2c3e1c",
            "sensitive_content": null,
            "source": null
          },
          "sensitive_attributes": [
            [
              {
                "type": "get_attr",
                "value": "content"
              }
            ]
          ],
          "dependencies": [
            "tls_private_key.generated"
          ]
        }
      ]
    },
    {
      "mode": "managed",
      "type": "random_id",
      "name": "randomness",
      "provider": "provider[\"registry.terraform.io/hashicorp/random\"]",
      "instances": [
        {
          "schema_version": 0,
          "attributes": {
            "b64_std": "pw8+IXowLRMAJBKx62LpgQ==",
            "b64_url": "pw8-IXowLRMAJBKx62LpgQ",
            "byte_length": 16,
            "dec": "222060219910699175058188782602140445057",
            "hex": "a70f3e217a302d13002412b1eb62e981",
            "id": "pw8-IXowLRMAJBKx62LpgQ",
            "keepers": null,
            "prefix": null
          },
          "sensitive_attributes": []
        }
      ]
    },
    {
      "mode": "managed",
      "type": "tls_private_key",
      "name": "generated",
      "provider": "provider[\"registry.terraform.io/hashicorp/tls\"]",
      "instances": [
        {
          "schema_version": 1,
          "attributes": {
            "algorithm": "RSA",
            "ecdsa_curve": "P224",
            "id": "56f02b8efa9fc21ca770066b865c099f1f5a9e68",
            "private_key_openssh": "-----BEGIN OPENSSH PRIVATE KEY-----\nb3BlbnNzaC1rZXktdjEAAAAABG5vbmUAAAAEbm9uZQAAAAAAAAABAAABFwAAAAdz\nc2gtcnNhAAAAAwEAAQAAAQEAo/1JvQMoTs52ldbFgAgC/AY2QVhOhJqGLhNzwiRa\nFEnL0TlSRihHK8zLoGmrQb+NERDjPp00L2Zpns8j+52K7TOx/jjDHKgo0tYEThv0\nCKl0xnDa4j0LwJet+9dUqWhUd4DSJ+bL93/oX23wuDVVJXb1K8d+AuGOHI7ytwrx\nYDN7XD7FBN8GETV15sc1yCoWvcHVaXcPh+SNX845sfDuBv/vPPlsrs0KS2NWU6am\nSOA1CpitZ7+bw/0hBkArNxZ2oCanhk3KWbjSPBgW3W4pHpw1y4J04VAJKFtN+Fku\nbETvLcdIgwCWuRl5uyrR5FXpXhoKHSu0PiUzTqWauGCfvQAAA7g1sWpBNbFqQQAA\nAAdzc2gtcnNhAAABAQCj/Um9AyhOznaV1sWACAL8BjZBWE6EmoYuE3PCJFoUScvR\nOVJGKEcrzMugaatBv40REOM+nTQvZmmezyP7nYrtM7H+OMMcqCjS1gROG/QIqXTG\ncNriPQvAl63711SpaFR3gNIn5sv3f+hfbfC4NVUldvUrx34C4Y4cjvK3CvFgM3tc\nPsUE3wYRNXXmxzXIKha9wdVpdw+H5I1fzjmx8O4G/+88+WyuzQpLY1ZTpqZI4DUK\nmK1nv5vD/SEGQCs3FnagJqeGTcpZuNI8GBbdbikenDXLgnThUAkoW034WS5sRO8t\nx0iDAJa5GXm7KtHkVeleGgodK7Q+JTNOpZq4YJ+9AAAAAwEAAQAAAQALTXjYmzAb\nBmXr++qO4X57Kl5w8Iow34miAVs4JVNEFLYEjKPcDAijvzDFtKLGHFK3u2c+OI2R\nOsjK1lIPlJMvuCFreTQRdJGjvnZ7f7e5JRzUVJDxiO2Xb5zhP70pE/TGa82QTHsA\nawN0GFrAB4T/2Qwa4VwRDMTDuSKHdSyfybBVTcC361VB5TMK2ZJky60jF6vdHyb2\nDn1xjZ0dEeXd5VGNFbiKU1liaxZ5ClnuC9Sse8qjbtZT7NbuHoUzUzHW2PDx/f1O\nfVj0yoUpNu1Zk8HBilIl5sTtggNwaQS504zLaJ/L2TxV2JnCJm0QpudhnUIRgo3C\n+qHo6+REnSftAAAAgQCIBjYO3O+UwcV2bT7Ox28RDi4SXFthLFNSmZPGqKH7eK5n\nOa5KB6kV/w7iqhhseImlBvJAYEl+uNFWgYlIU3gn2x3UMvmdOytJdB6GgBQcNL/A\nTRbRPMAi6NwpS1ihgE6tWbD60cy1w/5jm5agPAZXUMjz7cq+uROpA8xYyATm0gAA\nAIEAx/WURZeOOQQjjd9Fm+oI7R2ZpMggSRZJBV5Ajn4DaceEc6OxYqLhwVqrfLSj\nU/NgjsrXqm/bMnQMEAVt4oPlQmsXQfrKB1YS1jLVR+1UIPXEF6h5DO2Yf+G5VaHx\nS07uno2LR3L+HCm7cmo7QdyVic5I1gfi7WzA02k29thftoMAAACBANHy/ObSBhf2\nUUW1vxRSMg41R3oXrM2EK9qFqLi1mVuuNuGIqQfya/P/e8fubKADOGzR1c3ocyHN\nWn1eI6aebUUYDhrZ9M+gJaXE8Nv89jzzrV21iWU4EkhBFPdZnD84THmaqBJDzwHz\nkmsic7dNLgmABn7oMUxBwX9gQfg8MHy/AAAAAAEC\n-----END OPENSSH PRIVATE KEY-----\n",
            "private_key_pem": "-----BEGIN RSA PRIVATE KEY-----\nMIIEpAIBAAKCAQEAo/1JvQMoTs52ldbFgAgC/AY2QVhOhJqGLhNzwiRaFEnL0TlS\nRihHK8zLoGmrQb+NERDjPp00L2Zpns8j+52K7TOx/jjDHKgo0tYEThv0CKl0xnDa\n4j0LwJet+9dUqWhUd4DSJ+bL93/oX23wuDVVJXb1K8d+AuGOHI7ytwrxYDN7XD7F\nBN8GETV15sc1yCoWvcHVaXcPh+SNX845sfDuBv/vPPlsrs0KS2NWU6amSOA1Cpit\nZ7+bw/0hBkArNxZ2oCanhk3KWbjSPBgW3W4pHpw1y4J04VAJKFtN+FkubETvLcdI\ngwCWuRl5uyrR5FXpXhoKHSu0PiUzTqWauGCfvQIDAQABAoIBAAtNeNibMBsGZev7\n6o7hfnsqXnDwijDfiaIBWzglU0QUtgSMo9wMCKO/MMW0osYcUre7Zz44jZE6yMrW\nUg+Uky+4IWt5NBF0kaO+dnt/t7klHNRUkPGI7ZdvnOE/vSkT9MZrzZBMewBrA3QY\nWsAHhP/ZDBrhXBEMxMO5Iod1LJ/JsFVNwLfrVUHlMwrZkmTLrSMXq90fJvYOfXGN\nnR0R5d3lUY0VuIpTWWJrFnkKWe4L1Kx7yqNu1lPs1u4ehTNTMdbY8PH9/U59WPTK\nhSk27VmTwcGKUiXmxO2CA3BpBLnTjMton8vZPFXYmcImbRCm52GdQhGCjcL6oejr\n5ESdJ+0CgYEAx/WURZeOOQQjjd9Fm+oI7R2ZpMggSRZJBV5Ajn4DaceEc6OxYqLh\nwVqrfLSjU/NgjsrXqm/bMnQMEAVt4oPlQmsXQfrKB1YS1jLVR+1UIPXEF6h5DO2Y\nf+G5VaHxS07uno2LR3L+HCm7cmo7QdyVic5I1gfi7WzA02k29thftoMCgYEA0fL8\n5tIGF/ZRRbW/FFIyDjVHeheszYQr2oWouLWZW6424YipB/Jr8/97x+5soAM4bNHV\nzehzIc1afV4jpp5tRRgOGtn0z6AlpcTw2/z2PPOtXbWJZTgSSEEU91mcPzhMeZqo\nEkPPAfOSayJzt00uCYAGfugxTEHBf2BB+DwwfL8CgYAHTq8zd91nsgIGnkEx+HSJ\nDcrenb2oThsvCgm761j+lZ7+ht3lp+QuJ70ampNZbwx5S2pkPSA6kMkcEMa6P22y\nZq176MlXSUr47vSiY0buyWx4HN0HnusyyTH3sipaQTExNCUB4G7u4ouKG928g24n\nkhVRVQpy+MV3NGIg1TlyNwKBgQCHhMBIQeNbDkzxoVpAxLm4wB1uKuAJHLqt6D67\nU8U1D6QvOmZZUdrq+cuthzIoq0t9uoi2y8edVw+FAwIiJ/tCcT+Rh4TljGsgsJoE\ndil/uI78gRS5+FKcvx3Id9hKWo3KpNC+UXTKvq2RaACnnjMMQM5wlnJT1dIP5VNP\n55IowwKBgQCIBjYO3O+UwcV2bT7Ox28RDi4SXFthLFNSmZPGqKH7eK5nOa5KB6kV\n/w7iqhhseImlBvJAYEl+uNFWgYlIU3gn2x3UMvmdOytJdB6GgBQcNL/ATRbRPMAi\n6NwpS1ihgE6tWbD60cy1w/5jm5agPAZXUMjz7cq+uROpA8xYyATm0g==\n-----END RSA PRIVATE KEY-----\n",
            "private_key_pem_pkcs8": "-----BEGIN PRIVATE KEY-----\nMIIEvgIBADANBgkqhkiG9w0BAQEFAASCBKgwggSkAgEAAoIBAQCj/Um9AyhOznaV\n1sWACAL8BjZBWE6EmoYuE3PCJFoUScvROVJGKEcrzMugaatBv40REOM+nTQvZmme\nzyP7nYrtM7H+OMMcqCjS1gROG/QIqXTGcNriPQvAl63711SpaFR3gNIn5sv3f+hf\nbfC4NVUldvUrx34C4Y4cjvK3CvFgM3tcPsUE3wYRNXXmxzXIKha9wdVpdw+H5I1f\nzjmx8O4G/+88+WyuzQpLY1ZTpqZI4DUKmK1nv5vD/SEGQCs3FnagJqeGTcpZuNI8\nGBbdbikenDXLgnThUAkoW034WS5sRO8tx0iDAJa5GXm7KtHkVeleGgodK7Q+JTNO\npZq4YJ+9AgMBAAECggEAC0142JswGwZl6/vqjuF+eypecPCKMN+JogFbOCVTRBS2\nBIyj3AwIo78wxbSixhxSt7tnPjiNkTrIytZSD5STL7gha3k0EXSRo752e3+3uSUc\n1FSQ8Yjtl2+c4T+9KRP0xmvNkEx7AGsDdBhawAeE/9kMGuFcEQzEw7kih3Usn8mw\nVU3At+tVQeUzCtmSZMutIxer3R8m9g59cY2dHRHl3eVRjRW4ilNZYmsWeQpZ7gvU\nrHvKo27WU+zW7h6FM1Mx1tjw8f39Tn1Y9MqFKTbtWZPBwYpSJebE7YIDcGkEudOM\ny2ify9k8VdiZwiZtEKbnYZ1CEYKNwvqh6OvkRJ0n7QKBgQDH9ZRFl445BCON30Wb\n6gjtHZmkyCBJFkkFXkCOfgNpx4Rzo7FiouHBWqt8tKNT82COyteqb9sydAwQBW3i\ng+VCaxdB+soHVhLWMtVH7VQg9cQXqHkM7Zh/4blVofFLTu6ejYtHcv4cKbtyajtB\n3JWJzkjWB+LtbMDTaTb22F+2gwKBgQDR8vzm0gYX9lFFtb8UUjIONUd6F6zNhCva\nhai4tZlbrjbhiKkH8mvz/3vH7mygAzhs0dXN6HMhzVp9XiOmnm1FGA4a2fTPoCWl\nxPDb/PY8861dtYllOBJIQRT3WZw/OEx5mqgSQ88B85JrInO3TS4JgAZ+6DFMQcF/\nYEH4PDB8vwKBgAdOrzN33WeyAgaeQTH4dIkNyt6dvahOGy8KCbvrWP6Vnv6G3eWn\n5C4nvRqak1lvDHlLamQ9IDqQyRwQxro/bbJmrXvoyVdJSvju9KJjRu7JbHgc3Qee\n6zLJMfeyKlpBMTE0JQHgbu7ii4ob3byDbieSFVFVCnL4xXc0YiDVOXI3AoGBAIeE\nwEhB41sOTPGhWkDEubjAHW4q4Akcuq3oPrtTxTUPpC86ZllR2ur5y62HMiirS326\niLbLx51XD4UDAiIn+0JxP5GHhOWMayCwmgR2KX+4jvyBFLn4Upy/Hch32Epajcqk\n0L5RdMq+rZFoAKeeMwxAznCWclPV0g/lU0/nkijDAoGBAIgGNg7c75TBxXZtPs7H\nbxEOLhJcW2EsU1KZk8aooft4rmc5rkoHqRX/DuKqGGx4iaUG8kBgSX640VaBiUhT\neCfbHdQy+Z07K0l0HoaAFBw0v8BNFtE8wCLo3ClLWKGATq1ZsPrRzLXD/mOblqA8\nBldQyPPtyr65E6kDzFjIBObS\n-----END PRIVATE KEY-----\n",
            "public_key_fingerprint_md5": "ed:27:b7:32:33:72:27:7c:10:b8:bb:c5:5a:f7:7e:46",
            "public_key_fingerprint_sha256": "SHA256:AHnGuHch+mZhEVcyychVKAGY92H9BVgyo2/sNseBuXc",
            "public_key_openssh": "ssh-rsa AAAAB3NzaC1yc2EAAAADAQABAAABAQCj/Um9AyhOznaV1sWACAL8BjZBWE6EmoYuE3PCJFoUScvROVJGKEcrzMugaatBv40REOM+nTQvZmmezyP7nYrtM7H+OMMcqCjS1gROG/QIqXTGcNriPQvAl63711SpaFR3gNIn5sv3f+hfbfC4NVUldvUrx34C4Y4cjvK3CvFgM3tcPsUE3wYRNXXmxzXIKha9wdVpdw+H5I1fzjmx8O4G/+88+WyuzQpLY1ZTpqZI4DUKmK1nv5vD/SEGQCs3FnagJqeGTcpZuNI8GBbdbikenDXLgnThUAkoW034WS5sRO8tx0iDAJa5GXm7KtHkVeleGgodK7Q+JTNOpZq4YJ+9\n",
            "public_key_pem": "-----BEGIN PUBLIC KEY-----\nMIIBIjANBgkqhkiG9w0BAQEFAAOCAQ8AMIIBCgKCAQEAo/1JvQMoTs52ldbFgAgC\n/AY2QVhOhJqGLhNzwiRaFEnL0TlSRihHK8zLoGmrQb+NERDjPp00L2Zpns8j+52K\n7TOx/jjDHKgo0tYEThv0CKl0xnDa4j0LwJet+9dUqWhUd4DSJ+bL93/oX23wuDVV\nJXb1K8d+AuGOHI7ytwrxYDN7XD7FBN8GETV15sc1yCoWvcHVaXcPh+SNX845sfDu\nBv/vPPlsrs0KS2NWU6amSOA1CpitZ7+bw/0hBkArNxZ2oCanhk3KWbjSPBgW3W4p\nHpw1y4J04VAJKFtN+FkubETvLcdIgwCWuRl5uyrR5FXpXhoKHSu0PiUzTqWauGCf\nvQIDAQAB\n-----END PUBLIC KEY-----\n",
            "rsa_bits": 2048
          },
          "sensitive_attributes": []
        }
      ]
    },
    {
      "module": "module.autoscaling",
      "mode": "data",
      "type": "aws_default_tags",
      "name": "current",
      "provider": "provider[\"registry.terraform.io/hashicorp/aws\"]",
      "instances": [
        {
          "schema_version": 0,
          "attributes": {
            "id": "aws",
            "tags": {
              "Environment": "default",
              "Owner": "Chedjou",
              "Provisioned": "Terraform"
            }
          },
          "sensitive_attributes": []
        }
      ]
    },
    {
      "module": "module.autoscaling",
      "mode": "managed",
      "type": "aws_autoscaling_group",
      "name": "this",
      "provider": "provider[\"registry.terraform.io/hashicorp/aws\"]",
      "instances": [
        {
          "index_key": 0,
          "schema_version": 0,
          "attributes": {
            "arn": "arn:aws:autoscaling:us-east-1:815619730776:autoScalingGroup:c1fa3a20-87e4-48d5-8cba-3c2acbc2b2b3:autoScalingGroupName/myasg-from-Terrafrom-20240501152319818800000004",
            "availability_zones": [
              "us-east-1b",
              "us-east-1c",
              "us-east-1d"
            ],
            "capacity_rebalance": false,
            "default_cooldown": 300,
            "desired_capacity": 1,
            "enabled_metrics": [],
            "force_delete": false,
            "force_delete_warm_pool": false,
            "health_check_grace_period": 300,
            "health_check_type": "EC2",
            "id": "myasg-from-Terrafrom-20240501152319818800000004",
            "initial_lifecycle_hook": [],
            "instance_refresh": [],
            "launch_configuration": "",
            "launch_template": [
              {
                "id": "lt-0239f17b78d6ef7cb",
                "name": "myasg-from-Terrafrom-20240501152311015300000001",
                "version": "1"
              }
            ],
            "load_balancers": [],
            "max_instance_lifetime": 0,
            "max_size": 1,
            "metrics_granularity": "1Minute",
            "min_elb_capacity": null,
            "min_size": 0,
            "mixed_instances_policy": [],
            "name": "myasg-from-Terrafrom-20240501152319818800000004",
            "name_prefix": "myasg-from-Terrafrom-",
            "placement_group": "",
            "protect_from_scale_in": false,
            "service_linked_role_arn": "arn:aws:iam::815619730776:role/aws-service-role/autoscaling.amazonaws.com/AWSServiceRoleForAutoScaling",
            "suspended_processes": [],
            "tag": [],
            "tags": [
              {
                "key": "Environment",
                "propagate_at_launch": "true",
                "value": "default"
              },
              {
                "key": "Name",
                "propagate_at_launch": "true",
                "value": "Web EC2 Server 2"
              },
              {
                "key": "Name",
                "propagate_at_launch": "true",
                "value": "myasg-from-Terrafrom"
              },
              {
                "key": "Owner",
                "propagate_at_launch": "true",
                "value": "Chedjou"
              },
              {
                "key": "Provisioned",
                "propagate_at_launch": "true",
                "value": "Terraform"
              }
            ],
            "target_group_arns": [],
            "termination_policies": [],
            "timeouts": {
              "delete": null
            },
            "vpc_zone_identifier": [
              "subnet-02091ebe9566ec4d8",
              "subnet-069d8b98db7c5592f",
              "subnet-0ff410fc767f5d176"
            ],
            "wait_for_capacity_timeout": "10m",
            "wait_for_elb_capacity": null,
            "warm_pool": []
          },
          "sensitive_attributes": [],
          "private": "eyJlMmJmYjczMC1lY2FhLTExZTYtOGY4OC0zNDM2M2JjN2M0YzAiOnsiZGVsZXRlIjo2MDAwMDAwMDAwMDB9fQ==",
          "dependencies": [
            "aws_subnet.private_subnets",
            "aws_vpc.vpc",
            "data.aws_ami.ubuntu_22_04",
            "data.aws_availability_zones.available",
            "data.aws_region.current",
            "module.autoscaling.aws_launch_configuration.this",
            "module.autoscaling.aws_launch_template.this",
            "module.autoscaling.data.aws_default_tags.current"
          ],
          "create_before_destroy": true
        }
      ]
    },
    {
      "module": "module.autoscaling",
      "mode": "managed",
      "type": "aws_launch_template",
      "name": "this",
      "provider": "provider[\"registry.terraform.io/hashicorp/aws\"]",
      "instances": [
        {
          "index_key": 0,
          "schema_version": 0,
          "attributes": {
            "arn": "arn:aws:ec2:us-east-1:815619730776:launch-template/lt-0239f17b78d6ef7cb",
            "block_device_mappings": [],
            "capacity_reservation_specification": [],
            "cpu_options": [],
            "credit_specification": [],
            "default_version": 1,
            "description": "",
            "disable_api_termination": false,
            "ebs_optimized": "",
            "elastic_gpu_specifications": [],
            "elastic_inference_accelerator": [],
            "enclave_options": [],
            "hibernation_options": [],
            "iam_instance_profile": [],
            "id": "lt-0239f17b78d6ef7cb",
            "image_id": "ami-0cfa2ad4242c3168d",
            "instance_initiated_shutdown_behavior": "",
            "instance_market_options": [],
            "instance_type": "t3.micro",
            "kernel_id": "",
            "key_name": "",
            "latest_version": 1,
            "license_specification": [],
            "metadata_options": [],
            "monitoring": [],
            "name": "myasg-from-Terrafrom-20240501152311015300000001",
            "name_prefix": "myasg-from-Terrafrom-",
            "network_interfaces": [],
            "placement": [],
            "ram_disk_id": "",
            "security_group_names": [],
            "tag_specifications": [],
            "tags": {
              "Name": "Web EC2 Server 2"
            },
            "tags_all": {
              "Environment": "default",
              "Name": "Web EC2 Server 2",
              "Owner": "Chedjou",
              "Provisioned": "Terraform"
            },
            "update_default_version": null,
            "user_data": "",
            "vpc_security_group_ids": []
          },
          "sensitive_attributes": [],
          "private": "bnVsbA==",
          "dependencies": [
            "data.aws_ami.ubuntu_22_04"
          ],
          "create_before_destroy": true
        }
      ]
    },
    {
      "module": "module.s3-bucket",
      "mode": "managed",
      "type": "aws_s3_bucket",
      "name": "this",
      "provider": "provider[\"registry.terraform.io/hashicorp/aws\"]",
      "instances": [
        {
          "index_key": 0,
          "schema_version": 0,
          "attributes": {
            "acceleration_status": "",
            "acl": "private",
            "arn": "arn:aws:s3:::terraform-20240501152311015700000003",
            "bucket": "terraform-20240501152311015700000003",
            "bucket_domain_name": "terraform-20240501152311015700000003.s3.amazonaws.com",
            "bucket_prefix": null,
            "bucket_regional_domain_name": "terraform-20240501152311015700000003.s3.amazonaws.com",
            "cors_rule": [],
            "force_destroy": false,
            "grant": [],
            "hosted_zone_id": "Z3AQBSTGFYJSTF",
            "id": "terraform-20240501152311015700000003",
            "lifecycle_rule": [],
            "logging": [],
            "object_lock_configuration": [],
            "object_lock_enabled": false,
            "policy": null,
            "region": "us-east-1",
            "replication_configuration": [],
            "request_payer": "BucketOwner",
            "server_side_encryption_configuration": [
              {
                "rule": [
                  {
                    "apply_server_side_encryption_by_default": [
                      {
                        "kms_master_key_id": "",
                        "sse_algorithm": "AES256"
                      }
                    ],
                    "bucket_key_enabled": false
                  }
                ]
              }
            ],
            "tags": {},
            "tags_all": {
              "Environment": "default",
              "Owner": "Chedjou",
              "Provisioned": "Terraform"
            },
            "versioning": [
              {
                "enabled": false,
                "mfa_delete": false
              }
            ],
            "website": [],
            "website_domain": null,
            "website_endpoint": null
          },
          "sensitive_attributes": [],
          "private": "bnVsbA=="
        }
      ]
    },
    {
      "module": "module.s3-bucket",
      "mode": "managed",
      "type": "aws_s3_bucket_public_access_block",
      "name": "this",
      "provider": "provider[\"registry.terraform.io/hashicorp/aws\"]",
      "instances": [
        {
          "index_key": 0,
          "schema_version": 0,
          "attributes": {
            "block_public_acls": false,
            "block_public_policy": false,
            "bucket": "terraform-20240501152311015700000003",
            "id": "terraform-20240501152311015700000003",
            "ignore_public_acls": false,
            "restrict_public_buckets": false
          },
          "sensitive_attributes": [],
          "private": "bnVsbA==",
          "dependencies": [
            "module.s3-bucket.aws_s3_bucket.this",
            "module.s3-bucket.aws_s3_bucket_policy.this"
          ]
        }
      ]
    },
    {
      "module": "module.server",
      "mode": "managed",
      "type": "aws_instance",
      "name": "web",
      "provider": "provider[\"registry.terraform.io/hashicorp/aws\"]",
      "instances": [
        {
          "schema_version": 1,
          "attributes": {
            "ami": "ami-0cfa2ad4242c3168d",
            "arn": "arn:aws:ec2:us-east-1:815619730776:instance/i-0ca2829a9211a713b",
            "associate_public_ip_address": true,
            "availability_zone": "us-east-1d",
            "capacity_reservation_specification": [
              {
                "capacity_reservation_preference": "open",
                "capacity_reservation_target": []
              }
            ],
            "cpu_core_count": 1,
            "cpu_threads_per_core": 1,
            "credit_specification": [
              {
                "cpu_credits": "standard"
              }
            ],
            "disable_api_termination": false,
            "ebs_block_device": [],
            "ebs_optimized": false,
            "enclave_options": [
              {
                "enabled": false
              }
            ],
            "ephemeral_block_device": [],
            "get_password_data": false,
            "hibernation": false,
            "host_id": null,
            "iam_instance_profile": "",
            "id": "i-0ca2829a9211a713b",
            "instance_initiated_shutdown_behavior": "stop",
            "instance_state": "running",
            "instance_type": "t2.micro",
            "ipv6_address_count": 0,
            "ipv6_addresses": [],
            "key_name": "",
            "launch_template": [],
            "metadata_options": [
              {
                "http_endpoint": "enabled",
                "http_put_response_hop_limit": 1,
                "http_tokens": "optional",
                "instance_metadata_tags": "disabled"
              }
            ],
            "monitoring": false,
            "network_interface": [],
            "outpost_arn": "",
            "password_data": "",
            "placement_group": "",
            "placement_partition_number": null,
            "primary_network_interface_id": "eni-0012be205f54c65d2",
            "private_dns": "ip-10-0-103-104.ec2.internal",
            "private_ip": "10.0.103.104",
            "public_dns": "",
            "public_ip": "3.89.202.5",
            "root_block_device": [
              {
                "delete_on_termination": true,
                "device_name": "/dev/sda1",
                "encrypted": false,
                "iops": 100,
                "kms_key_id": "",
                "tags": {},
                "throughput": 0,
                "volume_id": "vol-04048dba18b175421",
                "volume_size": 8,
                "volume_type": "gp2"
              }
            ],
            "secondary_private_ips": [],
            "security_groups": [],
            "source_dest_check": true,
            "subnet_id": "subnet-0d46b50382a28d6a6",
            "tags": {
              "Environment": "Training",
              "Name": "Server from Server Module"
            },
            "tags_all": {
              "Environment": "Training",
              "Name": "Server from Server Module",
              "Owner": "Chedjou",
              "Provisioned": "Terraform"
            },
            "tenancy": "default",
            "timeouts": null,
            "user_data": null,
            "user_data_base64": null,
            "volume_tags": null,
            "vpc_security_group_ids": [
              "sg-05ea71dbb73565f8f",
              "sg-086b731604e2f254b",
              "sg-0a593602362e3c02d"
            ]
          },
          "sensitive_attributes": [],
          "private": "eyJlMmJmYjczMC1lY2FhLTExZTYtOGY4OC0zNDM2M2JjN2M0YzAiOnsiY3JlYXRlIjo2MDAwMDAwMDAwMDAsImRlbGV0ZSI6MTIwMDAwMDAwMDAwMCwidXBkYXRlIjo2MDAwMDAwMDAwMDB9LCJzY2hlbWFfdmVyc2lvbiI6IjEifQ==",
          "dependencies": [
            "aws_security_group.ingress-ssh",
            "aws_security_group.vpc-ping",
            "aws_security_group.vpc-web",
            "aws_subnet.public_subnets",
            "aws_vpc.vpc",
            "data.aws_ami.ubuntu_22_04",
            "data.aws_availability_zones.available",
            "data.aws_region.current"
          ]
        }
      ]
    },
    {
      "module": "module.server_subnet_1",
      "mode": "managed",
      "type": "aws_instance",
      "name": "web",
      "provider": "provider[\"registry.terraform.io/hashicorp/aws\"]",
      "instances": [
        {
          "schema_version": 1,
          "attributes": {
            "ami": "ami-0cfa2ad4242c3168d",
            "arn": "arn:aws:ec2:us-east-1:815619730776:instance/i-0ad820c1b1aa71e1e",
            "associate_public_ip_address": true,
            "availability_zone": "us-east-1b",
            "capacity_reservation_specification": [
              {
                "capacity_reservation_preference": "open",
                "capacity_reservation_target": []
              }
            ],
            "cpu_core_count": 1,
            "cpu_threads_per_core": 1,
            "credit_specification": [
              {
                "cpu_credits": "standard"
              }
            ],
            "disable_api_termination": false,
            "ebs_block_device": [],
            "ebs_optimized": false,
            "enclave_options": [
              {
                "enabled": false
              }
            ],
            "ephemeral_block_device": [],
            "get_password_data": false,
            "hibernation": false,
            "host_id": null,
            "iam_instance_profile": "",
            "id": "i-0ad820c1b1aa71e1e",
            "instance_initiated_shutdown_behavior": "stop",
            "instance_state": "running",
            "instance_type": "t2.micro",
            "ipv6_address_count": 0,
            "ipv6_addresses": [],
            "key_name": "MyAWSKey",
            "launch_template": [],
            "metadata_options": [
              {
                "http_endpoint": "enabled",
                "http_put_response_hop_limit": 1,
                "http_tokens": "optional",
                "instance_metadata_tags": "disabled"
              }
            ],
            "monitoring": false,
            "network_interface": [],
            "outpost_arn": "",
            "password_data": "",
            "placement_group": "",
            "placement_partition_number": null,
            "primary_network_interface_id": "eni-0ae7446ed4b35ac11",
            "private_dns": "ip-10-0-101-41.ec2.internal",
            "private_ip": "10.0.101.41",
            "public_dns": "",
            "public_ip": "54.89.142.158",
            "root_block_device": [
              {
                "delete_on_termination": true,
                "device_name": "/dev/sda1",
                "encrypted": false,
                "iops": 100,
                "kms_key_id": "",
                "tags": {},
                "throughput": 0,
                "volume_id": "vol-0ecbd85cde6fe9bad",
                "volume_size": 8,
                "volume_type": "gp2"
              }
            ],
            "secondary_private_ips": [],
            "security_groups": [],
            "source_dest_check": true,
            "subnet_id": "subnet-0a39ac0ace84c6876",
            "tags": {
              "Environment": "Training",
              "Name": "Web Server from webserver Module"
            },
            "tags_all": {
              "Environment": "Training",
              "Name": "Web Server from webserver Module",
              "Owner": "Chedjou",
              "Provisioned": "Terraform"
            },
            "tenancy": "default",
            "timeouts": null,
            "user_data": null,
            "user_data_base64": null,
            "volume_tags": null,
            "vpc_security_group_ids": [
              "sg-05ea71dbb73565f8f",
              "sg-086b731604e2f254b",
              "sg-0a593602362e3c02d"
            ]
          },
          "sensitive_attributes": [],
          "private": "eyJlMmJmYjczMC1lY2FhLTExZTYtOGY4OC0zNDM2M2JjN2M0YzAiOnsiY3JlYXRlIjo2MDAwMDAwMDAwMDAsImRlbGV0ZSI6MTIwMDAwMDAwMDAwMCwidXBkYXRlIjo2MDAwMDAwMDAwMDB9LCJzY2hlbWFfdmVyc2lvbiI6IjEifQ==",
          "dependencies": [
            "aws_key_pair.generated",
            "aws_security_group.ingress-ssh",
            "aws_security_group.vpc-ping",
            "aws_security_group.vpc-web",
            "aws_subnet.public_subnets",
            "aws_vpc.vpc",
            "data.aws_ami.ubuntu_22_04",
            "data.aws_availability_zones.available",
            "data.aws_region.current",
            "tls_private_key.generated"
          ]
        }
      ]
    }
  ],
  "check_results": []
}
