{
  "version": 4,
  "terraform_version": "1.3.0",
  "serial": 1291,
  "lineage": "a1b1f60c-cb14-6fd4-43b7-38fd5738bd15",
  "outputs": {
    "hello-world": {
      "value": "Hello World",
      "type": "string"
    },
    "public_url": {
      "value": "https://54.152.81.128:8080/index.html",
      "type": "string"
    },
    "vpc_id": {
      "value": "vpc-061beba57eaa1fb67",
      "type": "string"
    },
    "vpc_information": {
      "value": "Your demo_environment VPC has an ID of vpc-061beba57eaa1fb67",
      "type": "string"
    }
  },
  "resources": [
    {
      "mode": "data",
      "type": "aws_ami",
      "name": "ubuntu_22_04",
      "provider": "provider[\"registry.terraform.io/hashicorp/aws\"]",
      "instances": [
        {
          "schema_version": 0,
          "attributes": {
            "architecture": "x86_64",
            "arn": "arn:aws:ec2:us-east-1::image/ami-0e001c9271cf7f3b9",
            "block_device_mappings": [
              {
                "device_name": "/dev/sda1",
                "ebs": {
                  "delete_on_termination": "true",
                  "encrypted": "false",
                  "iops": "0",
                  "snapshot_id": "snap-0380f0f1767077d42",
                  "throughput": "0",
                  "volume_size": "8",
                  "volume_type": "gp2"
                },
                "no_device": "",
                "virtual_name": ""
              },
              {
                "device_name": "/dev/sdb",
                "ebs": {},
                "no_device": "",
                "virtual_name": "ephemeral0"
              },
              {
                "device_name": "/dev/sdc",
                "ebs": {},
                "no_device": "",
                "virtual_name": "ephemeral1"
              }
            ],
            "creation_date": "2024-04-11T02:44:52.000Z",
            "description": "Canonical, Ubuntu, 22.04 LTS, amd64 jammy image build on 2024-04-11",
            "ena_support": true,
            "executable_users": null,
            "filter": [
              {
                "name": "name",
                "values": [
                  "ubuntu/images/hvm-ssd/ubuntu-jammy-22.04-amd64-server-*"
                ]
              }
            ],
            "hypervisor": "xen",
            "id": "ami-0e001c9271cf7f3b9",
            "image_id": "ami-0e001c9271cf7f3b9",
            "image_location": "amazon/ubuntu/images/hvm-ssd/ubuntu-jammy-22.04-amd64-server-20240411",
            "image_owner_alias": "amazon",
            "image_type": "machine",
            "kernel_id": null,
            "most_recent": true,
            "name": "ubuntu/images/hvm-ssd/ubuntu-jammy-22.04-amd64-server-20240411",
            "name_regex": null,
            "owner_id": "099720109477",
            "owners": [
              "099720109477"
            ],
            "platform": null,
            "platform_details": "Linux/UNIX",
            "product_codes": [],
            "public": true,
            "ramdisk_id": null,
            "root_device_name": "/dev/sda1",
            "root_device_type": "ebs",
            "root_snapshot_id": "snap-0380f0f1767077d42",
            "sriov_net_support": "simple",
            "state": "available",
            "state_reason": {
              "code": "UNSET",
              "message": "UNSET"
            },
            "tags": {},
            "usage_operation": "RunInstances",
            "virtualization_type": "hvm"
          },
          "sensitive_attributes": []
        }
      ]
    },
    {
      "mode": "data",
      "type": "aws_availability_zones",
      "name": "available",
      "provider": "provider[\"registry.terraform.io/hashicorp/aws\"]",
      "instances": [
        {
          "schema_version": 0,
          "attributes": {
            "all_availability_zones": null,
            "exclude_names": null,
            "exclude_zone_ids": null,
            "filter": null,
            "group_names": [
              "us-east-1"
            ],
            "id": "us-east-1",
            "names": [
              "us-east-1a",
              "us-east-1b",
              "us-east-1c",
              "us-east-1d",
              "us-east-1e",
              "us-east-1f"
            ],
            "state": null,
            "zone_ids": [
              "use1-az1",
              "use1-az2",
              "use1-az4",
              "use1-az6",
              "use1-az3",
              "use1-az5"
            ]
          },
          "sensitive_attributes": []
        }
      ]
    },
    {
      "mode": "data",
      "type": "aws_region",
      "name": "current",
      "provider": "provider[\"registry.terraform.io/hashicorp/aws\"]",
      "instances": [
        {
          "schema_version": 0,
          "attributes": {
            "description": "US East (N. Virginia)",
            "endpoint": "ec2.us-east-1.amazonaws.com",
            "id": "us-east-1",
            "name": "us-east-1"
          },
          "sensitive_attributes": []
        }
      ]
    },
    {
      "mode": "managed",
      "type": "aws_eip",
      "name": "nat_gateway_eip",
      "provider": "provider[\"registry.terraform.io/hashicorp/aws\"]",
      "instances": [
        {
          "schema_version": 0,
          "attributes": {
            "address": null,
            "allocation_id": "eipalloc-0535db8b4d6a875c9",
            "associate_with_private_ip": null,
            "association_id": "eipassoc-0666552fa69fbbc97",
            "carrier_ip": "",
            "customer_owned_ip": "",
            "customer_owned_ipv4_pool": "",
            "domain": "vpc",
            "id": "eipalloc-0535db8b4d6a875c9",
            "instance": "",
            "network_border_group": "us-east-1",
            "network_interface": "eni-07f55dbf9fc32926c",
            "private_dns": "ip-10-0-101-203.ec2.internal",
            "private_ip": "10.0.101.203",
            "public_dns": "ec2-34-198-49-161.compute-1.amazonaws.com",
            "public_ip": "34.198.49.161",
            "public_ipv4_pool": "amazon",
            "tags": {
              "Name": "demo_igw_eip"
            },
            "tags_all": {
              "Environment": "default",
              "Name": "demo_igw_eip",
              "Owner": "Chedjou",
              "Provisioned": "Terraform"
            },
            "timeouts": null,
            "vpc": true
          },
          "sensitive_attributes": [],
          "private": "eyJlMmJmYjczMC1lY2FhLTExZTYtOGY4OC0zNDM2M2JjN2M0YzAiOnsiZGVsZXRlIjoxODAwMDAwMDAwMDAsInJlYWQiOjkwMDAwMDAwMDAwMCwidXBkYXRlIjozMDAwMDAwMDAwMDB9fQ==",
          "dependencies": [
            "aws_internet_gateway.internet_gateway",
            "aws_vpc.vpc",
            "data.aws_region.current"
          ]
        }
      ]
    },
    {
      "mode": "managed",
      "type": "aws_instance",
      "name": "ubuntu_server",
      "provider": "provider[\"registry.terraform.io/hashicorp/aws\"]",
      "instances": [
        {
          "schema_version": 1,
          "attributes": {
            "ami": "ami-0e001c9271cf7f3b9",
            "arn": "arn:aws:ec2:us-east-1:815619730776:instance/i-0bd88ebd1afe0d25e",
            "associate_public_ip_address": true,
            "availability_zone": "us-east-1b",
            "capacity_reservation_specification": [
              {
                "capacity_reservation_preference": "open",
                "capacity_reservation_target": []
              }
            ],
            "cpu_core_count": 1,
            "cpu_threads_per_core": 1,
            "credit_specification": [
              {
                "cpu_credits": "standard"
              }
            ],
            "disable_api_termination": false,
            "ebs_block_device": [],
            "ebs_optimized": false,
            "enclave_options": [
              {
                "enabled": false
              }
            ],
            "ephemeral_block_device": [],
            "get_password_data": false,
            "hibernation": false,
            "host_id": null,
            "iam_instance_profile": "",
            "id": "i-0bd88ebd1afe0d25e",
            "instance_initiated_shutdown_behavior": "stop",
            "instance_state": "running",
            "instance_type": "t2.micro",
            "ipv6_address_count": 0,
            "ipv6_addresses": [],
            "key_name": "MyAWSKey",
            "launch_template": [],
            "metadata_options": [
              {
                "http_endpoint": "enabled",
                "http_put_response_hop_limit": 1,
                "http_tokens": "optional",
                "instance_metadata_tags": "disabled"
              }
            ],
            "monitoring": false,
            "network_interface": [],
            "outpost_arn": "",
            "password_data": "",
            "placement_group": "",
            "placement_partition_number": null,
            "primary_network_interface_id": "eni-020e9efbe388bd6b8",
            "private_dns": "ip-10-0-101-110.ec2.internal",
            "private_ip": "10.0.101.110",
            "public_dns": "",
            "public_ip": "54.152.81.128",
            "root_block_device": [
              {
                "delete_on_termination": true,
                "device_name": "/dev/sda1",
                "encrypted": false,
                "iops": 100,
                "kms_key_id": "",
                "tags": {},
                "throughput": 0,
                "volume_id": "vol-0ee59a1da33a0602a",
                "volume_size": 8,
                "volume_type": "gp2"
              }
            ],
            "secondary_private_ips": [],
            "security_groups": [],
            "source_dest_check": true,
            "subnet_id": "subnet-00deecd5b15f8c4bc",
            "tags": {
              "App": "corp_api",
              "Name": "ec2-prod-api-us-east-1c",
              "Owner": "api_mgmt_dev"
            },
            "tags_all": {
              "App": "corp_api",
              "Environment": "default",
              "Name": "ec2-prod-api-us-east-1c",
              "Owner": "api_mgmt_dev",
              "Provisioned": "Terraform"
            },
            "tenancy": "default",
            "timeouts": null,
            "user_data": null,
            "user_data_base64": null,
            "volume_tags": null,
            "vpc_security_group_ids": [
              "sg-063c6f0d612b32d08",
              "sg-07e41d88033a2fdaf",
              "sg-0c0b11cd22e5a2299"
            ]
          },
          "sensitive_attributes": [],
          "private": "eyJlMmJmYjczMC1lY2FhLTExZTYtOGY4OC0zNDM2M2JjN2M0YzAiOnsiY3JlYXRlIjo2MDAwMDAwMDAwMDAsImRlbGV0ZSI6MTIwMDAwMDAwMDAwMCwidXBkYXRlIjo2MDAwMDAwMDAwMDB9LCJzY2hlbWFfdmVyc2lvbiI6IjEifQ==",
          "dependencies": [
            "aws_key_pair.generated",
            "aws_security_group.ingress-ssh",
            "aws_security_group.vpc-ping",
            "aws_security_group.vpc-web",
            "aws_subnet.public_subnets",
            "aws_vpc.vpc",
            "data.aws_ami.ubuntu_22_04",
            "data.aws_availability_zones.available",
            "data.aws_region.current",
            "local_file.private_key_pem",
            "tls_private_key.generated"
          ]
        }
      ]
    },
    {
      "mode": "managed",
      "type": "aws_instance",
      "name": "web_server",
      "provider": "provider[\"registry.terraform.io/hashicorp/aws\"]",
      "instances": [
        {
          "schema_version": 1,
          "attributes": {
            "ami": "ami-0e001c9271cf7f3b9",
            "arn": "arn:aws:ec2:us-east-1:815619730776:instance/i-0af3b34a085038dea",
            "associate_public_ip_address": true,
            "availability_zone": "us-east-1b",
            "capacity_reservation_specification": [
              {
                "capacity_reservation_preference": "open",
                "capacity_reservation_target": []
              }
            ],
            "cpu_core_count": 1,
            "cpu_threads_per_core": 1,
            "credit_specification": [
              {
                "cpu_credits": "standard"
              }
            ],
            "disable_api_termination": false,
            "ebs_block_device": [],
            "ebs_optimized": false,
            "enclave_options": [
              {
                "enabled": false
              }
            ],
            "ephemeral_block_device": [],
            "get_password_data": false,
            "hibernation": false,
            "host_id": null,
            "iam_instance_profile": "",
            "id": "i-0af3b34a085038dea",
            "instance_initiated_shutdown_behavior": "stop",
            "instance_state": "running",
            "instance_type": "t2.micro",
            "ipv6_address_count": 0,
            "ipv6_addresses": [],
            "key_name": "MyAWSKey",
            "launch_template": [],
            "metadata_options": [
              {
                "http_endpoint": "enabled",
                "http_put_response_hop_limit": 1,
                "http_tokens": "optional",
                "instance_metadata_tags": "disabled"
              }
            ],
            "monitoring": false,
            "network_interface": [],
            "outpost_arn": "",
            "password_data": "",
            "placement_group": "",
            "placement_partition_number": null,
            "primary_network_interface_id": "eni-095005910e2da03e3",
            "private_dns": "ip-10-0-101-90.ec2.internal",
            "private_ip": "10.0.101.90",
            "public_dns": "",
            "public_ip": "3.87.162.155",
            "root_block_device": [
              {
                "delete_on_termination": true,
                "device_name": "/dev/sda1",
                "encrypted": false,
                "iops": 100,
                "kms_key_id": "",
                "tags": {},
                "throughput": 0,
                "volume_id": "vol-0188998be2306d9df",
                "volume_size": 8,
                "volume_type": "gp2"
              }
            ],
            "secondary_private_ips": [],
            "security_groups": [],
            "source_dest_check": true,
            "subnet_id": "subnet-00deecd5b15f8c4bc",
            "tags": {
              "Name": "Web EC2 Server"
            },
            "tags_all": {
              "Environment": "default",
              "Name": "Web EC2 Server",
              "Owner": "Chedjou",
              "Provisioned": "Terraform"
            },
            "tenancy": "default",
            "timeouts": null,
            "user_data": null,
            "user_data_base64": null,
            "volume_tags": null,
            "vpc_security_group_ids": [
              "sg-063c6f0d612b32d08",
              "sg-07e41d88033a2fdaf",
              "sg-0c0b11cd22e5a2299"
            ]
          },
          "sensitive_attributes": [],
          "private": "eyJlMmJmYjczMC1lY2FhLTExZTYtOGY4OC0zNDM2M2JjN2M0YzAiOnsiY3JlYXRlIjo2MDAwMDAwMDAwMDAsImRlbGV0ZSI6MTIwMDAwMDAwMDAwMCwidXBkYXRlIjo2MDAwMDAwMDAwMDB9LCJzY2hlbWFfdmVyc2lvbiI6IjEifQ==",
          "dependencies": [
            "aws_key_pair.generated",
            "aws_security_group.ingress-ssh",
            "aws_security_group.vpc-ping",
            "aws_security_group.vpc-web",
            "aws_subnet.public_subnets",
            "aws_vpc.vpc",
            "data.aws_ami.ubuntu_22_04",
            "data.aws_availability_zones.available",
            "data.aws_region.current",
            "local_file.private_key_pem",
            "tls_private_key.generated"
          ]
        }
      ]
    },
    {
      "mode": "managed",
      "type": "aws_internet_gateway",
      "name": "internet_gateway",
      "provider": "provider[\"registry.terraform.io/hashicorp/aws\"]",
      "instances": [
        {
          "schema_version": 0,
          "attributes": {
            "arn": "arn:aws:ec2:us-east-1:815619730776:internet-gateway/igw-0c8c19f9c6c31e1de",
            "id": "igw-0c8c19f9c6c31e1de",
            "owner_id": "815619730776",
            "tags": {
              "Name": "demo_igw"
            },
            "tags_all": {
              "Environment": "default",
              "Name": "demo_igw",
              "Owner": "Chedjou",
              "Provisioned": "Terraform"
            },
            "vpc_id": "vpc-061beba57eaa1fb67"
          },
          "sensitive_attributes": [],
          "private": "bnVsbA==",
          "dependencies": [
            "aws_vpc.vpc",
            "data.aws_region.current"
          ]
        }
      ]
    },
    {
      "mode": "managed",
      "type": "aws_key_pair",
      "name": "generated",
      "provider": "provider[\"registry.terraform.io/hashicorp/aws\"]",
      "instances": [
        {
          "schema_version": 1,
          "attributes": {
            "arn": "arn:aws:ec2:us-east-1:815619730776:key-pair/MyAWSKey",
            "fingerprint": "3f:b0:a7:41:5c:2f:66:d3:0c:81:6f:f3:0c:a4:e0:a1",
            "id": "MyAWSKey",
            "key_name": "MyAWSKey",
            "key_name_prefix": "",
            "key_pair_id": "key-09f5a07a5e33f7bec",
            "public_key": "ssh-rsa AAAAB3NzaC1yc2EAAAADAQABAAABAQCpWRIt7qYDk1ikUMPysywai7XL94tZNHB8soCq4yLVNEEt7PHqjAa17Wjnr+kkmrIWBVV6KfZBa/Iamu3A9MV7xoHHPqIvmKCI/O0zKUYn+wReCinjvKL3zdNWm9hp+tcWLAXjANBw4BGJYfdTfiVjZSBhz9iUIJHTnZ+xi/CJJ518aGv0v/uGZZoij9xeisXJrYbwGP+CeTce3piJQxxRoIen726v/w3xT21X3FleYReh5wjPMW4YcxFXZ6pwFgOWBSadSQbyWF91Bx1vMEUhADaTDBZr0IQ7lMZ+IZwWj7UetW4FCXosl/jUUIYpT4juTOSvpodTpo4xgp6nJI/H",
            "tags": {},
            "tags_all": {
              "Environment": "default",
              "Owner": "Chedjou",
              "Provisioned": "Terraform"
            }
          },
          "sensitive_attributes": [],
          "private": "eyJzY2hlbWFfdmVyc2lvbiI6IjEifQ==",
          "dependencies": [
            "tls_private_key.generated"
          ]
        }
      ]
    },
    {
      "mode": "managed",
      "type": "aws_nat_gateway",
      "name": "nat_gateway",
      "provider": "provider[\"registry.terraform.io/hashicorp/aws\"]",
      "instances": [
        {
          "schema_version": 0,
          "attributes": {
            "allocation_id": "eipalloc-0535db8b4d6a875c9",
            "connectivity_type": "public",
            "id": "nat-0cafe75198148bf9e",
            "network_interface_id": "eni-07f55dbf9fc32926c",
            "private_ip": "10.0.101.203",
            "public_ip": "34.198.49.161",
            "subnet_id": "subnet-00deecd5b15f8c4bc",
            "tags": {
              "Name": "demo_nat_gateway"
            },
            "tags_all": {
              "Environment": "default",
              "Name": "demo_nat_gateway",
              "Owner": "Chedjou",
              "Provisioned": "Terraform"
            }
          },
          "sensitive_attributes": [],
          "private": "bnVsbA==",
          "dependencies": [
            "aws_eip.nat_gateway_eip",
            "aws_internet_gateway.internet_gateway",
            "aws_subnet.public_subnets",
            "aws_vpc.vpc",
            "data.aws_availability_zones.available",
            "data.aws_region.current"
          ]
        }
      ]
    },
    {
      "mode": "managed",
      "type": "aws_route_table",
      "name": "private_route_table",
      "provider": "provider[\"registry.terraform.io/hashicorp/aws\"]",
      "instances": [
        {
          "schema_version": 0,
          "attributes": {
            "arn": "arn:aws:ec2:us-east-1:815619730776:route-table/rtb-00698fa63b47f8a6c",
            "id": "rtb-00698fa63b47f8a6c",
            "owner_id": "815619730776",
            "propagating_vgws": [],
            "route": [
              {
                "carrier_gateway_id": "",
                "cidr_block": "0.0.0.0/0",
                "destination_prefix_list_id": "",
                "egress_only_gateway_id": "",
                "gateway_id": "",
                "instance_id": "",
                "ipv6_cidr_block": "",
                "local_gateway_id": "",
                "nat_gateway_id": "nat-0cafe75198148bf9e",
                "network_interface_id": "",
                "transit_gateway_id": "",
                "vpc_endpoint_id": "",
                "vpc_peering_connection_id": ""
              }
            ],
            "tags": {
              "Name": "demo_private_rtb",
              "Terraform": "true"
            },
            "tags_all": {
              "Environment": "default",
              "Name": "demo_private_rtb",
              "Owner": "Chedjou",
              "Provisioned": "Terraform",
              "Terraform": "true"
            },
            "timeouts": null,
            "vpc_id": "vpc-061beba57eaa1fb67"
          },
          "sensitive_attributes": [],
          "private": "eyJlMmJmYjczMC1lY2FhLTExZTYtOGY4OC0zNDM2M2JjN2M0YzAiOnsiY3JlYXRlIjozMDAwMDAwMDAwMDAsImRlbGV0ZSI6MzAwMDAwMDAwMDAwLCJ1cGRhdGUiOjEyMDAwMDAwMDAwMH19",
          "dependencies": [
            "aws_eip.nat_gateway_eip",
            "aws_internet_gateway.internet_gateway",
            "aws_nat_gateway.nat_gateway",
            "aws_subnet.public_subnets",
            "aws_vpc.vpc",
            "data.aws_availability_zones.available",
            "data.aws_region.current"
          ]
        }
      ]
    },
    {
      "mode": "managed",
      "type": "aws_route_table",
      "name": "public_route_table",
      "provider": "provider[\"registry.terraform.io/hashicorp/aws\"]",
      "instances": [
        {
          "schema_version": 0,
          "attributes": {
            "arn": "arn:aws:ec2:us-east-1:815619730776:route-table/rtb-0308ac980da61d239",
            "id": "rtb-0308ac980da61d239",
            "owner_id": "815619730776",
            "propagating_vgws": [],
            "route": [
              {
                "carrier_gateway_id": "",
                "cidr_block": "0.0.0.0/0",
                "destination_prefix_list_id": "",
                "egress_only_gateway_id": "",
                "gateway_id": "igw-0c8c19f9c6c31e1de",
                "instance_id": "",
                "ipv6_cidr_block": "",
                "local_gateway_id": "",
                "nat_gateway_id": "",
                "network_interface_id": "",
                "transit_gateway_id": "",
                "vpc_endpoint_id": "",
                "vpc_peering_connection_id": ""
              }
            ],
            "tags": {
              "Name": "demo_public_rtb",
              "Terraform": "true"
            },
            "tags_all": {
              "Environment": "default",
              "Name": "demo_public_rtb",
              "Owner": "Chedjou",
              "Provisioned": "Terraform",
              "Terraform": "true"
            },
            "timeouts": null,
            "vpc_id": "vpc-061beba57eaa1fb67"
          },
          "sensitive_attributes": [],
          "private": "eyJlMmJmYjczMC1lY2FhLTExZTYtOGY4OC0zNDM2M2JjN2M0YzAiOnsiY3JlYXRlIjozMDAwMDAwMDAwMDAsImRlbGV0ZSI6MzAwMDAwMDAwMDAwLCJ1cGRhdGUiOjEyMDAwMDAwMDAwMH19",
          "dependencies": [
            "aws_internet_gateway.internet_gateway",
            "aws_vpc.vpc",
            "data.aws_region.current"
          ]
        }
      ]
    },
    {
      "mode": "managed",
      "type": "aws_route_table_association",
      "name": "private",
      "provider": "provider[\"registry.terraform.io/hashicorp/aws\"]",
      "instances": [
        {
          "index_key": "private_subnet_1",
          "schema_version": 0,
          "attributes": {
            "gateway_id": "",
            "id": "rtbassoc-061f211172616ce1a",
            "route_table_id": "rtb-00698fa63b47f8a6c",
            "subnet_id": "subnet-09b360e04052a0818"
          },
          "sensitive_attributes": [],
          "private": "bnVsbA==",
          "dependencies": [
            "aws_eip.nat_gateway_eip",
            "aws_internet_gateway.internet_gateway",
            "aws_nat_gateway.nat_gateway",
            "aws_route_table.private_route_table",
            "aws_subnet.private_subnets",
            "aws_subnet.public_subnets",
            "aws_vpc.vpc",
            "data.aws_availability_zones.available",
            "data.aws_region.current"
          ]
        },
        {
          "index_key": "private_subnet_2",
          "schema_version": 0,
          "attributes": {
            "gateway_id": "",
            "id": "rtbassoc-09b34bd3aa7952974",
            "route_table_id": "rtb-00698fa63b47f8a6c",
            "subnet_id": "subnet-06fe67d9253662d96"
          },
          "sensitive_attributes": [],
          "private": "bnVsbA==",
          "dependencies": [
            "aws_eip.nat_gateway_eip",
            "aws_internet_gateway.internet_gateway",
            "aws_nat_gateway.nat_gateway",
            "aws_route_table.private_route_table",
            "aws_subnet.private_subnets",
            "aws_subnet.public_subnets",
            "aws_vpc.vpc",
            "data.aws_availability_zones.available",
            "data.aws_region.current"
          ]
        },
        {
          "index_key": "private_subnet_3",
          "schema_version": 0,
          "attributes": {
            "gateway_id": "",
            "id": "rtbassoc-06946b39478593e5b",
            "route_table_id": "rtb-00698fa63b47f8a6c",
            "subnet_id": "subnet-0f32aa5fcacf967d3"
          },
          "sensitive_attributes": [],
          "private": "bnVsbA==",
          "dependencies": [
            "aws_eip.nat_gateway_eip",
            "aws_internet_gateway.internet_gateway",
            "aws_nat_gateway.nat_gateway",
            "aws_route_table.private_route_table",
            "aws_subnet.private_subnets",
            "aws_subnet.public_subnets",
            "aws_vpc.vpc",
            "data.aws_availability_zones.available",
            "data.aws_region.current"
          ]
        }
      ]
    },
    {
      "mode": "managed",
      "type": "aws_route_table_association",
      "name": "public",
      "provider": "provider[\"registry.terraform.io/hashicorp/aws\"]",
      "instances": [
        {
          "index_key": "public_subnet_1",
          "schema_version": 0,
          "attributes": {
            "gateway_id": "",
            "id": "rtbassoc-022c86298a5200fd0",
            "route_table_id": "rtb-0308ac980da61d239",
            "subnet_id": "subnet-00deecd5b15f8c4bc"
          },
          "sensitive_attributes": [],
          "private": "bnVsbA==",
          "dependencies": [
            "aws_internet_gateway.internet_gateway",
            "aws_route_table.public_route_table",
            "aws_subnet.public_subnets",
            "aws_vpc.vpc",
            "data.aws_availability_zones.available",
            "data.aws_region.current"
          ]
        },
        {
          "index_key": "public_subnet_2",
          "schema_version": 0,
          "attributes": {
            "gateway_id": "",
            "id": "rtbassoc-04fada01f3fc8e43c",
            "route_table_id": "rtb-0308ac980da61d239",
            "subnet_id": "subnet-015acf6fd6617ed36"
          },
          "sensitive_attributes": [],
          "private": "bnVsbA==",
          "dependencies": [
            "aws_internet_gateway.internet_gateway",
            "aws_route_table.public_route_table",
            "aws_subnet.public_subnets",
            "aws_vpc.vpc",
            "data.aws_availability_zones.available",
            "data.aws_region.current"
          ]
        },
        {
          "index_key": "public_subnet_3",
          "schema_version": 0,
          "attributes": {
            "gateway_id": "",
            "id": "rtbassoc-0ef275b109b599565",
            "route_table_id": "rtb-0308ac980da61d239",
            "subnet_id": "subnet-0da62e028b55c6a2d"
          },
          "sensitive_attributes": [],
          "private": "bnVsbA==",
          "dependencies": [
            "aws_internet_gateway.internet_gateway",
            "aws_route_table.public_route_table",
            "aws_subnet.public_subnets",
            "aws_vpc.vpc",
            "data.aws_availability_zones.available",
            "data.aws_region.current"
          ]
        }
      ]
    },
    {
      "mode": "managed",
      "type": "aws_s3_bucket",
      "name": "my-new-S3-bucket",
      "provider": "provider[\"registry.terraform.io/hashicorp/aws\"]",
      "instances": [
        {
          "schema_version": 0,
          "attributes": {
            "acceleration_status": "",
            "acl": "private",
            "arn": "arn:aws:s3:::my-new-tf-test-bucket-2a37542a3c716e1391c80d0a0c4540dd",
            "bucket": "my-new-tf-test-bucket-2a37542a3c716e1391c80d0a0c4540dd",
            "bucket_domain_name": "my-new-tf-test-bucket-2a37542a3c716e1391c80d0a0c4540dd.s3.amazonaws.com",
            "bucket_prefix": null,
            "bucket_regional_domain_name": "my-new-tf-test-bucket-2a37542a3c716e1391c80d0a0c4540dd.s3.amazonaws.com",
            "cors_rule": [],
            "force_destroy": false,
            "grant": [],
            "hosted_zone_id": "Z3AQBSTGFYJSTF",
            "id": "my-new-tf-test-bucket-2a37542a3c716e1391c80d0a0c4540dd",
            "lifecycle_rule": [],
            "logging": [],
            "object_lock_configuration": [],
            "object_lock_enabled": false,
            "policy": null,
            "region": "us-east-1",
            "replication_configuration": [],
            "request_payer": "BucketOwner",
            "server_side_encryption_configuration": [
              {
                "rule": [
                  {
                    "apply_server_side_encryption_by_default": [
                      {
                        "kms_master_key_id": "",
                        "sse_algorithm": "AES256"
                      }
                    ],
                    "bucket_key_enabled": false
                  }
                ]
              }
            ],
            "tags": {
              "Name": "My S3 Bucket",
              "Purpose": "Intro to Resource Blocks Lab"
            },
            "tags_all": {
              "Environment": "default",
              "Name": "My S3 Bucket",
              "Owner": "Chedjou",
              "Provisioned": "Terraform",
              "Purpose": "Intro to Resource Blocks Lab"
            },
            "versioning": [
              {
                "enabled": false,
                "mfa_delete": false
              }
            ],
            "website": [],
            "website_domain": null,
            "website_endpoint": null
          },
          "sensitive_attributes": [],
          "private": "bnVsbA==",
          "dependencies": [
            "random_id.randomness"
          ]
        }
      ]
    },
    {
      "mode": "managed",
      "type": "aws_s3_bucket_ownership_controls",
      "name": "my_new_bucket_acl",
      "provider": "provider[\"registry.terraform.io/hashicorp/aws\"]",
      "instances": [
        {
          "schema_version": 0,
          "attributes": {
            "bucket": "my-new-tf-test-bucket-2a37542a3c716e1391c80d0a0c4540dd",
            "id": "my-new-tf-test-bucket-2a37542a3c716e1391c80d0a0c4540dd",
            "rule": [
              {
                "object_ownership": "BucketOwnerPreferred"
              }
            ]
          },
          "sensitive_attributes": [],
          "private": "bnVsbA==",
          "dependencies": [
            "aws_s3_bucket.my-new-S3-bucket",
            "random_id.randomness"
          ]
        }
      ]
    },
    {
      "mode": "managed",
      "type": "aws_security_group",
      "name": "ingress-ssh",
      "provider": "provider[\"registry.terraform.io/hashicorp/aws\"]",
      "instances": [
        {
          "schema_version": 1,
          "attributes": {
            "arn": "arn:aws:ec2:us-east-1:815619730776:security-group/sg-063c6f0d612b32d08",
            "description": "Managed by Terraform",
            "egress": [
              {
                "cidr_blocks": [
                  "0.0.0.0/0"
                ],
                "description": "",
                "from_port": 0,
                "ipv6_cidr_blocks": [],
                "prefix_list_ids": [],
                "protocol": "-1",
                "security_groups": [],
                "self": false,
                "to_port": 0
              }
            ],
            "id": "sg-063c6f0d612b32d08",
            "ingress": [
              {
                "cidr_blocks": [
                  "0.0.0.0/0"
                ],
                "description": "",
                "from_port": 22,
                "ipv6_cidr_blocks": [],
                "prefix_list_ids": [],
                "protocol": "tcp",
                "security_groups": [],
                "self": false,
                "to_port": 22
              }
            ],
            "name": "allow-all-ssh-for-terraform-provioners",
            "name_prefix": "",
            "owner_id": "815619730776",
            "revoke_rules_on_delete": false,
            "tags": {},
            "tags_all": {
              "Environment": "default",
              "Owner": "Chedjou",
              "Provisioned": "Terraform"
            },
            "timeouts": null,
            "vpc_id": "vpc-061beba57eaa1fb67"
          },
          "sensitive_attributes": [],
          "private": "eyJlMmJmYjczMC1lY2FhLTExZTYtOGY4OC0zNDM2M2JjN2M0YzAiOnsiY3JlYXRlIjo2MDAwMDAwMDAwMDAsImRlbGV0ZSI6OTAwMDAwMDAwMDAwfSwic2NoZW1hX3ZlcnNpb24iOiIxIn0=",
          "dependencies": [
            "aws_vpc.vpc",
            "data.aws_region.current"
          ]
        }
      ]
    },
    {
      "mode": "managed",
      "type": "aws_security_group",
      "name": "my-new-security-group",
      "provider": "provider[\"registry.terraform.io/hashicorp/aws\"]",
      "instances": [
        {
          "schema_version": 1,
          "attributes": {
            "arn": "arn:aws:ec2:us-east-1:815619730776:security-group/sg-06917545ae3841944",
            "description": "Allow inbound traffic on tcp/443",
            "egress": [],
            "id": "sg-06917545ae3841944",
            "ingress": [
              {
                "cidr_blocks": [
                  "0.0.0.0/0"
                ],
                "description": "Allow 443 from the Internet",
                "from_port": 443,
                "ipv6_cidr_blocks": [],
                "prefix_list_ids": [],
                "protocol": "tcp",
                "security_groups": [],
                "self": false,
                "to_port": 443
              }
            ],
            "name": "web_server_inbound",
            "name_prefix": "",
            "owner_id": "815619730776",
            "revoke_rules_on_delete": false,
            "tags": {
              "Name": "web_server_inbound",
              "Purpose": "Intro to Resource Blocks Lab"
            },
            "tags_all": {
              "Environment": "default",
              "Name": "web_server_inbound",
              "Owner": "Chedjou",
              "Provisioned": "Terraform",
              "Purpose": "Intro to Resource Blocks Lab"
            },
            "timeouts": null,
            "vpc_id": "vpc-061beba57eaa1fb67"
          },
          "sensitive_attributes": [],
          "private": "eyJlMmJmYjczMC1lY2FhLTExZTYtOGY4OC0zNDM2M2JjN2M0YzAiOnsiY3JlYXRlIjo2MDAwMDAwMDAwMDAsImRlbGV0ZSI6OTAwMDAwMDAwMDAwfSwic2NoZW1hX3ZlcnNpb24iOiIxIn0=",
          "dependencies": [
            "aws_vpc.vpc",
            "data.aws_region.current"
          ]
        }
      ]
    },
    {
      "mode": "managed",
      "type": "aws_security_group",
      "name": "vpc-ping",
      "provider": "provider[\"registry.terraform.io/hashicorp/aws\"]",
      "instances": [
        {
          "schema_version": 1,
          "attributes": {
            "arn": "arn:aws:ec2:us-east-1:815619730776:security-group/sg-0c0b11cd22e5a2299",
            "description": "ICMP for Ping Access",
            "egress": [
              {
                "cidr_blocks": [
                  "0.0.0.0/0"
                ],
                "description": "Allow all ip and ports outboun",
                "from_port": 0,
                "ipv6_cidr_blocks": [],
                "prefix_list_ids": [],
                "protocol": "-1",
                "security_groups": [],
                "self": false,
                "to_port": 0
              }
            ],
            "id": "sg-0c0b11cd22e5a2299",
            "ingress": [
              {
                "cidr_blocks": [
                  "0.0.0.0/0"
                ],
                "description": "Allow ICMP Traffic",
                "from_port": -1,
                "ipv6_cidr_blocks": [],
                "prefix_list_ids": [],
                "protocol": "icmp",
                "security_groups": [],
                "self": false,
                "to_port": -1
              }
            ],
            "name": "vpc-ping",
            "name_prefix": "",
            "owner_id": "815619730776",
            "revoke_rules_on_delete": false,
            "tags": {},
            "tags_all": {
              "Environment": "default",
              "Owner": "Chedjou",
              "Provisioned": "Terraform"
            },
            "timeouts": null,
            "vpc_id": "vpc-061beba57eaa1fb67"
          },
          "sensitive_attributes": [],
          "private": "eyJlMmJmYjczMC1lY2FhLTExZTYtOGY4OC0zNDM2M2JjN2M0YzAiOnsiY3JlYXRlIjo2MDAwMDAwMDAwMDAsImRlbGV0ZSI6OTAwMDAwMDAwMDAwfSwic2NoZW1hX3ZlcnNpb24iOiIxIn0=",
          "dependencies": [
            "aws_vpc.vpc",
            "data.aws_region.current"
          ]
        }
      ]
    },
    {
      "mode": "managed",
      "type": "aws_security_group",
      "name": "vpc-web",
      "provider": "provider[\"registry.terraform.io/hashicorp/aws\"]",
      "instances": [
        {
          "schema_version": 1,
          "attributes": {
            "arn": "arn:aws:ec2:us-east-1:815619730776:security-group/sg-07e41d88033a2fdaf",
            "description": "Web Traffic",
            "egress": [
              {
                "cidr_blocks": [
                  "0.0.0.0/0"
                ],
                "description": "Allow all ip and ports outbound",
                "from_port": 0,
                "ipv6_cidr_blocks": [],
                "prefix_list_ids": [],
                "protocol": "-1",
                "security_groups": [],
                "self": false,
                "to_port": 0
              }
            ],
            "id": "sg-07e41d88033a2fdaf",
            "ingress": [
              {
                "cidr_blocks": [
                  "0.0.0.0/0"
                ],
                "description": "Allow Port 443",
                "from_port": 443,
                "ipv6_cidr_blocks": [],
                "prefix_list_ids": [],
                "protocol": "tcp",
                "security_groups": [],
                "self": false,
                "to_port": 443
              },
              {
                "cidr_blocks": [
                  "0.0.0.0/0"
                ],
                "description": "Allow Port 80",
                "from_port": 80,
                "ipv6_cidr_blocks": [],
                "prefix_list_ids": [],
                "protocol": "tcp",
                "security_groups": [],
                "self": false,
                "to_port": 80
              }
            ],
            "name": "vpc-web-default",
            "name_prefix": "",
            "owner_id": "815619730776",
            "revoke_rules_on_delete": false,
            "tags": {},
            "tags_all": {
              "Environment": "default",
              "Owner": "Chedjou",
              "Provisioned": "Terraform"
            },
            "timeouts": null,
            "vpc_id": "vpc-061beba57eaa1fb67"
          },
          "sensitive_attributes": [],
          "private": "eyJlMmJmYjczMC1lY2FhLTExZTYtOGY4OC0zNDM2M2JjN2M0YzAiOnsiY3JlYXRlIjo2MDAwMDAwMDAwMDAsImRlbGV0ZSI6OTAwMDAwMDAwMDAwfSwic2NoZW1hX3ZlcnNpb24iOiIxIn0=",
          "dependencies": [
            "aws_vpc.vpc",
            "data.aws_region.current"
          ]
        }
      ]
    },
    {
      "mode": "managed",
      "type": "aws_subnet",
      "name": "private_subnets",
      "provider": "provider[\"registry.terraform.io/hashicorp/aws\"]",
      "instances": [
        {
          "index_key": "private_subnet_1",
          "schema_version": 1,
          "attributes": {
            "arn": "arn:aws:ec2:us-east-1:815619730776:subnet/subnet-09b360e04052a0818",
            "assign_ipv6_address_on_creation": false,
            "availability_zone": "us-east-1b",
            "availability_zone_id": "use1-az2",
            "cidr_block": "10.0.1.0/24",
            "customer_owned_ipv4_pool": "",
            "enable_dns64": false,
            "enable_resource_name_dns_a_record_on_launch": false,
            "enable_resource_name_dns_aaaa_record_on_launch": false,
            "id": "subnet-09b360e04052a0818",
            "ipv6_cidr_block": "",
            "ipv6_cidr_block_association_id": "",
            "ipv6_native": false,
            "map_customer_owned_ip_on_launch": false,
            "map_public_ip_on_launch": false,
            "outpost_arn": "",
            "owner_id": "815619730776",
            "private_dns_hostname_type_on_launch": "ip-name",
            "tags": {
              "Name": "private_subnet_1",
              "Terraform": "true"
            },
            "tags_all": {
              "Environment": "default",
              "Name": "private_subnet_1",
              "Owner": "Chedjou",
              "Provisioned": "Terraform",
              "Terraform": "true"
            },
            "timeouts": null,
            "vpc_id": "vpc-061beba57eaa1fb67"
          },
          "sensitive_attributes": [],
          "private": "eyJlMmJmYjczMC1lY2FhLTExZTYtOGY4OC0zNDM2M2JjN2M0YzAiOnsiY3JlYXRlIjo2MDAwMDAwMDAwMDAsImRlbGV0ZSI6MTIwMDAwMDAwMDAwMH0sInNjaGVtYV92ZXJzaW9uIjoiMSJ9",
          "dependencies": [
            "aws_vpc.vpc",
            "data.aws_availability_zones.available",
            "data.aws_region.current"
          ]
        },
        {
          "index_key": "private_subnet_2",
          "schema_version": 1,
          "attributes": {
            "arn": "arn:aws:ec2:us-east-1:815619730776:subnet/subnet-06fe67d9253662d96",
            "assign_ipv6_address_on_creation": false,
            "availability_zone": "us-east-1c",
            "availability_zone_id": "use1-az4",
            "cidr_block": "10.0.2.0/24",
            "customer_owned_ipv4_pool": "",
            "enable_dns64": false,
            "enable_resource_name_dns_a_record_on_launch": false,
            "enable_resource_name_dns_aaaa_record_on_launch": false,
            "id": "subnet-06fe67d9253662d96",
            "ipv6_cidr_block": "",
            "ipv6_cidr_block_association_id": "",
            "ipv6_native": false,
            "map_customer_owned_ip_on_launch": false,
            "map_public_ip_on_launch": false,
            "outpost_arn": "",
            "owner_id": "815619730776",
            "private_dns_hostname_type_on_launch": "ip-name",
            "tags": {
              "Name": "private_subnet_2",
              "Terraform": "true"
            },
            "tags_all": {
              "Environment": "default",
              "Name": "private_subnet_2",
              "Owner": "Chedjou",
              "Provisioned": "Terraform",
              "Terraform": "true"
            },
            "timeouts": null,
            "vpc_id": "vpc-061beba57eaa1fb67"
          },
          "sensitive_attributes": [],
          "private": "eyJlMmJmYjczMC1lY2FhLTExZTYtOGY4OC0zNDM2M2JjN2M0YzAiOnsiY3JlYXRlIjo2MDAwMDAwMDAwMDAsImRlbGV0ZSI6MTIwMDAwMDAwMDAwMH0sInNjaGVtYV92ZXJzaW9uIjoiMSJ9",
          "dependencies": [
            "aws_vpc.vpc",
            "data.aws_availability_zones.available",
            "data.aws_region.current"
          ]
        },
        {
          "index_key": "private_subnet_3",
          "schema_version": 1,
          "attributes": {
            "arn": "arn:aws:ec2:us-east-1:815619730776:subnet/subnet-0f32aa5fcacf967d3",
            "assign_ipv6_address_on_creation": false,
            "availability_zone": "us-east-1d",
            "availability_zone_id": "use1-az6",
            "cidr_block": "10.0.3.0/24",
            "customer_owned_ipv4_pool": "",
            "enable_dns64": false,
            "enable_resource_name_dns_a_record_on_launch": false,
            "enable_resource_name_dns_aaaa_record_on_launch": false,
            "id": "subnet-0f32aa5fcacf967d3",
            "ipv6_cidr_block": "",
            "ipv6_cidr_block_association_id": "",
            "ipv6_native": false,
            "map_customer_owned_ip_on_launch": false,
            "map_public_ip_on_launch": false,
            "outpost_arn": "",
            "owner_id": "815619730776",
            "private_dns_hostname_type_on_launch": "ip-name",
            "tags": {
              "Name": "private_subnet_3",
              "Terraform": "true"
            },
            "tags_all": {
              "Environment": "default",
              "Name": "private_subnet_3",
              "Owner": "Chedjou",
              "Provisioned": "Terraform",
              "Terraform": "true"
            },
            "timeouts": null,
            "vpc_id": "vpc-061beba57eaa1fb67"
          },
          "sensitive_attributes": [],
          "private": "eyJlMmJmYjczMC1lY2FhLTExZTYtOGY4OC0zNDM2M2JjN2M0YzAiOnsiY3JlYXRlIjo2MDAwMDAwMDAwMDAsImRlbGV0ZSI6MTIwMDAwMDAwMDAwMH0sInNjaGVtYV92ZXJzaW9uIjoiMSJ9",
          "dependencies": [
            "aws_vpc.vpc",
            "data.aws_availability_zones.available",
            "data.aws_region.current"
          ]
        }
      ]
    },
    {
      "mode": "managed",
      "type": "aws_subnet",
      "name": "public_subnets",
      "provider": "provider[\"registry.terraform.io/hashicorp/aws\"]",
      "instances": [
        {
          "index_key": "public_subnet_1",
          "schema_version": 1,
          "attributes": {
            "arn": "arn:aws:ec2:us-east-1:815619730776:subnet/subnet-00deecd5b15f8c4bc",
            "assign_ipv6_address_on_creation": false,
            "availability_zone": "us-east-1b",
            "availability_zone_id": "use1-az2",
            "cidr_block": "10.0.101.0/24",
            "customer_owned_ipv4_pool": "",
            "enable_dns64": false,
            "enable_resource_name_dns_a_record_on_launch": false,
            "enable_resource_name_dns_aaaa_record_on_launch": false,
            "id": "subnet-00deecd5b15f8c4bc",
            "ipv6_cidr_block": "",
            "ipv6_cidr_block_association_id": "",
            "ipv6_native": false,
            "map_customer_owned_ip_on_launch": false,
            "map_public_ip_on_launch": true,
            "outpost_arn": "",
            "owner_id": "815619730776",
            "private_dns_hostname_type_on_launch": "ip-name",
            "tags": {
              "Name": "public_subnet_1",
              "Terraform": "true"
            },
            "tags_all": {
              "Environment": "default",
              "Name": "public_subnet_1",
              "Owner": "Chedjou",
              "Provisioned": "Terraform",
              "Terraform": "true"
            },
            "timeouts": null,
            "vpc_id": "vpc-061beba57eaa1fb67"
          },
          "sensitive_attributes": [],
          "private": "eyJlMmJmYjczMC1lY2FhLTExZTYtOGY4OC0zNDM2M2JjN2M0YzAiOnsiY3JlYXRlIjo2MDAwMDAwMDAwMDAsImRlbGV0ZSI6MTIwMDAwMDAwMDAwMH0sInNjaGVtYV92ZXJzaW9uIjoiMSJ9",
          "dependencies": [
            "aws_vpc.vpc",
            "data.aws_availability_zones.available",
            "data.aws_region.current"
          ]
        },
        {
          "index_key": "public_subnet_2",
          "schema_version": 1,
          "attributes": {
            "arn": "arn:aws:ec2:us-east-1:815619730776:subnet/subnet-015acf6fd6617ed36",
            "assign_ipv6_address_on_creation": false,
            "availability_zone": "us-east-1c",
            "availability_zone_id": "use1-az4",
            "cidr_block": "10.0.102.0/24",
            "customer_owned_ipv4_pool": "",
            "enable_dns64": false,
            "enable_resource_name_dns_a_record_on_launch": false,
            "enable_resource_name_dns_aaaa_record_on_launch": false,
            "id": "subnet-015acf6fd6617ed36",
            "ipv6_cidr_block": "",
            "ipv6_cidr_block_association_id": "",
            "ipv6_native": false,
            "map_customer_owned_ip_on_launch": false,
            "map_public_ip_on_launch": true,
            "outpost_arn": "",
            "owner_id": "815619730776",
            "private_dns_hostname_type_on_launch": "ip-name",
            "tags": {
              "Name": "public_subnet_2",
              "Terraform": "true"
            },
            "tags_all": {
              "Environment": "default",
              "Name": "public_subnet_2",
              "Owner": "Chedjou",
              "Provisioned": "Terraform",
              "Terraform": "true"
            },
            "timeouts": null,
            "vpc_id": "vpc-061beba57eaa1fb67"
          },
          "sensitive_attributes": [],
          "private": "eyJlMmJmYjczMC1lY2FhLTExZTYtOGY4OC0zNDM2M2JjN2M0YzAiOnsiY3JlYXRlIjo2MDAwMDAwMDAwMDAsImRlbGV0ZSI6MTIwMDAwMDAwMDAwMH0sInNjaGVtYV92ZXJzaW9uIjoiMSJ9",
          "dependencies": [
            "aws_vpc.vpc",
            "data.aws_availability_zones.available",
            "data.aws_region.current"
          ]
        },
        {
          "index_key": "public_subnet_3",
          "schema_version": 1,
          "attributes": {
            "arn": "arn:aws:ec2:us-east-1:815619730776:subnet/subnet-0da62e028b55c6a2d",
            "assign_ipv6_address_on_creation": false,
            "availability_zone": "us-east-1d",
            "availability_zone_id": "use1-az6",
            "cidr_block": "10.0.103.0/24",
            "customer_owned_ipv4_pool": "",
            "enable_dns64": false,
            "enable_resource_name_dns_a_record_on_launch": false,
            "enable_resource_name_dns_aaaa_record_on_launch": false,
            "id": "subnet-0da62e028b55c6a2d",
            "ipv6_cidr_block": "",
            "ipv6_cidr_block_association_id": "",
            "ipv6_native": false,
            "map_customer_owned_ip_on_launch": false,
            "map_public_ip_on_launch": true,
            "outpost_arn": "",
            "owner_id": "815619730776",
            "private_dns_hostname_type_on_launch": "ip-name",
            "tags": {
              "Name": "public_subnet_3",
              "Terraform": "true"
            },
            "tags_all": {
              "Environment": "default",
              "Name": "public_subnet_3",
              "Owner": "Chedjou",
              "Provisioned": "Terraform",
              "Terraform": "true"
            },
            "timeouts": null,
            "vpc_id": "vpc-061beba57eaa1fb67"
          },
          "sensitive_attributes": [],
          "private": "eyJlMmJmYjczMC1lY2FhLTExZTYtOGY4OC0zNDM2M2JjN2M0YzAiOnsiY3JlYXRlIjo2MDAwMDAwMDAwMDAsImRlbGV0ZSI6MTIwMDAwMDAwMDAwMH0sInNjaGVtYV92ZXJzaW9uIjoiMSJ9",
          "dependencies": [
            "aws_vpc.vpc",
            "data.aws_availability_zones.available",
            "data.aws_region.current"
          ]
        }
      ]
    },
    {
      "mode": "managed",
      "type": "aws_subnet",
      "name": "variables-subnet",
      "provider": "provider[\"registry.terraform.io/hashicorp/aws\"]",
      "instances": [
        {
          "schema_version": 1,
          "attributes": {
            "arn": "arn:aws:ec2:us-east-1:815619730776:subnet/subnet-0cd470ed2a2c221e2",
            "assign_ipv6_address_on_creation": false,
            "availability_zone": "us-east-1c",
            "availability_zone_id": "use1-az4",
            "cidr_block": "10.0.201.0/24",
            "customer_owned_ipv4_pool": "",
            "enable_dns64": false,
            "enable_resource_name_dns_a_record_on_launch": false,
            "enable_resource_name_dns_aaaa_record_on_launch": false,
            "id": "subnet-0cd470ed2a2c221e2",
            "ipv6_cidr_block": "",
            "ipv6_cidr_block_association_id": "",
            "ipv6_native": false,
            "map_customer_owned_ip_on_launch": false,
            "map_public_ip_on_launch": true,
            "outpost_arn": "",
            "owner_id": "815619730776",
            "private_dns_hostname_type_on_launch": "ip-name",
            "tags": {
              "Name": "sub-variables-us-east-1c",
              "Terraform": "true"
            },
            "tags_all": {
              "Environment": "default",
              "Name": "sub-variables-us-east-1c",
              "Owner": "Chedjou",
              "Provisioned": "Terraform",
              "Terraform": "true"
            },
            "timeouts": null,
            "vpc_id": "vpc-061beba57eaa1fb67"
          },
          "sensitive_attributes": [],
          "private": "eyJlMmJmYjczMC1lY2FhLTExZTYtOGY4OC0zNDM2M2JjN2M0YzAiOnsiY3JlYXRlIjo2MDAwMDAwMDAwMDAsImRlbGV0ZSI6MTIwMDAwMDAwMDAwMH0sInNjaGVtYV92ZXJzaW9uIjoiMSJ9",
          "dependencies": [
            "aws_vpc.vpc",
            "data.aws_region.current"
          ]
        }
      ]
    },
    {
      "mode": "managed",
      "type": "aws_vpc",
      "name": "vpc",
      "provider": "provider[\"registry.terraform.io/hashicorp/aws\"]",
      "instances": [
        {
          "schema_version": 1,
          "attributes": {
            "arn": "arn:aws:ec2:us-east-1:815619730776:vpc/vpc-061beba57eaa1fb67",
            "assign_generated_ipv6_cidr_block": false,
            "cidr_block": "10.0.0.0/16",
            "default_network_acl_id": "acl-0356ccf7d711dfe11",
            "default_route_table_id": "rtb-0ee299f438c756649",
            "default_security_group_id": "sg-03361a98c149be2c1",
            "dhcp_options_id": "dopt-0cf9d7257b76953f7",
            "enable_classiclink": false,
            "enable_classiclink_dns_support": false,
            "enable_dns_hostnames": false,
            "enable_dns_support": true,
            "id": "vpc-061beba57eaa1fb67",
            "instance_tenancy": "default",
            "ipv4_ipam_pool_id": null,
            "ipv4_netmask_length": null,
            "ipv6_association_id": "",
            "ipv6_cidr_block": "",
            "ipv6_cidr_block_network_border_group": "",
            "ipv6_ipam_pool_id": "",
            "ipv6_netmask_length": 0,
            "main_route_table_id": "rtb-0ee299f438c756649",
            "owner_id": "815619730776",
            "tags": {
              "Environment": "demo_environment",
              "Name": "demo_vpc",
              "Region": "us-east-1",
              "RegionDescription": "US East (N. Virginia)",
              "Terraform": "true"
            },
            "tags_all": {
              "Environment": "demo_environment",
              "Name": "demo_vpc",
              "Owner": "Chedjou",
              "Provisioned": "Terraform",
              "Region": "us-east-1",
              "RegionDescription": "US East (N. Virginia)",
              "Terraform": "true"
            }
          },
          "sensitive_attributes": [],
          "private": "eyJzY2hlbWFfdmVyc2lvbiI6IjEifQ==",
          "dependencies": [
            "data.aws_region.current"
          ]
        }
      ]
    },
    {
      "mode": "managed",
      "type": "local_file",
      "name": "private_key_pem",
      "provider": "provider[\"registry.terraform.io/hashicorp/local\"]",
      "instances": [
        {
          "schema_version": 0,
          "attributes": {
            "content": "-----BEGIN RSA PRIVATE KEY-----\nMIIEogIBAAKCAQEAqVkSLe6mA5NYpFDD8rMsGou1y/eLWTRwfLKAquMi1TRBLezx\n6owGte1o56/pJJqyFgVVein2QWvyGprtwPTFe8aBxz6iL5igiPztMylGJ/sEXgop\n47yi983TVpvYafrXFiwF4wDQcOARiWH3U34lY2UgYc/YlCCR052fsYvwiSedfGhr\n9L/7hmWaIo/cXorFya2G8Bj/gnk3Ht6YiUMcUaCHp+9ur/8N8U9tV9xZXmEXoecI\nzzFuGHMRV2eqcBYDlgUmnUkG8lhfdQcdbzBFIQA2kwwWa9CEO5TGfiGcFo+1HrVu\nBQl6LJf41FCGKU+I7kzkr6aHU6aOMYKepySPxwIDAQABAoIBACohLpSeuk5JadP3\nA8htKpuwBhooC1K16QYcokXhG9lOlqiGOejPzRuVZHO/H5ErqwIvcYRizBCaejCE\nOoG2YyrXx5F5039jyQxLX/dKXVm06PE8Ng+h7ikX22vAeaZj8P5jFVPT8Acktzgm\nVxE+YK7JibTLsGWpdJ3gqMnStpRoDtWX0DUDbcPTCtLoS+awYJQKY53muFFuQu1y\nxtM1TnnkwucrVCQkgZK7pTETfSosVi+RcjW6b/PzmgPDMKdHDuB62NRBovaP+XL3\nU9aD51+QWOMmWpcgnDMKO4ExNcg1fdjQjSZ/NHYY+vLz340y20goEJVVVn8aGE7i\nJyqwGQECgYEA29ANDIKyWPOzwDuhm+0bjLF+6vHI/3Vq0lOZjF/lyCYmhVPDOwbi\nCEtxV5x2rj2+8QqiwbWFvv5bB359XGbr9WLV+Iuq4PxCSfSPEmO8rFg3pHzBBvON\nv1SireTuWmPDUta9fhAnLaneGBtZpBOdJPgphej8ar5lR9K8pZOJPekCgYEAxToy\nFKE6Dv0zwbDeMSJbQxL8Pmgq+OOAIYhalf22PJEsLdrbobTJBckVOvcNg/kKp8kk\nF8HLP9V0BPVZBsY3hmtOb+d/ovGEn6FeD1l2JGlyhLeXuFVqaSWmwD0NNj7OTHN0\ntA3QCdoxcf7S6xyxgO5MLtUkhked3HZ5wZrnYi8CgYBgOT5NGLWcDOrGHxSK3ovt\n1hF6JefYNH1TnzcbZSuAp3q7aMSRBV1TRjtSn/KwKeV5PS+sXpsy1cPhjvSvy3pF\njEOgrvtZy/P0zfMHmNOSGngZMGeLdHi7pgAk4Y+Z0AxEKi7/jXCpI7BOm0JtegyT\nj3MV5L0CuWA6xbzBOsmcaQKBgGMAGF10pNEbVlyWrKHbThY4NHgbD98JS6sJZ/c8\neLqkYJnP70mXlwSZcFe95YHmg+u/MqfeNmkfe3J1ua+F1h9aQ/A2M0KWm20Jsk5g\nKMaUS9DE25rC/Xw0UyTSQIyHMET9+4naGSCo7wL61+L+7zb55zHm+cORtXMR4YJG\ngHkvAoGAFF4KNHobi4kktMuZ0EY0AgQ5MGOdmK7tIl0uco2PaaqflGiU2afL3Cln\nJjh2LN6dDC1pdE/0PyfydhxoWsD6qDcuCijYjSJ1TgkkhGgIvmKe9zMedEiZBQBH\nAMwx68DKG1ilNZZd14EuCKJBIrNO+YFSRSlTndG097jG9tzUlxQ=\n-----END RSA PRIVATE KEY-----\n",
            "content_base64": null,
            "content_base64sha256": "lJQZ/u3Xq06in9GHA5FRG9plzhIn4sinZdkVHL3fj40=",
            "content_base64sha512": "tr06EXzxvYTG5xqujbWkzvPcRsGopQorRspSUtfPIIhbQyhkJKg5FL96xz3kaDJY6sQbqd359HKgmpFcyI2O2w==",
            "content_md5": "a282beaade1cc42cccd8f29da675c2aa",
            "content_sha1": "8c4c13a91145bcd289e00ce9c83c7edaa2caab00",
            "content_sha256": "949419feedd7ab4ea29fd1870391511bda65ce1227e2c8a765d9151cbddf8f8d",
            "content_sha512": "b6bd3a117cf1bd84c6e71aae8db5a4cef3dc46c1a8a50a2b46ca5252d7cf20885b43286424a83914bf7ac73de4683258eac41ba9ddf9f472a09a915cc88d8edb",
            "directory_permission": "0777",
            "file_permission": "0777",
            "filename": "MyAWSKey.pem",
            "id": "8c4c13a91145bcd289e00ce9c83c7edaa2caab00",
            "sensitive_content": null,
            "source": null
          },
          "sensitive_attributes": [
            [
              {
                "type": "get_attr",
                "value": "content"
              }
            ]
          ],
          "dependencies": [
            "tls_private_key.generated"
          ]
        }
      ]
    },
    {
      "mode": "managed",
      "type": "random_id",
      "name": "randomness",
      "provider": "provider[\"registry.terraform.io/hashicorp/random\"]",
      "instances": [
        {
          "schema_version": 0,
          "attributes": {
            "b64_std": "KjdUKjxxbhORyA0KDEVA3Q==",
            "b64_url": "KjdUKjxxbhORyA0KDEVA3Q",
            "byte_length": 16,
            "dec": "56114859218881643549149935077167546589",
            "hex": "2a37542a3c716e1391c80d0a0c4540dd",
            "id": "KjdUKjxxbhORyA0KDEVA3Q",
            "keepers": null,
            "prefix": null
          },
          "sensitive_attributes": []
        }
      ]
    },
    {
      "mode": "managed",
      "type": "tls_private_key",
      "name": "generated",
      "provider": "provider[\"registry.terraform.io/hashicorp/tls\"]",
      "instances": [
        {
          "schema_version": 1,
          "attributes": {
            "algorithm": "RSA",
            "ecdsa_curve": "P224",
            "id": "11383c041a1826a0c724ad178ed69f839b56b548",
            "private_key_openssh": "-----BEGIN OPENSSH PRIVATE KEY-----\nb3BlbnNzaC1rZXktdjEAAAAABG5vbmUAAAAEbm9uZQAAAAAAAAABAAABFwAAAAdz\nc2gtcnNhAAAAAwEAAQAAAQEAqVkSLe6mA5NYpFDD8rMsGou1y/eLWTRwfLKAquMi\n1TRBLezx6owGte1o56/pJJqyFgVVein2QWvyGprtwPTFe8aBxz6iL5igiPztMylG\nJ/sEXgop47yi983TVpvYafrXFiwF4wDQcOARiWH3U34lY2UgYc/YlCCR052fsYvw\niSedfGhr9L/7hmWaIo/cXorFya2G8Bj/gnk3Ht6YiUMcUaCHp+9ur/8N8U9tV9xZ\nXmEXoecIzzFuGHMRV2eqcBYDlgUmnUkG8lhfdQcdbzBFIQA2kwwWa9CEO5TGfiGc\nFo+1HrVuBQl6LJf41FCGKU+I7kzkr6aHU6aOMYKepySPxwAAA7it0xJNrdMSTQAA\nAAdzc2gtcnNhAAABAQCpWRIt7qYDk1ikUMPysywai7XL94tZNHB8soCq4yLVNEEt\n7PHqjAa17Wjnr+kkmrIWBVV6KfZBa/Iamu3A9MV7xoHHPqIvmKCI/O0zKUYn+wRe\nCinjvKL3zdNWm9hp+tcWLAXjANBw4BGJYfdTfiVjZSBhz9iUIJHTnZ+xi/CJJ518\naGv0v/uGZZoij9xeisXJrYbwGP+CeTce3piJQxxRoIen726v/w3xT21X3FleYReh\n5wjPMW4YcxFXZ6pwFgOWBSadSQbyWF91Bx1vMEUhADaTDBZr0IQ7lMZ+IZwWj7Ue\ntW4FCXosl/jUUIYpT4juTOSvpodTpo4xgp6nJI/HAAAAAwEAAQAAAQAqIS6UnrpO\nSWnT9wPIbSqbsAYaKAtStekGHKJF4RvZTpaohjnoz80blWRzvx+RK6sCL3GEYswQ\nmnowhDqBtmMq18eRedN/Y8kMS1/3Sl1ZtOjxPDYPoe4pF9trwHmmY/D+YxVT0/AH\nJLc4JlcRPmCuyYm0y7BlqXSd4KjJ0raUaA7Vl9A1A23D0wrS6EvmsGCUCmOd5rhR\nbkLtcsbTNU555MLnK1QkJIGSu6UxE30qLFYvkXI1um/z85oDwzCnRw7getjUQaL2\nj/ly91PWg+dfkFjjJlqXIJwzCjuBMTXINX3Y0I0mfzR2GPry89+NMttIKBCVVVZ/\nGhhO4icqsBkBAAAAgBReCjR6G4uJJLTLmdBGNAIEOTBjnZiu7SJdLnKNj2mqn5Ro\nlNmny9wpZyY4dizenQwtaXRP9D8n8nYcaFrA+qg3Lgoo2I0idU4JJIRoCL5invcz\nHnRImQUARwDMMevAyhtYpTWWXdeBLgiiQSKzTvmBUkUpU53RtPe4xvbc1JcUAAAA\ngQDb0A0MgrJY87PAO6Gb7RuMsX7q8cj/dWrSU5mMX+XIJiaFU8M7BuIIS3FXnHau\nPb7xCqLBtYW+/lsHfn1cZuv1YtX4i6rg/EJJ9I8SY7ysWDekfMEG842/VKKt5O5a\nY8NS1r1+ECctqd4YG1mkE50k+CmF6PxqvmVH0rylk4k96QAAAIEAxToyFKE6Dv0z\nwbDeMSJbQxL8Pmgq+OOAIYhalf22PJEsLdrbobTJBckVOvcNg/kKp8kkF8HLP9V0\nBPVZBsY3hmtOb+d/ovGEn6FeD1l2JGlyhLeXuFVqaSWmwD0NNj7OTHN0tA3QCdox\ncf7S6xyxgO5MLtUkhked3HZ5wZrnYi8AAAAAAQID\n-----END OPENSSH PRIVATE KEY-----\n",
            "private_key_pem": "-----BEGIN RSA PRIVATE KEY-----\nMIIEogIBAAKCAQEAqVkSLe6mA5NYpFDD8rMsGou1y/eLWTRwfLKAquMi1TRBLezx\n6owGte1o56/pJJqyFgVVein2QWvyGprtwPTFe8aBxz6iL5igiPztMylGJ/sEXgop\n47yi983TVpvYafrXFiwF4wDQcOARiWH3U34lY2UgYc/YlCCR052fsYvwiSedfGhr\n9L/7hmWaIo/cXorFya2G8Bj/gnk3Ht6YiUMcUaCHp+9ur/8N8U9tV9xZXmEXoecI\nzzFuGHMRV2eqcBYDlgUmnUkG8lhfdQcdbzBFIQA2kwwWa9CEO5TGfiGcFo+1HrVu\nBQl6LJf41FCGKU+I7kzkr6aHU6aOMYKepySPxwIDAQABAoIBACohLpSeuk5JadP3\nA8htKpuwBhooC1K16QYcokXhG9lOlqiGOejPzRuVZHO/H5ErqwIvcYRizBCaejCE\nOoG2YyrXx5F5039jyQxLX/dKXVm06PE8Ng+h7ikX22vAeaZj8P5jFVPT8Acktzgm\nVxE+YK7JibTLsGWpdJ3gqMnStpRoDtWX0DUDbcPTCtLoS+awYJQKY53muFFuQu1y\nxtM1TnnkwucrVCQkgZK7pTETfSosVi+RcjW6b/PzmgPDMKdHDuB62NRBovaP+XL3\nU9aD51+QWOMmWpcgnDMKO4ExNcg1fdjQjSZ/NHYY+vLz340y20goEJVVVn8aGE7i\nJyqwGQECgYEA29ANDIKyWPOzwDuhm+0bjLF+6vHI/3Vq0lOZjF/lyCYmhVPDOwbi\nCEtxV5x2rj2+8QqiwbWFvv5bB359XGbr9WLV+Iuq4PxCSfSPEmO8rFg3pHzBBvON\nv1SireTuWmPDUta9fhAnLaneGBtZpBOdJPgphej8ar5lR9K8pZOJPekCgYEAxToy\nFKE6Dv0zwbDeMSJbQxL8Pmgq+OOAIYhalf22PJEsLdrbobTJBckVOvcNg/kKp8kk\nF8HLP9V0BPVZBsY3hmtOb+d/ovGEn6FeD1l2JGlyhLeXuFVqaSWmwD0NNj7OTHN0\ntA3QCdoxcf7S6xyxgO5MLtUkhked3HZ5wZrnYi8CgYBgOT5NGLWcDOrGHxSK3ovt\n1hF6JefYNH1TnzcbZSuAp3q7aMSRBV1TRjtSn/KwKeV5PS+sXpsy1cPhjvSvy3pF\njEOgrvtZy/P0zfMHmNOSGngZMGeLdHi7pgAk4Y+Z0AxEKi7/jXCpI7BOm0JtegyT\nj3MV5L0CuWA6xbzBOsmcaQKBgGMAGF10pNEbVlyWrKHbThY4NHgbD98JS6sJZ/c8\neLqkYJnP70mXlwSZcFe95YHmg+u/MqfeNmkfe3J1ua+F1h9aQ/A2M0KWm20Jsk5g\nKMaUS9DE25rC/Xw0UyTSQIyHMET9+4naGSCo7wL61+L+7zb55zHm+cORtXMR4YJG\ngHkvAoGAFF4KNHobi4kktMuZ0EY0AgQ5MGOdmK7tIl0uco2PaaqflGiU2afL3Cln\nJjh2LN6dDC1pdE/0PyfydhxoWsD6qDcuCijYjSJ1TgkkhGgIvmKe9zMedEiZBQBH\nAMwx68DKG1ilNZZd14EuCKJBIrNO+YFSRSlTndG097jG9tzUlxQ=\n-----END RSA PRIVATE KEY-----\n",
            "private_key_pem_pkcs8": "-----BEGIN PRIVATE KEY-----\nMIIEvAIBADANBgkqhkiG9w0BAQEFAASCBKYwggSiAgEAAoIBAQCpWRIt7qYDk1ik\nUMPysywai7XL94tZNHB8soCq4yLVNEEt7PHqjAa17Wjnr+kkmrIWBVV6KfZBa/Ia\nmu3A9MV7xoHHPqIvmKCI/O0zKUYn+wReCinjvKL3zdNWm9hp+tcWLAXjANBw4BGJ\nYfdTfiVjZSBhz9iUIJHTnZ+xi/CJJ518aGv0v/uGZZoij9xeisXJrYbwGP+CeTce\n3piJQxxRoIen726v/w3xT21X3FleYReh5wjPMW4YcxFXZ6pwFgOWBSadSQbyWF91\nBx1vMEUhADaTDBZr0IQ7lMZ+IZwWj7UetW4FCXosl/jUUIYpT4juTOSvpodTpo4x\ngp6nJI/HAgMBAAECggEAKiEulJ66Tklp0/cDyG0qm7AGGigLUrXpBhyiReEb2U6W\nqIY56M/NG5Vkc78fkSurAi9xhGLMEJp6MIQ6gbZjKtfHkXnTf2PJDEtf90pdWbTo\n8Tw2D6HuKRfba8B5pmPw/mMVU9PwByS3OCZXET5grsmJtMuwZal0neCoydK2lGgO\n1ZfQNQNtw9MK0uhL5rBglApjnea4UW5C7XLG0zVOeeTC5ytUJCSBkrulMRN9KixW\nL5FyNbpv8/OaA8Mwp0cO4HrY1EGi9o/5cvdT1oPnX5BY4yZalyCcMwo7gTE1yDV9\n2NCNJn80dhj68vPfjTLbSCgQlVVWfxoYTuInKrAZAQKBgQDb0A0MgrJY87PAO6Gb\n7RuMsX7q8cj/dWrSU5mMX+XIJiaFU8M7BuIIS3FXnHauPb7xCqLBtYW+/lsHfn1c\nZuv1YtX4i6rg/EJJ9I8SY7ysWDekfMEG842/VKKt5O5aY8NS1r1+ECctqd4YG1mk\nE50k+CmF6PxqvmVH0rylk4k96QKBgQDFOjIUoToO/TPBsN4xIltDEvw+aCr444Ah\niFqV/bY8kSwt2tuhtMkFyRU69w2D+QqnySQXwcs/1XQE9VkGxjeGa05v53+i8YSf\noV4PWXYkaXKEt5e4VWppJabAPQ02Ps5Mc3S0DdAJ2jFx/tLrHLGA7kwu1SSGR53c\ndnnBmudiLwKBgGA5Pk0YtZwM6sYfFIrei+3WEXol59g0fVOfNxtlK4CnertoxJEF\nXVNGO1Kf8rAp5Xk9L6xemzLVw+GO9K/LekWMQ6Cu+1nL8/TN8weY05IaeBkwZ4t0\neLumACThj5nQDEQqLv+NcKkjsE6bQm16DJOPcxXkvQK5YDrFvME6yZxpAoGAYwAY\nXXSk0RtWXJasodtOFjg0eBsP3wlLqwln9zx4uqRgmc/vSZeXBJlwV73lgeaD678y\np942aR97cnW5r4XWH1pD8DYzQpabbQmyTmAoxpRL0MTbmsL9fDRTJNJAjIcwRP37\nidoZIKjvAvrX4v7vNvnnMeb5w5G1cxHhgkaAeS8CgYAUXgo0ehuLiSS0y5nQRjQC\nBDkwY52Yru0iXS5yjY9pqp+UaJTZp8vcKWcmOHYs3p0MLWl0T/Q/J/J2HGhawPqo\nNy4KKNiNInVOCSSEaAi+Yp73Mx50SJkFAEcAzDHrwMobWKU1ll3XgS4IokEis075\ngVJFKVOd0bT3uMb23NSXFA==\n-----END PRIVATE KEY-----\n",
            "public_key_fingerprint_md5": "28:f3:c0:f2:c4:b4:c6:75:23:a0:56:fc:e5:3a:0a:a2",
            "public_key_fingerprint_sha256": "SHA256:QSIZxHSdvur/SUhGl2Mg0YomsGrOdEP6C0jm33V9P3s",
            "public_key_openssh": "ssh-rsa AAAAB3NzaC1yc2EAAAADAQABAAABAQCpWRIt7qYDk1ikUMPysywai7XL94tZNHB8soCq4yLVNEEt7PHqjAa17Wjnr+kkmrIWBVV6KfZBa/Iamu3A9MV7xoHHPqIvmKCI/O0zKUYn+wReCinjvKL3zdNWm9hp+tcWLAXjANBw4BGJYfdTfiVjZSBhz9iUIJHTnZ+xi/CJJ518aGv0v/uGZZoij9xeisXJrYbwGP+CeTce3piJQxxRoIen726v/w3xT21X3FleYReh5wjPMW4YcxFXZ6pwFgOWBSadSQbyWF91Bx1vMEUhADaTDBZr0IQ7lMZ+IZwWj7UetW4FCXosl/jUUIYpT4juTOSvpodTpo4xgp6nJI/H\n",
            "public_key_pem": "-----BEGIN PUBLIC KEY-----\nMIIBIjANBgkqhkiG9w0BAQEFAAOCAQ8AMIIBCgKCAQEAqVkSLe6mA5NYpFDD8rMs\nGou1y/eLWTRwfLKAquMi1TRBLezx6owGte1o56/pJJqyFgVVein2QWvyGprtwPTF\ne8aBxz6iL5igiPztMylGJ/sEXgop47yi983TVpvYafrXFiwF4wDQcOARiWH3U34l\nY2UgYc/YlCCR052fsYvwiSedfGhr9L/7hmWaIo/cXorFya2G8Bj/gnk3Ht6YiUMc\nUaCHp+9ur/8N8U9tV9xZXmEXoecIzzFuGHMRV2eqcBYDlgUmnUkG8lhfdQcdbzBF\nIQA2kwwWa9CEO5TGfiGcFo+1HrVuBQl6LJf41FCGKU+I7kzkr6aHU6aOMYKepySP\nxwIDAQAB\n-----END PUBLIC KEY-----\n",
            "rsa_bits": 2048
          },
          "sensitive_attributes": []
        }
      ]
    },
    {
      "module": "module.server",
      "mode": "managed",
      "type": "aws_instance",
      "name": "web",
      "provider": "provider[\"registry.terraform.io/hashicorp/aws\"]",
      "instances": [
        {
          "schema_version": 1,
          "attributes": {
            "ami": "ami-0e001c9271cf7f3b9",
            "arn": "arn:aws:ec2:us-east-1:815619730776:instance/i-08a103b3963478558",
            "associate_public_ip_address": true,
            "availability_zone": "us-east-1d",
            "capacity_reservation_specification": [
              {
                "capacity_reservation_preference": "open",
                "capacity_reservation_target": []
              }
            ],
            "cpu_core_count": 1,
            "cpu_threads_per_core": 1,
            "credit_specification": [
              {
                "cpu_credits": "standard"
              }
            ],
            "disable_api_termination": false,
            "ebs_block_device": [],
            "ebs_optimized": false,
            "enclave_options": [
              {
                "enabled": false
              }
            ],
            "ephemeral_block_device": [],
            "get_password_data": false,
            "hibernation": false,
            "host_id": null,
            "iam_instance_profile": "",
            "id": "i-08a103b3963478558",
            "instance_initiated_shutdown_behavior": "stop",
            "instance_state": "running",
            "instance_type": "t2.micro",
            "ipv6_address_count": 0,
            "ipv6_addresses": [],
            "key_name": "",
            "launch_template": [],
            "metadata_options": [
              {
                "http_endpoint": "enabled",
                "http_put_response_hop_limit": 1,
                "http_tokens": "optional",
                "instance_metadata_tags": "disabled"
              }
            ],
            "monitoring": false,
            "network_interface": [],
            "outpost_arn": "",
            "password_data": "",
            "placement_group": "",
            "placement_partition_number": null,
            "primary_network_interface_id": "eni-0068dcfc98a85dd5a",
            "private_dns": "ip-10-0-103-250.ec2.internal",
            "private_ip": "10.0.103.250",
            "public_dns": "",
            "public_ip": "34.203.229.67",
            "root_block_device": [
              {
                "delete_on_termination": true,
                "device_name": "/dev/sda1",
                "encrypted": false,
                "iops": 100,
                "kms_key_id": "",
                "tags": {},
                "throughput": 0,
                "volume_id": "vol-0e30f7b50d8a17e41",
                "volume_size": 8,
                "volume_type": "gp2"
              }
            ],
            "secondary_private_ips": [],
            "security_groups": [],
            "source_dest_check": true,
            "subnet_id": "subnet-0da62e028b55c6a2d",
            "tags": {
              "Environment": "Training",
              "Name": "Server from Module"
            },
            "tags_all": {
              "Environment": "Training",
              "Name": "Server from Module",
              "Owner": "Chedjou",
              "Provisioned": "Terraform"
            },
            "tenancy": "default",
            "timeouts": null,
            "user_data": null,
            "user_data_base64": null,
            "volume_tags": null,
            "vpc_security_group_ids": [
              "sg-063c6f0d612b32d08",
              "sg-07e41d88033a2fdaf",
              "sg-0c0b11cd22e5a2299"
            ]
          },
          "sensitive_attributes": [],
          "private": "eyJlMmJmYjczMC1lY2FhLTExZTYtOGY4OC0zNDM2M2JjN2M0YzAiOnsiY3JlYXRlIjo2MDAwMDAwMDAwMDAsImRlbGV0ZSI6MTIwMDAwMDAwMDAwMCwidXBkYXRlIjo2MDAwMDAwMDAwMDB9LCJzY2hlbWFfdmVyc2lvbiI6IjEifQ==",
          "dependencies": [
            "aws_security_group.ingress-ssh",
            "aws_security_group.vpc-ping",
            "aws_security_group.vpc-web",
            "aws_subnet.public_subnets",
            "aws_vpc.vpc",
            "data.aws_ami.ubuntu_22_04",
            "data.aws_availability_zones.available",
            "data.aws_region.current"
          ]
        }
      ]
    },
    {
      "module": "module.server_subnet_1",
      "mode": "managed",
      "type": "aws_instance",
      "name": "web",
      "provider": "provider[\"registry.terraform.io/hashicorp/aws\"]",
      "instances": [
        {
          "schema_version": 1,
          "attributes": {
            "ami": "ami-0e001c9271cf7f3b9",
            "arn": "arn:aws:ec2:us-east-1:815619730776:instance/i-0704e779b6ba72b61",
            "associate_public_ip_address": true,
            "availability_zone": "us-east-1b",
            "capacity_reservation_specification": [
              {
                "capacity_reservation_preference": "open",
                "capacity_reservation_target": []
              }
            ],
            "cpu_core_count": 1,
            "cpu_threads_per_core": 1,
            "credit_specification": [
              {
                "cpu_credits": "standard"
              }
            ],
            "disable_api_termination": false,
            "ebs_block_device": [],
            "ebs_optimized": false,
            "enclave_options": [
              {
                "enabled": false
              }
            ],
            "ephemeral_block_device": [],
            "get_password_data": false,
            "hibernation": false,
            "host_id": null,
            "iam_instance_profile": "",
            "id": "i-0704e779b6ba72b61",
            "instance_initiated_shutdown_behavior": "stop",
            "instance_state": "running",
            "instance_type": "t2.micro",
            "ipv6_address_count": 0,
            "ipv6_addresses": [],
            "key_name": "",
            "launch_template": [],
            "metadata_options": [
              {
                "http_endpoint": "enabled",
                "http_put_response_hop_limit": 1,
                "http_tokens": "optional",
                "instance_metadata_tags": "disabled"
              }
            ],
            "monitoring": false,
            "network_interface": [],
            "outpost_arn": "",
            "password_data": "",
            "placement_group": "",
            "placement_partition_number": null,
            "primary_network_interface_id": "eni-0ff9cd75fe51ab3e0",
            "private_dns": "ip-10-0-101-219.ec2.internal",
            "private_ip": "10.0.101.219",
            "public_dns": "",
            "public_ip": "3.84.131.118",
            "root_block_device": [
              {
                "delete_on_termination": true,
                "device_name": "/dev/sda1",
                "encrypted": false,
                "iops": 100,
                "kms_key_id": "",
                "tags": {},
                "throughput": 0,
                "volume_id": "vol-0199514304ba796bb",
                "volume_size": 8,
                "volume_type": "gp2"
              }
            ],
            "secondary_private_ips": [],
            "security_groups": [],
            "source_dest_check": true,
            "subnet_id": "subnet-00deecd5b15f8c4bc",
            "tags": {
              "Environment": "Training",
              "Name": "Server from Module"
            },
            "tags_all": {
              "Environment": "Training",
              "Name": "Server from Module",
              "Owner": "Chedjou",
              "Provisioned": "Terraform"
            },
            "tenancy": "default",
            "timeouts": null,
            "user_data": null,
            "user_data_base64": null,
            "volume_tags": null,
            "vpc_security_group_ids": [
              "sg-063c6f0d612b32d08",
              "sg-07e41d88033a2fdaf",
              "sg-0c0b11cd22e5a2299"
            ]
          },
          "sensitive_attributes": [],
          "private": "eyJlMmJmYjczMC1lY2FhLTExZTYtOGY4OC0zNDM2M2JjN2M0YzAiOnsiY3JlYXRlIjo2MDAwMDAwMDAwMDAsImRlbGV0ZSI6MTIwMDAwMDAwMDAwMCwidXBkYXRlIjo2MDAwMDAwMDAwMDB9LCJzY2hlbWFfdmVyc2lvbiI6IjEifQ==",
          "dependencies": [
            "aws_security_group.ingress-ssh",
            "aws_security_group.vpc-ping",
            "aws_security_group.vpc-web",
            "aws_subnet.public_subnets",
            "aws_vpc.vpc",
            "data.aws_ami.ubuntu_22_04",
            "data.aws_availability_zones.available",
            "data.aws_region.current"
          ]
        }
      ]
    }
  ],
  "check_results": []
}
